<?xml version="1.0" encoding="UTF-8"?>
<!DOCTYPE plist PUBLIC "-//Apple//DTD PLIST 1.0//EN" "http://www.apple.com/DTDs/PropertyList-1.0.dtd">
<plist version="1.0">
<dict>
	<key>archiveVersion</key>
	<string>1</string>
	<key>classes</key>
	<dict/>
	<key>objectVersion</key>
	<string>46</string>
	<key>objects</key>
	<dict>
		<key>0B11E397CFED8020C8504499</key>
		<dict>
			<key>buildActionMask</key>
			<string>2147483647</string>
			<key>files</key>
			<array/>
			<key>inputPaths</key>
			<array/>
			<key>isa</key>
			<string>PBXShellScriptBuildPhase</string>
			<key>name</key>
			<string>Check Pods Manifest.lock</string>
			<key>outputPaths</key>
			<array/>
			<key>runOnlyForDeploymentPostprocessing</key>
			<string>0</string>
			<key>shellPath</key>
			<string>/bin/sh</string>
			<key>shellScript</key>
			<string>diff "${PODS_ROOT}/../Podfile.lock" "${PODS_ROOT}/Manifest.lock" &gt; /dev/null
if [[ $? != 0 ]] ; then
    cat &lt;&lt; EOM
error: The sandbox is not in sync with the Podfile.lock. Run 'pod install' or update your CocoaPods installation.
EOM
    exit 1
fi
</string>
			<key>showEnvVarsInLog</key>
			<string>0</string>
		</dict>
		<key>1BE2EA36695532361B13B752</key>
		<dict>
			<key>buildActionMask</key>
			<string>2147483647</string>
			<key>files</key>
			<array/>
			<key>inputPaths</key>
			<array/>
			<key>isa</key>
			<string>PBXShellScriptBuildPhase</string>
			<key>name</key>
			<string>Copy Pods Resources</string>
			<key>outputPaths</key>
			<array/>
			<key>runOnlyForDeploymentPostprocessing</key>
			<string>0</string>
			<key>shellPath</key>
			<string>/bin/sh</string>
			<key>shellScript</key>
			<string>"${SRCROOT}/Pods/Target Support Files/Pods/Pods-resources.sh"
</string>
			<key>showEnvVarsInLog</key>
			<string>0</string>
		</dict>
		<key>2869FCA7822D049F9D7F151E</key>
		<dict>
			<key>explicitFileType</key>
			<string>archive.ar</string>
			<key>includeInIndex</key>
			<string>0</string>
			<key>isa</key>
			<string>PBXFileReference</string>
			<key>path</key>
			<string>libPods.a</string>
			<key>sourceTree</key>
			<string>BUILT_PRODUCTS_DIR</string>
		</dict>
		<key>3168F9F84F5E529AC5CA913E</key>
		<dict>
			<key>children</key>
			<array>
				<string>BAEE7E89BC0716F270FF1863</string>
				<string>CB693D5CE0F3598FB002B4EA</string>
			</array>
			<key>isa</key>
			<string>PBXGroup</string>
			<key>name</key>
			<string>Pods</string>
			<key>sourceTree</key>
			<string>&lt;group&gt;</string>
		</dict>
		<key>4B0D1D91D1FDF3DC39A84EAE</key>
		<dict>
			<key>children</key>
			<array>
				<string>2869FCA7822D049F9D7F151E</string>
			</array>
			<key>isa</key>
			<string>PBXGroup</string>
			<key>name</key>
			<string>Frameworks</string>
			<key>sourceTree</key>
			<string>&lt;group&gt;</string>
		</dict>
		<key>4C0E6ED31A0922C9006A22D7</key>
		<dict>
			<key>fileEncoding</key>
			<string>4</string>
			<key>isa</key>
			<string>PBXFileReference</string>
			<key>lastKnownFileType</key>
			<string>file.storyboard</string>
			<key>path</key>
			<string>Main.storyboard</string>
			<key>sourceTree</key>
			<string>&lt;group&gt;</string>
		</dict>
		<key>4C0E6ED41A0922C9006A22D7</key>
		<dict>
			<key>fileRef</key>
			<string>4C0E6ED31A0922C9006A22D7</string>
			<key>isa</key>
			<string>PBXBuildFile</string>
		</dict>
		<key>4C3CF7381A0058BF005D5D95</key>
		<dict>
			<key>fileEncoding</key>
			<string>4</string>
			<key>isa</key>
			<string>PBXFileReference</string>
			<key>lastKnownFileType</key>
			<string>sourcecode.swift</string>
			<key>path</key>
			<string>Utils.swift</string>
			<key>sourceTree</key>
			<string>&lt;group&gt;</string>
		</dict>
		<key>4C3CF7391A0058BF005D5D95</key>
		<dict>
			<key>fileRef</key>
			<string>4C3CF7381A0058BF005D5D95</string>
			<key>isa</key>
			<string>PBXBuildFile</string>
		</dict>
		<key>4C3D162F1A076C85001EBDA7</key>
		<dict>
			<key>fileEncoding</key>
			<string>4</string>
			<key>isa</key>
			<string>PBXFileReference</string>
			<key>lastKnownFileType</key>
			<string>sourcecode.swift</string>
			<key>path</key>
			<string>CalendarDetailViewController.swift</string>
			<key>sourceTree</key>
			<string>&lt;group&gt;</string>
		</dict>
		<key>4C3D16301A076C85001EBDA7</key>
		<dict>
			<key>fileRef</key>
			<string>4C3D162F1A076C85001EBDA7</string>
			<key>isa</key>
			<string>PBXBuildFile</string>
		</dict>
		<key>4C3D16311A076EE6001EBDA7</key>
		<dict>
			<key>isa</key>
			<string>PBXFileReference</string>
			<key>lastKnownFileType</key>
			<string>wrapper.framework</string>
			<key>name</key>
			<string>MapKit.framework</string>
			<key>path</key>
			<string>System/Library/Frameworks/MapKit.framework</string>
			<key>sourceTree</key>
			<string>SDKROOT</string>
		</dict>
		<key>4C3D16321A076EE6001EBDA7</key>
		<dict>
			<key>fileRef</key>
			<string>4C3D16311A076EE6001EBDA7</string>
			<key>isa</key>
			<string>PBXBuildFile</string>
		</dict>
		<key>4C3F8F961A0A776C0066F3F7</key>
		<dict>
			<key>isa</key>
			<string>PBXFileReference</string>
			<key>lastKnownFileType</key>
			<string>image.jpeg</string>
			<key>path</key>
			<string>bg_news.jpg</string>
			<key>sourceTree</key>
			<string>&lt;group&gt;</string>
		</dict>
		<key>4C3F8F971A0A776C0066F3F7</key>
		<dict>
			<key>fileRef</key>
			<string>4C3F8F961A0A776C0066F3F7</string>
			<key>isa</key>
			<string>PBXBuildFile</string>
		</dict>
		<key>4C3F8F981A0A79550066F3F7</key>
		<dict>
			<key>isa</key>
			<string>PBXFileReference</string>
			<key>lastKnownFileType</key>
			<string>image.jpeg</string>
			<key>path</key>
			<string>news1.jpg</string>
			<key>sourceTree</key>
			<string>&lt;group&gt;</string>
		</dict>
		<key>4C3F8F9A1A0A79550066F3F7</key>
		<dict>
			<key>isa</key>
			<string>PBXFileReference</string>
			<key>lastKnownFileType</key>
			<string>image.jpeg</string>
			<key>path</key>
			<string>news3.jpg</string>
			<key>sourceTree</key>
			<string>&lt;group&gt;</string>
		</dict>
		<key>4C3F8F9B1A0A79550066F3F7</key>
		<dict>
			<key>fileRef</key>
			<string>4C3F8F981A0A79550066F3F7</string>
			<key>isa</key>
			<string>PBXBuildFile</string>
		</dict>
		<key>4C3F8F9D1A0A79550066F3F7</key>
		<dict>
			<key>fileRef</key>
			<string>4C3F8F9A1A0A79550066F3F7</string>
			<key>isa</key>
			<string>PBXBuildFile</string>
		</dict>
		<key>4C3F8F9E1A0A79970066F3F7</key>
		<dict>
			<key>isa</key>
			<string>PBXFileReference</string>
			<key>lastKnownFileType</key>
			<string>image.jpeg</string>
			<key>path</key>
			<string>news2.jpg</string>
			<key>sourceTree</key>
			<string>&lt;group&gt;</string>
		</dict>
		<key>4C3F8F9F1A0A79970066F3F7</key>
		<dict>
			<key>fileRef</key>
			<string>4C3F8F9E1A0A79970066F3F7</string>
			<key>isa</key>
			<string>PBXBuildFile</string>
		</dict>
		<key>4C4B9E031A09FFF000F60266</key>
		<dict>
			<key>fileEncoding</key>
			<string>4</string>
			<key>isa</key>
			<string>PBXFileReference</string>
			<key>lastKnownFileType</key>
			<string>sourcecode.swift</string>
			<key>path</key>
			<string>InfoViewController.swift</string>
			<key>sourceTree</key>
			<string>&lt;group&gt;</string>
		</dict>
		<key>4C4B9E041A09FFF000F60266</key>
		<dict>
			<key>fileRef</key>
			<string>4C4B9E031A09FFF000F60266</string>
			<key>isa</key>
			<string>PBXBuildFile</string>
		</dict>
		<key>4C4B9E051A0A001400F60266</key>
		<dict>
			<key>fileEncoding</key>
			<string>4</string>
			<key>isa</key>
			<string>PBXFileReference</string>
			<key>lastKnownFileType</key>
			<string>sourcecode.swift</string>
			<key>path</key>
			<string>InfoMenuViewController.swift</string>
			<key>sourceTree</key>
			<string>&lt;group&gt;</string>
		</dict>
		<key>4C4B9E061A0A001400F60266</key>
		<dict>
			<key>fileRef</key>
			<string>4C4B9E051A0A001400F60266</string>
			<key>isa</key>
			<string>PBXBuildFile</string>
		</dict>
		<key>4C52D1531A0AD92A0060E222</key>
		<dict>
			<key>isa</key>
			<string>PBXFileReference</string>
			<key>lastKnownFileType</key>
			<string>wrapper.framework</string>
			<key>name</key>
			<string>CoreLocation.framework</string>
			<key>path</key>
			<string>System/Library/Frameworks/CoreLocation.framework</string>
			<key>sourceTree</key>
			<string>SDKROOT</string>
		</dict>
		<key>4C52D1541A0AD92A0060E222</key>
		<dict>
			<key>fileRef</key>
			<string>4C52D1531A0AD92A0060E222</string>
			<key>isa</key>
			<string>PBXBuildFile</string>
		</dict>
		<key>4C6B019C19FE997F00EBF821</key>
		<dict>
			<key>fileEncoding</key>
			<string>4</string>
			<key>isa</key>
			<string>PBXFileReference</string>
			<key>lastKnownFileType</key>
			<string>sourcecode.swift</string>
			<key>path</key>
			<string>NewsTableViewCell.swift</string>
			<key>sourceTree</key>
			<string>&lt;group&gt;</string>
		</dict>
		<key>4C6B019D19FE997F00EBF821</key>
		<dict>
			<key>fileRef</key>
			<string>4C6B019C19FE997F00EBF821</string>
			<key>isa</key>
			<string>PBXBuildFile</string>
		</dict>
		<key>4C8A7BE41A1CD305008754F3</key>
		<dict>
			<key>children</key>
			<array>
				<string>4C8A7BE51A1CD305008754F3</string>
				<string>4C8A7BE61A1CD305008754F3</string>
				<string>4C8A7BE71A1CD305008754F3</string>
				<string>4C8A7BE81A1CD305008754F3</string>
				<string>4C8A7BE91A1CD305008754F3</string>
				<string>4C8A7BEA1A1CD305008754F3</string>
				<string>4C8A7BEB1A1CD305008754F3</string>
				<string>4C8A7BEC1A1CD305008754F3</string>
				<string>4C8A7BED1A1CD305008754F3</string>
				<string>4C8A7BEE1A1CD305008754F3</string>
				<string>4C8A7BEF1A1CD305008754F3</string>
				<string>4C8A7BF01A1CD305008754F3</string>
				<string>4C8A7BF11A1CD305008754F3</string>
				<string>4C8A7BF21A1CD305008754F3</string>
				<string>4C8A7BF31A1CD305008754F3</string>
				<string>4C8A7BF41A1CD305008754F3</string>
				<string>4C8A7BF51A1CD305008754F3</string>
				<string>4C8A7BF61A1CD305008754F3</string>
				<string>4C8A7BF71A1CD305008754F3</string>
				<string>4C8A7BF81A1CD305008754F3</string>
				<string>4C8A7BF91A1CD305008754F3</string>
				<string>4C8A7BFA1A1CD305008754F3</string>
				<string>4C8A7BFB1A1CD305008754F3</string>
				<string>4C8A7BFC1A1CD305008754F3</string>
				<string>4C8A7BFD1A1CD305008754F3</string>
				<string>4C8A7BFE1A1CD305008754F3</string>
				<string>4C8A7BFF1A1CD305008754F3</string>
				<string>4C8A7C001A1CD305008754F3</string>
				<string>4C8A7C011A1CD305008754F3</string>
				<string>4C8A7C021A1CD305008754F3</string>
				<string>4C8A7C031A1CD305008754F3</string>
				<string>4C8A7C041A1CD305008754F3</string>
				<string>4C8A7C051A1CD305008754F3</string>
				<string>4C8A7C061A1CD305008754F3</string>
				<string>4C8A7C071A1CD305008754F3</string>
			</array>
			<key>isa</key>
			<string>PBXGroup</string>
			<key>path</key>
			<string>disci_icons</string>
			<key>sourceTree</key>
			<string>&lt;group&gt;</string>
		</dict>
		<key>4C8A7BE51A1CD305008754F3</key>
		<dict>
			<key>isa</key>
			<string>PBXFileReference</string>
			<key>lastKnownFileType</key>
			<string>image.png</string>
			<key>path</key>
			<string>aikido.png</string>
			<key>sourceTree</key>
			<string>&lt;group&gt;</string>
		</dict>
		<key>4C8A7BE61A1CD305008754F3</key>
		<dict>
			<key>isa</key>
			<string>PBXFileReference</string>
			<key>lastKnownFileType</key>
			<string>image.png</string>
			<key>path</key>
			<string>air-sports.png</string>
			<key>sourceTree</key>
			<string>&lt;group&gt;</string>
		</dict>
		<key>4C8A7BE71A1CD305008754F3</key>
		<dict>
			<key>isa</key>
			<string>PBXFileReference</string>
			<key>lastKnownFileType</key>
			<string>image.png</string>
			<key>path</key>
			<string>archery.png</string>
			<key>sourceTree</key>
			<string>&lt;group&gt;</string>
		</dict>
		<key>4C8A7BE81A1CD305008754F3</key>
		<dict>
			<key>isa</key>
			<string>PBXFileReference</string>
			<key>lastKnownFileType</key>
			<string>image.png</string>
			<key>path</key>
			<string>beach-handball.png</string>
			<key>sourceTree</key>
			<string>&lt;group&gt;</string>
		</dict>
		<key>4C8A7BE91A1CD305008754F3</key>
		<dict>
			<key>isa</key>
			<string>PBXFileReference</string>
			<key>lastKnownFileType</key>
			<string>image.png</string>
			<key>path</key>
			<string>billiard-sports.png</string>
			<key>sourceTree</key>
			<string>&lt;group&gt;</string>
		</dict>
		<key>4C8A7BEA1A1CD305008754F3</key>
		<dict>
			<key>isa</key>
			<string>PBXFileReference</string>
			<key>lastKnownFileType</key>
			<string>image.png</string>
			<key>path</key>
			<string>bodybuilding.png</string>
			<key>sourceTree</key>
			<string>&lt;group&gt;</string>
		</dict>
		<key>4C8A7BEB1A1CD305008754F3</key>
		<dict>
			<key>isa</key>
			<string>PBXFileReference</string>
			<key>lastKnownFileType</key>
			<string>image.png</string>
			<key>path</key>
			<string>boules-sports.png</string>
			<key>sourceTree</key>
			<string>&lt;group&gt;</string>
		</dict>
		<key>4C8A7BEC1A1CD305008754F3</key>
		<dict>
			<key>isa</key>
			<string>PBXFileReference</string>
			<key>lastKnownFileType</key>
			<string>image.png</string>
			<key>path</key>
			<string>bowling.png</string>
			<key>sourceTree</key>
			<string>&lt;group&gt;</string>
		</dict>
		<key>4C8A7BED1A1CD305008754F3</key>
		<dict>
			<key>isa</key>
			<string>PBXFileReference</string>
			<key>lastKnownFileType</key>
			<string>image.png</string>
			<key>path</key>
			<string>canoe.png</string>
			<key>sourceTree</key>
			<string>&lt;group&gt;</string>
		</dict>
		<key>4C8A7BEE1A1CD305008754F3</key>
		<dict>
			<key>isa</key>
			<string>PBXFileReference</string>
			<key>lastKnownFileType</key>
			<string>image.png</string>
			<key>path</key>
			<string>Dance Sport.png</string>
			<key>sourceTree</key>
			<string>&lt;group&gt;</string>
		</dict>
		<key>4C8A7BEF1A1CD305008754F3</key>
		<dict>
			<key>isa</key>
			<string>PBXFileReference</string>
			<key>lastKnownFileType</key>
			<string>image.png</string>
			<key>path</key>
			<string>finswimming.png</string>
			<key>sourceTree</key>
			<string>&lt;group&gt;</string>
		</dict>
		<key>4C8A7BF01A1CD305008754F3</key>
		<dict>
			<key>isa</key>
			<string>PBXFileReference</string>
			<key>lastKnownFileType</key>
			<string>image.png</string>
			<key>path</key>
			<string>fistball.png</string>
			<key>sourceTree</key>
			<string>&lt;group&gt;</string>
		</dict>
		<key>4C8A7BF11A1CD305008754F3</key>
		<dict>
			<key>isa</key>
			<string>PBXFileReference</string>
			<key>lastKnownFileType</key>
			<string>image.png</string>
			<key>path</key>
			<string>floorball.png</string>
			<key>sourceTree</key>
			<string>&lt;group&gt;</string>
		</dict>
		<key>4C8A7BF21A1CD305008754F3</key>
		<dict>
			<key>isa</key>
			<string>PBXFileReference</string>
			<key>lastKnownFileType</key>
			<string>image.png</string>
			<key>path</key>
			<string>flying-disc.png</string>
			<key>sourceTree</key>
			<string>&lt;group&gt;</string>
		</dict>
		<key>4C8A7BF31A1CD305008754F3</key>
		<dict>
			<key>isa</key>
			<string>PBXFileReference</string>
			<key>lastKnownFileType</key>
			<string>image.png</string>
			<key>path</key>
			<string>gymnastics.png</string>
			<key>sourceTree</key>
			<string>&lt;group&gt;</string>
		</dict>
		<key>4C8A7BF41A1CD305008754F3</key>
		<dict>
			<key>isa</key>
			<string>PBXFileReference</string>
			<key>lastKnownFileType</key>
			<string>image.png</string>
			<key>path</key>
			<string>ju-jitsu.png</string>
			<key>sourceTree</key>
			<string>&lt;group&gt;</string>
		</dict>
		<key>4C8A7BF51A1CD305008754F3</key>
		<dict>
			<key>isa</key>
			<string>PBXFileReference</string>
			<key>lastKnownFileType</key>
			<string>image.png</string>
			<key>path</key>
			<string>karate.png</string>
			<key>sourceTree</key>
			<string>&lt;group&gt;</string>
		</dict>
		<key>4C8A7BF61A1CD305008754F3</key>
		<dict>
			<key>isa</key>
			<string>PBXFileReference</string>
			<key>lastKnownFileType</key>
			<string>image.png</string>
			<key>path</key>
			<string>kickboxing.png</string>
			<key>sourceTree</key>
			<string>&lt;group&gt;</string>
		</dict>
		<key>4C8A7BF71A1CD305008754F3</key>
		<dict>
			<key>isa</key>
			<string>PBXFileReference</string>
			<key>lastKnownFileType</key>
			<string>image.png</string>
			<key>path</key>
			<string>korfball.png</string>
			<key>sourceTree</key>
			<string>&lt;group&gt;</string>
		</dict>
		<key>4C8A7BF81A1CD305008754F3</key>
		<dict>
			<key>isa</key>
			<string>PBXFileReference</string>
			<key>lastKnownFileType</key>
			<string>image.png</string>
			<key>path</key>
			<string>lacrosse.png</string>
			<key>sourceTree</key>
			<string>&lt;group&gt;</string>
		</dict>
		<key>4C8A7BF91A1CD305008754F3</key>
		<dict>
			<key>isa</key>
			<string>PBXFileReference</string>
			<key>lastKnownFileType</key>
			<string>image.png</string>
			<key>path</key>
			<string>life-saving.png</string>
			<key>sourceTree</key>
			<string>&lt;group&gt;</string>
		</dict>
		<key>4C8A7BFA1A1CD305008754F3</key>
		<dict>
			<key>isa</key>
			<string>PBXFileReference</string>
			<key>lastKnownFileType</key>
			<string>image.png</string>
			<key>path</key>
			<string>muaythai.png</string>
			<key>sourceTree</key>
			<string>&lt;group&gt;</string>
		</dict>
		<key>4C8A7BFB1A1CD305008754F3</key>
		<dict>
			<key>isa</key>
			<string>PBXFileReference</string>
			<key>lastKnownFileType</key>
			<string>image.png</string>
			<key>path</key>
			<string>netball.png</string>
			<key>sourceTree</key>
			<string>&lt;group&gt;</string>
		</dict>
		<key>4C8A7BFC1A1CD305008754F3</key>
		<dict>
			<key>isa</key>
			<string>PBXFileReference</string>
			<key>lastKnownFileType</key>
			<string>image.png</string>
			<key>path</key>
			<string>orienteering.png</string>
			<key>sourceTree</key>
			<string>&lt;group&gt;</string>
		</dict>
		<key>4C8A7BFD1A1CD305008754F3</key>
		<dict>
			<key>isa</key>
			<string>PBXFileReference</string>
			<key>lastKnownFileType</key>
			<string>image.png</string>
			<key>path</key>
			<string>powerlifting.png</string>
			<key>sourceTree</key>
			<string>&lt;group&gt;</string>
		</dict>
		<key>4C8A7BFE1A1CD305008754F3</key>
		<dict>
			<key>isa</key>
			<string>PBXFileReference</string>
			<key>lastKnownFileType</key>
			<string>image.png</string>
			<key>path</key>
			<string>racquetball.png</string>
			<key>sourceTree</key>
			<string>&lt;group&gt;</string>
		</dict>
		<key>4C8A7BFF1A1CD305008754F3</key>
		<dict>
			<key>isa</key>
			<string>PBXFileReference</string>
			<key>lastKnownFileType</key>
			<string>image.png</string>
			<key>path</key>
			<string>roller-sports.png</string>
			<key>sourceTree</key>
			<string>&lt;group&gt;</string>
		</dict>
		<key>4C8A7C001A1CD305008754F3</key>
		<dict>
			<key>isa</key>
			<string>PBXFileReference</string>
			<key>lastKnownFileType</key>
			<string>image.png</string>
			<key>path</key>
			<string>softball.png</string>
			<key>sourceTree</key>
			<string>&lt;group&gt;</string>
		</dict>
		<key>4C8A7C011A1CD305008754F3</key>
		<dict>
			<key>isa</key>
			<string>PBXFileReference</string>
			<key>lastKnownFileType</key>
			<string>image.png</string>
			<key>path</key>
			<string>sport-climbing.png</string>
			<key>sourceTree</key>
			<string>&lt;group&gt;</string>
		</dict>
		<key>4C8A7C021A1CD305008754F3</key>
		<dict>
			<key>isa</key>
			<string>PBXFileReference</string>
			<key>lastKnownFileType</key>
			<string>image.png</string>
			<key>path</key>
			<string>squash.png</string>
			<key>sourceTree</key>
			<string>&lt;group&gt;</string>
		</dict>
		<key>4C8A7C031A1CD305008754F3</key>
		<dict>
			<key>isa</key>
			<string>PBXFileReference</string>
			<key>lastKnownFileType</key>
			<string>image.png</string>
			<key>path</key>
			<string>sumo.png</string>
			<key>sourceTree</key>
			<string>&lt;group&gt;</string>
		</dict>
		<key>4C8A7C041A1CD305008754F3</key>
		<dict>
			<key>isa</key>
			<string>PBXFileReference</string>
			<key>lastKnownFileType</key>
			<string>image.png</string>
			<key>path</key>
			<string>surfing.png</string>
			<key>sourceTree</key>
			<string>&lt;group&gt;</string>
		</dict>
		<key>4C8A7C051A1CD305008754F3</key>
		<dict>
			<key>isa</key>
			<string>PBXFileReference</string>
			<key>lastKnownFileType</key>
			<string>image.png</string>
			<key>path</key>
			<string>tug-of-war.png</string>
			<key>sourceTree</key>
			<string>&lt;group&gt;</string>
		</dict>
		<key>4C8A7C061A1CD305008754F3</key>
		<dict>
			<key>isa</key>
			<string>PBXFileReference</string>
			<key>lastKnownFileType</key>
			<string>image.png</string>
			<key>path</key>
			<string>waterski-&amp;-wakeboard.png</string>
			<key>sourceTree</key>
			<string>&lt;group&gt;</string>
		</dict>
		<key>4C8A7C071A1CD305008754F3</key>
		<dict>
			<key>isa</key>
			<string>PBXFileReference</string>
			<key>lastKnownFileType</key>
			<string>image.png</string>
			<key>path</key>
			<string>wushu.png</string>
			<key>sourceTree</key>
			<string>&lt;group&gt;</string>
		</dict>
		<key>4C8A7C081A1CD305008754F3</key>
		<dict>
			<key>fileRef</key>
			<string>4C8A7BE51A1CD305008754F3</string>
			<key>isa</key>
			<string>PBXBuildFile</string>
		</dict>
		<key>4C8A7C091A1CD305008754F3</key>
		<dict>
			<key>fileRef</key>
			<string>4C8A7BE61A1CD305008754F3</string>
			<key>isa</key>
			<string>PBXBuildFile</string>
		</dict>
		<key>4C8A7C0A1A1CD305008754F3</key>
		<dict>
			<key>fileRef</key>
			<string>4C8A7BE71A1CD305008754F3</string>
			<key>isa</key>
			<string>PBXBuildFile</string>
		</dict>
		<key>4C8A7C0B1A1CD305008754F3</key>
		<dict>
			<key>fileRef</key>
			<string>4C8A7BE81A1CD305008754F3</string>
			<key>isa</key>
			<string>PBXBuildFile</string>
		</dict>
		<key>4C8A7C0C1A1CD305008754F3</key>
		<dict>
			<key>fileRef</key>
			<string>4C8A7BE91A1CD305008754F3</string>
			<key>isa</key>
			<string>PBXBuildFile</string>
		</dict>
		<key>4C8A7C0D1A1CD305008754F3</key>
		<dict>
			<key>fileRef</key>
			<string>4C8A7BEA1A1CD305008754F3</string>
			<key>isa</key>
			<string>PBXBuildFile</string>
		</dict>
		<key>4C8A7C0E1A1CD305008754F3</key>
		<dict>
			<key>fileRef</key>
			<string>4C8A7BEB1A1CD305008754F3</string>
			<key>isa</key>
			<string>PBXBuildFile</string>
		</dict>
		<key>4C8A7C0F1A1CD305008754F3</key>
		<dict>
			<key>fileRef</key>
			<string>4C8A7BEC1A1CD305008754F3</string>
			<key>isa</key>
			<string>PBXBuildFile</string>
		</dict>
		<key>4C8A7C101A1CD305008754F3</key>
		<dict>
			<key>fileRef</key>
			<string>4C8A7BED1A1CD305008754F3</string>
			<key>isa</key>
			<string>PBXBuildFile</string>
		</dict>
		<key>4C8A7C111A1CD305008754F3</key>
		<dict>
			<key>fileRef</key>
			<string>4C8A7BEE1A1CD305008754F3</string>
			<key>isa</key>
			<string>PBXBuildFile</string>
		</dict>
		<key>4C8A7C121A1CD305008754F3</key>
		<dict>
			<key>fileRef</key>
			<string>4C8A7BEF1A1CD305008754F3</string>
			<key>isa</key>
			<string>PBXBuildFile</string>
		</dict>
		<key>4C8A7C131A1CD305008754F3</key>
		<dict>
			<key>fileRef</key>
			<string>4C8A7BF01A1CD305008754F3</string>
			<key>isa</key>
			<string>PBXBuildFile</string>
		</dict>
		<key>4C8A7C141A1CD305008754F3</key>
		<dict>
			<key>fileRef</key>
			<string>4C8A7BF11A1CD305008754F3</string>
			<key>isa</key>
			<string>PBXBuildFile</string>
		</dict>
		<key>4C8A7C151A1CD305008754F3</key>
		<dict>
			<key>fileRef</key>
			<string>4C8A7BF21A1CD305008754F3</string>
			<key>isa</key>
			<string>PBXBuildFile</string>
		</dict>
		<key>4C8A7C161A1CD305008754F3</key>
		<dict>
			<key>fileRef</key>
			<string>4C8A7BF31A1CD305008754F3</string>
			<key>isa</key>
			<string>PBXBuildFile</string>
		</dict>
		<key>4C8A7C171A1CD305008754F3</key>
		<dict>
			<key>fileRef</key>
			<string>4C8A7BF41A1CD305008754F3</string>
			<key>isa</key>
			<string>PBXBuildFile</string>
		</dict>
		<key>4C8A7C181A1CD305008754F3</key>
		<dict>
			<key>fileRef</key>
			<string>4C8A7BF51A1CD305008754F3</string>
			<key>isa</key>
			<string>PBXBuildFile</string>
		</dict>
		<key>4C8A7C191A1CD305008754F3</key>
		<dict>
			<key>fileRef</key>
			<string>4C8A7BF61A1CD305008754F3</string>
			<key>isa</key>
			<string>PBXBuildFile</string>
		</dict>
		<key>4C8A7C1A1A1CD305008754F3</key>
		<dict>
			<key>fileRef</key>
			<string>4C8A7BF71A1CD305008754F3</string>
			<key>isa</key>
			<string>PBXBuildFile</string>
		</dict>
		<key>4C8A7C1B1A1CD305008754F3</key>
		<dict>
			<key>fileRef</key>
			<string>4C8A7BF81A1CD305008754F3</string>
			<key>isa</key>
			<string>PBXBuildFile</string>
		</dict>
		<key>4C8A7C1C1A1CD305008754F3</key>
		<dict>
			<key>fileRef</key>
			<string>4C8A7BF91A1CD305008754F3</string>
			<key>isa</key>
			<string>PBXBuildFile</string>
		</dict>
		<key>4C8A7C1D1A1CD305008754F3</key>
		<dict>
			<key>fileRef</key>
			<string>4C8A7BFA1A1CD305008754F3</string>
			<key>isa</key>
			<string>PBXBuildFile</string>
		</dict>
		<key>4C8A7C1E1A1CD305008754F3</key>
		<dict>
			<key>fileRef</key>
			<string>4C8A7BFB1A1CD305008754F3</string>
			<key>isa</key>
			<string>PBXBuildFile</string>
		</dict>
		<key>4C8A7C1F1A1CD305008754F3</key>
		<dict>
			<key>fileRef</key>
			<string>4C8A7BFC1A1CD305008754F3</string>
			<key>isa</key>
			<string>PBXBuildFile</string>
		</dict>
		<key>4C8A7C201A1CD305008754F3</key>
		<dict>
			<key>fileRef</key>
			<string>4C8A7BFD1A1CD305008754F3</string>
			<key>isa</key>
			<string>PBXBuildFile</string>
		</dict>
		<key>4C8A7C211A1CD305008754F3</key>
		<dict>
			<key>fileRef</key>
			<string>4C8A7BFE1A1CD305008754F3</string>
			<key>isa</key>
			<string>PBXBuildFile</string>
		</dict>
		<key>4C8A7C221A1CD305008754F3</key>
		<dict>
			<key>fileRef</key>
			<string>4C8A7BFF1A1CD305008754F3</string>
			<key>isa</key>
			<string>PBXBuildFile</string>
		</dict>
		<key>4C8A7C231A1CD305008754F3</key>
		<dict>
			<key>fileRef</key>
			<string>4C8A7C001A1CD305008754F3</string>
			<key>isa</key>
			<string>PBXBuildFile</string>
		</dict>
		<key>4C8A7C241A1CD305008754F3</key>
		<dict>
			<key>fileRef</key>
			<string>4C8A7C011A1CD305008754F3</string>
			<key>isa</key>
			<string>PBXBuildFile</string>
		</dict>
		<key>4C8A7C251A1CD305008754F3</key>
		<dict>
			<key>fileRef</key>
			<string>4C8A7C021A1CD305008754F3</string>
			<key>isa</key>
			<string>PBXBuildFile</string>
		</dict>
		<key>4C8A7C261A1CD305008754F3</key>
		<dict>
			<key>fileRef</key>
			<string>4C8A7C031A1CD305008754F3</string>
			<key>isa</key>
			<string>PBXBuildFile</string>
		</dict>
		<key>4C8A7C271A1CD305008754F3</key>
		<dict>
			<key>fileRef</key>
			<string>4C8A7C041A1CD305008754F3</string>
			<key>isa</key>
			<string>PBXBuildFile</string>
		</dict>
		<key>4C8A7C281A1CD305008754F3</key>
		<dict>
			<key>fileRef</key>
			<string>4C8A7C051A1CD305008754F3</string>
			<key>isa</key>
			<string>PBXBuildFile</string>
		</dict>
		<key>4C8A7C291A1CD305008754F3</key>
		<dict>
			<key>fileRef</key>
			<string>4C8A7C061A1CD305008754F3</string>
			<key>isa</key>
			<string>PBXBuildFile</string>
		</dict>
		<key>4C8A7C2A1A1CD305008754F3</key>
		<dict>
			<key>fileRef</key>
			<string>4C8A7C071A1CD305008754F3</string>
			<key>isa</key>
			<string>PBXBuildFile</string>
		</dict>
		<key>4C9B831D19F6F5A800B68B88</key>
		<dict>
			<key>children</key>
			<array>
				<string>4C52D1531A0AD92A0060E222</string>
				<string>4C3D16311A076EE6001EBDA7</string>
				<string>4C9B832819F6F5A800B68B88</string>
				<string>4C9B833E19F6F5A800B68B88</string>
				<string>4C9B832719F6F5A800B68B88</string>
				<string>3168F9F84F5E529AC5CA913E</string>
				<string>4B0D1D91D1FDF3DC39A84EAE</string>
			</array>
			<key>isa</key>
			<string>PBXGroup</string>
			<key>sourceTree</key>
			<string>&lt;group&gt;</string>
		</dict>
		<key>4C9B831E19F6F5A800B68B88</key>
		<dict>
			<key>attributes</key>
			<dict>
				<key>LastUpgradeCheck</key>
				<string>0610</string>
				<key>ORGANIZATIONNAME</key>
				<string>pl.wroclaw</string>
				<key>TargetAttributes</key>
				<dict>
					<key>4C9B832519F6F5A800B68B88</key>
					<dict>
						<key>CreatedOnToolsVersion</key>
						<string>6.1</string>
						<key>SystemCapabilities</key>
						<dict>
							<key>com.apple.Maps.iOS</key>
							<dict>
								<key>enabled</key>
								<string>1</string>
							</dict>
						</dict>
					</dict>
					<key>4C9B833A19F6F5A800B68B88</key>
					<dict>
						<key>CreatedOnToolsVersion</key>
						<string>6.1</string>
						<key>TestTargetID</key>
						<string>4C9B832519F6F5A800B68B88</string>
					</dict>
				</dict>
			</dict>
			<key>buildConfigurationList</key>
			<string>4C9B832119F6F5A800B68B88</string>
			<key>compatibilityVersion</key>
			<string>Xcode 3.2</string>
			<key>developmentRegion</key>
			<string>English</string>
			<key>hasScannedForEncodings</key>
			<string>0</string>
			<key>isa</key>
			<string>PBXProject</string>
			<key>knownRegions</key>
			<array>
				<string>en</string>
				<string>Base</string>
			</array>
			<key>mainGroup</key>
			<string>4C9B831D19F6F5A800B68B88</string>
			<key>productRefGroup</key>
			<string>4C9B832719F6F5A800B68B88</string>
			<key>projectDirPath</key>
			<string></string>
			<key>projectReferences</key>
			<array/>
			<key>projectRoot</key>
			<string></string>
			<key>targets</key>
			<array>
				<string>4C9B832519F6F5A800B68B88</string>
				<string>4C9B833A19F6F5A800B68B88</string>
			</array>
		</dict>
		<key>4C9B832119F6F5A800B68B88</key>
		<dict>
			<key>buildConfigurations</key>
			<array>
				<string>4C9B834319F6F5A800B68B88</string>
				<string>4C9B834419F6F5A800B68B88</string>
			</array>
			<key>defaultConfigurationIsVisible</key>
			<string>0</string>
			<key>defaultConfigurationName</key>
			<string>Release</string>
			<key>isa</key>
			<string>XCConfigurationList</string>
		</dict>
		<key>4C9B832219F6F5A800B68B88</key>
		<dict>
			<key>buildActionMask</key>
			<string>2147483647</string>
			<key>files</key>
			<array>
				<string>4CC9A34D1A004B91006DE05C</string>
				<string>4C3D16301A076C85001EBDA7</string>
				<string>D4C38E321A20AE380056EA87</string>
				<string>4CB5F5A019F71BA8006F09EC</string>
				<string>D4C38E2C1A208CE60056EA87</string>
				<string>D4DF74571A250173001DA427</string>
				<string>4C6B019D19FE997F00EBF821</string>
				<string>4CC9A34A1A004B65006DE05C</string>
				<string>4CC9A34B1A004B65006DE05C</string>
				<string>4C9B832E19F6F5A800B68B88</string>
				<string>D4C38E301A20AE220056EA87</string>
				<string>4C9B832C19F6F5A800B68B88</string>
				<string>4C3CF7391A0058BF005D5D95</string>
				<string>4C4B9E041A09FFF000F60266</string>
				<string>4C9B836719F6F71100B68B88</string>
				<string>D45996561A13993D002B1059</string>
				<string>4CA7AB631A0AD1CD005073E7</string>
				<string>D45996461A120372002B1059</string>
				<string>4CB5F59E19F71255006F09EC</string>
				<string>D422AFD11A1C9DBB00A62C32</string>
				<string>D45996541A1229D9002B1059</string>
				<string>4C9B836C19F70C9000B68B88</string>
				<string>4C4B9E061A0A001400F60266</string>
			</array>
			<key>isa</key>
			<string>PBXSourcesBuildPhase</string>
			<key>runOnlyForDeploymentPostprocessing</key>
			<string>0</string>
		</dict>
		<key>4C9B832319F6F5A800B68B88</key>
		<dict>
			<key>buildActionMask</key>
			<string>2147483647</string>
			<key>files</key>
			<array>
				<string>4C52D1541A0AD92A0060E222</string>
				<string>4C3D16321A076EE6001EBDA7</string>
				<string>A6186BAC3CEDB78B854975B9</string>
			</array>
			<key>isa</key>
			<string>PBXFrameworksBuildPhase</string>
			<key>runOnlyForDeploymentPostprocessing</key>
			<string>0</string>
		</dict>
		<key>4C9B832419F6F5A800B68B88</key>
		<dict>
			<key>buildActionMask</key>
			<string>2147483647</string>
			<key>files</key>
			<array>
				<string>4C8A7C1A1A1CD305008754F3</string>
				<string>D459963A1A0E509B002B1059</string>
				<string>4C8A7C181A1CD305008754F3</string>
				<string>D43E0A911A0AB25D00121C99</string>
				<string>4C9B834C19F6F63E00B68B88</string>
				<string>4C8A7C231A1CD305008754F3</string>
				<string>D43E0A8D1A0AB21F00121C99</string>
				<string>4C9B836319F6F67000B68B88</string>
				<string>4C8A7C0E1A1CD305008754F3</string>
				<string>4C3F8F9B1A0A79550066F3F7</string>
				<string>4C9B835919F6F67000B68B88</string>
				<string>4C9B835E19F6F67000B68B88</string>
				<string>4C9B835B19F6F67000B68B88</string>
				<string>4C0E6ED41A0922C9006A22D7</string>
				<string>4C3F8F9F1A0A79970066F3F7</string>
				<string>4C8A7C0B1A1CD305008754F3</string>
				<string>4C8A7C0F1A1CD305008754F3</string>
				<string>D422AFD31A1CA45900A62C32</string>
				<string>4C8A7C211A1CD305008754F3</string>
				<string>4C8A7C2A1A1CD305008754F3</string>
				<string>4C8A7C131A1CD305008754F3</string>
				<string>4C8A7C101A1CD305008754F3</string>
				<string>4C8A7C1D1A1CD305008754F3</string>
				<string>4C8A7C251A1CD305008754F3</string>
				<string>D4C38E2E1A20A20C0056EA87</string>
				<string>D46C75CD1A24F93F00620D30</string>
				<string>D45996421A11046C002B1059</string>
				<string>4C8A7C141A1CD305008754F3</string>
				<string>4C8A7C221A1CD305008754F3</string>
				<string>D43E0A931A0B66C200121C99</string>
				<string>4C8A7C1E1A1CD305008754F3</string>
				<string>4C8A7C291A1CD305008754F3</string>
				<string>4C3F8F9D1A0A79550066F3F7</string>
				<string>4C9B835D19F6F67000B68B88</string>
				<string>D43E0A8B1A0AB0CF00121C99</string>
				<string>4C8A7C0D1A1CD305008754F3</string>
				<string>D45996441A110A28002B1059</string>
				<string>4C8A7C171A1CD305008754F3</string>
				<string>4C9B835A19F6F67000B68B88</string>
				<string>D43E0A8F1A0AB24500121C99</string>
				<string>4C8A7C241A1CD305008754F3</string>
				<string>D45996401A10F4CA002B1059</string>
				<string>4C9B833319F6F5A800B68B88</string>
				<string>4C9B836219F6F67000B68B88</string>
				<string>4C8A7C201A1CD305008754F3</string>
				<string>4C8A7C1F1A1CD305008754F3</string>
				<string>D4C38E361A20AFF00056EA87</string>
				<string>4C8A7C091A1CD305008754F3</string>
				<string>4C8A7C281A1CD305008754F3</string>
				<string>4C8A7C081A1CD305008754F3</string>
				<string>4C8A7C271A1CD305008754F3</string>
				<string>4C8A7C161A1CD305008754F3</string>
				<string>D43E0A851A0A482700121C99</string>
				<string>4C9B835C19F6F67000B68B88</string>
				<string>D459963F1A10F4CA002B1059</string>
				<string>D4DF74551A2500CC001DA427</string>
				<string>4C8A7C0C1A1CD305008754F3</string>
				<string>4C8A7C0A1A1CD305008754F3</string>
				<string>D4C38E341A20AFE60056EA87</string>
				<string>D46C75D51A24FAB400620D30</string>
				<string>4C3F8F971A0A776C0066F3F7</string>
				<string>4C8A7C191A1CD305008754F3</string>
				<string>4C8A7C111A1CD305008754F3</string>
				<string>4C8A7C121A1CD305008754F3</string>
				<string>4C8A7C151A1CD305008754F3</string>
				<string>4C8A7C1B1A1CD305008754F3</string>
				<string>4C8A7C1C1A1CD305008754F3</string>
				<string>4C8A7C261A1CD305008754F3</string>
			</array>
			<key>isa</key>
			<string>PBXResourcesBuildPhase</string>
			<key>runOnlyForDeploymentPostprocessing</key>
			<string>0</string>
		</dict>
		<key>4C9B832519F6F5A800B68B88</key>
		<dict>
			<key>buildConfigurationList</key>
			<string>4C9B834519F6F5A800B68B88</string>
			<key>buildPhases</key>
			<array>
				<string>0B11E397CFED8020C8504499</string>
				<string>4C9B832219F6F5A800B68B88</string>
				<string>4C9B832319F6F5A800B68B88</string>
				<string>4C9B832419F6F5A800B68B88</string>
				<string>1BE2EA36695532361B13B752</string>
			</array>
			<key>buildRules</key>
			<array/>
			<key>dependencies</key>
			<array/>
			<key>isa</key>
			<string>PBXNativeTarget</string>
			<key>name</key>
			<string>wroclaw_2017</string>
			<key>productName</key>
			<string>wroclaw_2017</string>
			<key>productReference</key>
			<string>4C9B832619F6F5A800B68B88</string>
			<key>productType</key>
			<string>com.apple.product-type.application</string>
		</dict>
		<key>4C9B832619F6F5A800B68B88</key>
		<dict>
			<key>explicitFileType</key>
			<string>wrapper.application</string>
			<key>includeInIndex</key>
			<string>0</string>
			<key>isa</key>
			<string>PBXFileReference</string>
			<key>path</key>
			<string>wroclaw_2017.app</string>
			<key>sourceTree</key>
			<string>BUILT_PRODUCTS_DIR</string>
		</dict>
		<key>4C9B832719F6F5A800B68B88</key>
		<dict>
			<key>children</key>
			<array>
				<string>4C9B832619F6F5A800B68B88</string>
				<string>4C9B833B19F6F5A800B68B88</string>
			</array>
			<key>isa</key>
			<string>PBXGroup</string>
			<key>name</key>
			<string>Products</string>
			<key>sourceTree</key>
			<string>&lt;group&gt;</string>
		</dict>
		<key>4C9B832819F6F5A800B68B88</key>
		<dict>
			<key>children</key>
			<array>
				<string>D422AFC71A1B9C3600A62C32</string>
				<string>4C9B836819F70BE800B68B88</string>
				<string>4C9B834D19F6F65C00B68B88</string>
				<string>4C9B834B19F6F63E00B68B88</string>
				<string>4C0E6ED31A0922C9006A22D7</string>
				<string>D4DF74561A250173001DA427</string>
				<string>4C9B832B19F6F5A800B68B88</string>
				<string>D4C38E311A20AE380056EA87</string>
				<string>D4C38E2F1A20AE220056EA87</string>
				<string>D4C38E2B1A208CE60056EA87</string>
				<string>D45996451A120372002B1059</string>
				<string>D45996531A1229D9002B1059</string>
				<string>D45996551A13993D002B1059</string>
				<string>4C9B832D19F6F5A800B68B88</string>
				<string>4CB5F59D19F71255006F09EC</string>
				<string>4CB5F59F19F71BA8006F09EC</string>
				<string>4CC9A34C1A004B91006DE05C</string>
				<string>4C3D162F1A076C85001EBDA7</string>
				<string>4C4B9E031A09FFF000F60266</string>
				<string>4C4B9E051A0A001400F60266</string>
				<string>4CA7AB621A0AD1CD005073E7</string>
				<string>D422AFD01A1C9DBB00A62C32</string>
				<string>4C9B833219F6F5A800B68B88</string>
				<string>4C9B832919F6F5A800B68B88</string>
			</array>
			<key>isa</key>
			<string>PBXGroup</string>
			<key>path</key>
			<string>wroclaw_2017</string>
			<key>sourceTree</key>
			<string>&lt;group&gt;</string>
		</dict>
		<key>4C9B832919F6F5A800B68B88</key>
		<dict>
			<key>children</key>
			<array>
				<string>4C9B832A19F6F5A800B68B88</string>
				<string>4C9B836419F6F71100B68B88</string>
			</array>
			<key>isa</key>
			<string>PBXGroup</string>
			<key>name</key>
			<string>Supporting Files</string>
			<key>sourceTree</key>
			<string>&lt;group&gt;</string>
		</dict>
		<key>4C9B832A19F6F5A800B68B88</key>
		<dict>
			<key>isa</key>
			<string>PBXFileReference</string>
			<key>lastKnownFileType</key>
			<string>text.plist.xml</string>
			<key>path</key>
			<string>Info.plist</string>
			<key>sourceTree</key>
			<string>&lt;group&gt;</string>
		</dict>
		<key>4C9B832B19F6F5A800B68B88</key>
		<dict>
			<key>isa</key>
			<string>PBXFileReference</string>
			<key>lastKnownFileType</key>
			<string>sourcecode.swift</string>
			<key>path</key>
			<string>AppDelegate.swift</string>
			<key>sourceTree</key>
			<string>&lt;group&gt;</string>
		</dict>
		<key>4C9B832C19F6F5A800B68B88</key>
		<dict>
			<key>fileRef</key>
			<string>4C9B832B19F6F5A800B68B88</string>
			<key>isa</key>
			<string>PBXBuildFile</string>
		</dict>
		<key>4C9B832D19F6F5A800B68B88</key>
		<dict>
			<key>isa</key>
			<string>PBXFileReference</string>
			<key>lastKnownFileType</key>
			<string>sourcecode.swift</string>
			<key>path</key>
			<string>ViewController.swift</string>
			<key>sourceTree</key>
			<string>&lt;group&gt;</string>
		</dict>
		<key>4C9B832E19F6F5A800B68B88</key>
		<dict>
			<key>fileRef</key>
			<string>4C9B832D19F6F5A800B68B88</string>
			<key>isa</key>
			<string>PBXBuildFile</string>
		</dict>
		<key>4C9B833219F6F5A800B68B88</key>
		<dict>
			<key>isa</key>
			<string>PBXFileReference</string>
			<key>lastKnownFileType</key>
			<string>folder.assetcatalog</string>
			<key>path</key>
			<string>Images.xcassets</string>
			<key>sourceTree</key>
			<string>&lt;group&gt;</string>
		</dict>
		<key>4C9B833319F6F5A800B68B88</key>
		<dict>
			<key>fileRef</key>
			<string>4C9B833219F6F5A800B68B88</string>
			<key>isa</key>
			<string>PBXBuildFile</string>
		</dict>
		<key>4C9B833719F6F5A800B68B88</key>
		<dict>
			<key>buildActionMask</key>
			<string>2147483647</string>
			<key>files</key>
			<array>
				<string>4C9B834219F6F5A800B68B88</string>
			</array>
			<key>isa</key>
			<string>PBXSourcesBuildPhase</string>
			<key>runOnlyForDeploymentPostprocessing</key>
			<string>0</string>
		</dict>
		<key>4C9B833819F6F5A800B68B88</key>
		<dict>
			<key>buildActionMask</key>
			<string>2147483647</string>
			<key>files</key>
			<array/>
			<key>isa</key>
			<string>PBXFrameworksBuildPhase</string>
			<key>runOnlyForDeploymentPostprocessing</key>
			<string>0</string>
		</dict>
		<key>4C9B833919F6F5A800B68B88</key>
		<dict>
			<key>buildActionMask</key>
			<string>2147483647</string>
			<key>files</key>
			<array/>
			<key>isa</key>
			<string>PBXResourcesBuildPhase</string>
			<key>runOnlyForDeploymentPostprocessing</key>
			<string>0</string>
		</dict>
		<key>4C9B833A19F6F5A800B68B88</key>
		<dict>
			<key>buildConfigurationList</key>
			<string>4C9B834819F6F5A800B68B88</string>
			<key>buildPhases</key>
			<array>
				<string>4C9B833719F6F5A800B68B88</string>
				<string>4C9B833819F6F5A800B68B88</string>
				<string>4C9B833919F6F5A800B68B88</string>
			</array>
			<key>buildRules</key>
			<array/>
			<key>dependencies</key>
			<array>
				<string>4C9B833D19F6F5A800B68B88</string>
			</array>
			<key>isa</key>
			<string>PBXNativeTarget</string>
			<key>name</key>
			<string>wroclaw_2017Tests</string>
			<key>productName</key>
			<string>wroclaw_2017Tests</string>
			<key>productReference</key>
			<string>4C9B833B19F6F5A800B68B88</string>
			<key>productType</key>
			<string>com.apple.product-type.bundle.unit-test</string>
		</dict>
		<key>4C9B833B19F6F5A800B68B88</key>
		<dict>
			<key>explicitFileType</key>
			<string>wrapper.cfbundle</string>
			<key>includeInIndex</key>
			<string>0</string>
			<key>isa</key>
			<string>PBXFileReference</string>
			<key>path</key>
			<string>wroclaw_2017Tests.xctest</string>
			<key>sourceTree</key>
			<string>BUILT_PRODUCTS_DIR</string>
		</dict>
		<key>4C9B833C19F6F5A800B68B88</key>
		<dict>
			<key>containerPortal</key>
			<string>4C9B831E19F6F5A800B68B88</string>
			<key>isa</key>
			<string>PBXContainerItemProxy</string>
			<key>proxyType</key>
			<string>1</string>
			<key>remoteGlobalIDString</key>
			<string>4C9B832519F6F5A800B68B88</string>
			<key>remoteInfo</key>
			<string>wroclaw_2017</string>
		</dict>
		<key>4C9B833D19F6F5A800B68B88</key>
		<dict>
			<key>isa</key>
			<string>PBXTargetDependency</string>
			<key>target</key>
			<string>4C9B832519F6F5A800B68B88</string>
			<key>targetProxy</key>
			<string>4C9B833C19F6F5A800B68B88</string>
		</dict>
		<key>4C9B833E19F6F5A800B68B88</key>
		<dict>
			<key>children</key>
			<array>
				<string>4C9B834119F6F5A800B68B88</string>
				<string>4C9B833F19F6F5A800B68B88</string>
			</array>
			<key>isa</key>
			<string>PBXGroup</string>
			<key>path</key>
			<string>wroclaw_2017Tests</string>
			<key>sourceTree</key>
			<string>&lt;group&gt;</string>
		</dict>
		<key>4C9B833F19F6F5A800B68B88</key>
		<dict>
			<key>children</key>
			<array>
				<string>4C9B834019F6F5A800B68B88</string>
			</array>
			<key>isa</key>
			<string>PBXGroup</string>
			<key>name</key>
			<string>Supporting Files</string>
			<key>sourceTree</key>
			<string>&lt;group&gt;</string>
		</dict>
		<key>4C9B834019F6F5A800B68B88</key>
		<dict>
			<key>isa</key>
			<string>PBXFileReference</string>
			<key>lastKnownFileType</key>
			<string>text.plist.xml</string>
			<key>path</key>
			<string>Info.plist</string>
			<key>sourceTree</key>
			<string>&lt;group&gt;</string>
		</dict>
		<key>4C9B834119F6F5A800B68B88</key>
		<dict>
			<key>isa</key>
			<string>PBXFileReference</string>
			<key>lastKnownFileType</key>
			<string>sourcecode.swift</string>
			<key>path</key>
			<string>wroclaw_2017Tests.swift</string>
			<key>sourceTree</key>
			<string>&lt;group&gt;</string>
		</dict>
		<key>4C9B834219F6F5A800B68B88</key>
		<dict>
			<key>fileRef</key>
			<string>4C9B834119F6F5A800B68B88</string>
			<key>isa</key>
			<string>PBXBuildFile</string>
		</dict>
		<key>4C9B834319F6F5A800B68B88</key>
		<dict>
			<key>buildSettings</key>
			<dict>
				<key>ALWAYS_SEARCH_USER_PATHS</key>
				<string>NO</string>
				<key>CLANG_CXX_LANGUAGE_STANDARD</key>
				<string>gnu++0x</string>
				<key>CLANG_CXX_LIBRARY</key>
				<string>libc++</string>
				<key>CLANG_ENABLE_MODULES</key>
				<string>YES</string>
				<key>CLANG_ENABLE_OBJC_ARC</key>
				<string>YES</string>
				<key>CLANG_WARN_BOOL_CONVERSION</key>
				<string>YES</string>
				<key>CLANG_WARN_CONSTANT_CONVERSION</key>
				<string>YES</string>
				<key>CLANG_WARN_DIRECT_OBJC_ISA_USAGE</key>
				<string>YES_ERROR</string>
				<key>CLANG_WARN_EMPTY_BODY</key>
				<string>YES</string>
				<key>CLANG_WARN_ENUM_CONVERSION</key>
				<string>YES</string>
				<key>CLANG_WARN_INT_CONVERSION</key>
				<string>YES</string>
				<key>CLANG_WARN_OBJC_ROOT_CLASS</key>
				<string>YES_ERROR</string>
				<key>CLANG_WARN_UNREACHABLE_CODE</key>
				<string>YES</string>
				<key>CLANG_WARN__DUPLICATE_METHOD_MATCH</key>
				<string>YES</string>
				<key>CODE_SIGN_IDENTITY[sdk=iphoneos*]</key>
				<string>iPhone Developer</string>
				<key>COPY_PHASE_STRIP</key>
				<string>NO</string>
				<key>ENABLE_STRICT_OBJC_MSGSEND</key>
				<string>YES</string>
				<key>GCC_C_LANGUAGE_STANDARD</key>
				<string>gnu99</string>
				<key>GCC_DYNAMIC_NO_PIC</key>
				<string>NO</string>
				<key>GCC_OPTIMIZATION_LEVEL</key>
				<string>0</string>
				<key>GCC_PREPROCESSOR_DEFINITIONS</key>
				<array>
					<string>DEBUG=1</string>
					<string>$(inherited)</string>
				</array>
				<key>GCC_SYMBOLS_PRIVATE_EXTERN</key>
				<string>NO</string>
				<key>GCC_WARN_64_TO_32_BIT_CONVERSION</key>
				<string>YES</string>
				<key>GCC_WARN_ABOUT_RETURN_TYPE</key>
				<string>YES_ERROR</string>
				<key>GCC_WARN_UNDECLARED_SELECTOR</key>
				<string>YES</string>
				<key>GCC_WARN_UNINITIALIZED_AUTOS</key>
				<string>YES_AGGRESSIVE</string>
				<key>GCC_WARN_UNUSED_FUNCTION</key>
				<string>YES</string>
				<key>GCC_WARN_UNUSED_VARIABLE</key>
				<string>YES</string>
				<key>IPHONEOS_DEPLOYMENT_TARGET</key>
				<string>8.1</string>
				<key>MTL_ENABLE_DEBUG_INFO</key>
				<string>YES</string>
				<key>ONLY_ACTIVE_ARCH</key>
				<string>YES</string>
				<key>SDKROOT</key>
				<string>iphoneos</string>
				<key>SWIFT_OPTIMIZATION_LEVEL</key>
				<string>-Onone</string>
				<key>TARGETED_DEVICE_FAMILY</key>
				<string>1,2</string>
			</dict>
			<key>isa</key>
			<string>XCBuildConfiguration</string>
			<key>name</key>
			<string>Debug</string>
		</dict>
		<key>4C9B834419F6F5A800B68B88</key>
		<dict>
			<key>buildSettings</key>
			<dict>
				<key>ALWAYS_SEARCH_USER_PATHS</key>
				<string>NO</string>
				<key>CLANG_CXX_LANGUAGE_STANDARD</key>
				<string>gnu++0x</string>
				<key>CLANG_CXX_LIBRARY</key>
				<string>libc++</string>
				<key>CLANG_ENABLE_MODULES</key>
				<string>YES</string>
				<key>CLANG_ENABLE_OBJC_ARC</key>
				<string>YES</string>
				<key>CLANG_WARN_BOOL_CONVERSION</key>
				<string>YES</string>
				<key>CLANG_WARN_CONSTANT_CONVERSION</key>
				<string>YES</string>
				<key>CLANG_WARN_DIRECT_OBJC_ISA_USAGE</key>
				<string>YES_ERROR</string>
				<key>CLANG_WARN_EMPTY_BODY</key>
				<string>YES</string>
				<key>CLANG_WARN_ENUM_CONVERSION</key>
				<string>YES</string>
				<key>CLANG_WARN_INT_CONVERSION</key>
				<string>YES</string>
				<key>CLANG_WARN_OBJC_ROOT_CLASS</key>
				<string>YES_ERROR</string>
				<key>CLANG_WARN_UNREACHABLE_CODE</key>
				<string>YES</string>
				<key>CLANG_WARN__DUPLICATE_METHOD_MATCH</key>
				<string>YES</string>
				<key>CODE_SIGN_IDENTITY[sdk=iphoneos*]</key>
				<string>iPhone Developer</string>
				<key>COPY_PHASE_STRIP</key>
				<string>YES</string>
				<key>ENABLE_NS_ASSERTIONS</key>
				<string>NO</string>
				<key>ENABLE_STRICT_OBJC_MSGSEND</key>
				<string>YES</string>
				<key>GCC_C_LANGUAGE_STANDARD</key>
				<string>gnu99</string>
				<key>GCC_WARN_64_TO_32_BIT_CONVERSION</key>
				<string>YES</string>
				<key>GCC_WARN_ABOUT_RETURN_TYPE</key>
				<string>YES_ERROR</string>
				<key>GCC_WARN_UNDECLARED_SELECTOR</key>
				<string>YES</string>
				<key>GCC_WARN_UNINITIALIZED_AUTOS</key>
				<string>YES_AGGRESSIVE</string>
				<key>GCC_WARN_UNUSED_FUNCTION</key>
				<string>YES</string>
				<key>GCC_WARN_UNUSED_VARIABLE</key>
				<string>YES</string>
				<key>IPHONEOS_DEPLOYMENT_TARGET</key>
				<string>8.1</string>
				<key>MTL_ENABLE_DEBUG_INFO</key>
				<string>NO</string>
				<key>SDKROOT</key>
				<string>iphoneos</string>
				<key>TARGETED_DEVICE_FAMILY</key>
				<string>1,2</string>
				<key>VALIDATE_PRODUCT</key>
				<string>YES</string>
			</dict>
			<key>isa</key>
			<string>XCBuildConfiguration</string>
			<key>name</key>
			<string>Release</string>
		</dict>
		<key>4C9B834519F6F5A800B68B88</key>
		<dict>
			<key>buildConfigurations</key>
			<array>
				<string>4C9B834619F6F5A800B68B88</string>
				<string>4C9B834719F6F5A800B68B88</string>
			</array>
			<key>defaultConfigurationIsVisible</key>
			<string>0</string>
			<key>defaultConfigurationName</key>
			<string>Release</string>
			<key>isa</key>
			<string>XCConfigurationList</string>
		</dict>
		<key>4C9B834619F6F5A800B68B88</key>
		<dict>
			<key>baseConfigurationReference</key>
			<string>BAEE7E89BC0716F270FF1863</string>
			<key>buildSettings</key>
			<dict>
				<key>ALWAYS_SEARCH_USER_PATHS</key>
				<string>NO</string>
				<key>ASSETCATALOG_COMPILER_APPICON_NAME</key>
				<string>AppIcon</string>
				<key>CLANG_ENABLE_MODULES</key>
				<string>YES</string>
				<key>FRAMEWORK_SEARCH_PATHS</key>
				<array>
					<string>$(inherited)</string>
					<string>$(PROJECT_DIR)</string>
				</array>
				<key>INFOPLIST_FILE</key>
				<string>wroclaw_2017/Info.plist</string>
				<key>LD_RUNPATH_SEARCH_PATHS</key>
				<string>$(inherited) @executable_path/Frameworks</string>
				<key>LIBRARY_SEARCH_PATHS</key>
				<array>
					<string>$(inherited)</string>
					<string>$(PROJECT_DIR)</string>
				</array>
				<key>PRODUCT_NAME</key>
				<string>$(TARGET_NAME)</string>
				<key>SWIFT_OBJC_BRIDGING_HEADER</key>
				<string>wroclaw_2017/wroclaw_2017-Bridging-Header.h</string>
				<key>SWIFT_OPTIMIZATION_LEVEL</key>
				<string>-Onone</string>
			</dict>
			<key>isa</key>
			<string>XCBuildConfiguration</string>
			<key>name</key>
			<string>Debug</string>
		</dict>
		<key>4C9B834719F6F5A800B68B88</key>
		<dict>
			<key>baseConfigurationReference</key>
			<string>CB693D5CE0F3598FB002B4EA</string>
			<key>buildSettings</key>
			<dict>
				<key>ALWAYS_SEARCH_USER_PATHS</key>
				<string>NO</string>
				<key>ASSETCATALOG_COMPILER_APPICON_NAME</key>
				<string>AppIcon</string>
				<key>CLANG_ENABLE_MODULES</key>
				<string>YES</string>
				<key>FRAMEWORK_SEARCH_PATHS</key>
				<array>
					<string>$(inherited)</string>
					<string>$(PROJECT_DIR)</string>
				</array>
				<key>INFOPLIST_FILE</key>
				<string>wroclaw_2017/Info.plist</string>
				<key>LD_RUNPATH_SEARCH_PATHS</key>
				<string>$(inherited) @executable_path/Frameworks</string>
				<key>LIBRARY_SEARCH_PATHS</key>
				<array>
					<string>$(inherited)</string>
					<string>$(PROJECT_DIR)</string>
				</array>
				<key>PRODUCT_NAME</key>
				<string>$(TARGET_NAME)</string>
				<key>SWIFT_OBJC_BRIDGING_HEADER</key>
				<string>wroclaw_2017/wroclaw_2017-Bridging-Header.h</string>
			</dict>
			<key>isa</key>
			<string>XCBuildConfiguration</string>
			<key>name</key>
			<string>Release</string>
		</dict>
		<key>4C9B834819F6F5A800B68B88</key>
		<dict>
			<key>buildConfigurations</key>
			<array>
				<string>4C9B834919F6F5A800B68B88</string>
				<string>4C9B834A19F6F5A800B68B88</string>
			</array>
			<key>defaultConfigurationIsVisible</key>
			<string>0</string>
			<key>defaultConfigurationName</key>
			<string>Release</string>
			<key>isa</key>
			<string>XCConfigurationList</string>
		</dict>
		<key>4C9B834919F6F5A800B68B88</key>
		<dict>
			<key>buildSettings</key>
			<dict>
				<key>BUNDLE_LOADER</key>
				<string>$(TEST_HOST)</string>
				<key>FRAMEWORK_SEARCH_PATHS</key>
				<array>
					<string>$(SDKROOT)/Developer/Library/Frameworks</string>
					<string>$(inherited)</string>
				</array>
				<key>GCC_PREPROCESSOR_DEFINITIONS</key>
				<array>
					<string>DEBUG=1</string>
					<string>$(inherited)</string>
				</array>
				<key>INFOPLIST_FILE</key>
				<string>wroclaw_2017Tests/Info.plist</string>
				<key>LD_RUNPATH_SEARCH_PATHS</key>
				<string>$(inherited) @executable_path/Frameworks @loader_path/Frameworks</string>
				<key>PRODUCT_NAME</key>
				<string>$(TARGET_NAME)</string>
				<key>TEST_HOST</key>
				<string>$(BUILT_PRODUCTS_DIR)/wroclaw_2017.app/wroclaw_2017</string>
			</dict>
			<key>isa</key>
			<string>XCBuildConfiguration</string>
			<key>name</key>
			<string>Debug</string>
		</dict>
		<key>4C9B834A19F6F5A800B68B88</key>
		<dict>
			<key>buildSettings</key>
			<dict>
				<key>BUNDLE_LOADER</key>
				<string>$(TEST_HOST)</string>
				<key>FRAMEWORK_SEARCH_PATHS</key>
				<array>
					<string>$(SDKROOT)/Developer/Library/Frameworks</string>
					<string>$(inherited)</string>
				</array>
				<key>INFOPLIST_FILE</key>
				<string>wroclaw_2017Tests/Info.plist</string>
				<key>LD_RUNPATH_SEARCH_PATHS</key>
				<string>$(inherited) @executable_path/Frameworks @loader_path/Frameworks</string>
				<key>PRODUCT_NAME</key>
				<string>$(TARGET_NAME)</string>
				<key>TEST_HOST</key>
				<string>$(BUILT_PRODUCTS_DIR)/wroclaw_2017.app/wroclaw_2017</string>
			</dict>
			<key>isa</key>
			<string>XCBuildConfiguration</string>
			<key>name</key>
			<string>Release</string>
		</dict>
		<key>4C9B834B19F6F63E00B68B88</key>
		<dict>
			<key>fileEncoding</key>
			<string>4</string>
			<key>isa</key>
			<string>PBXFileReference</string>
			<key>lastKnownFileType</key>
			<string>file.xib</string>
			<key>path</key>
			<string>LaunchScreen.xib</string>
			<key>sourceTree</key>
			<string>&lt;group&gt;</string>
		</dict>
		<key>4C9B834C19F6F63E00B68B88</key>
		<dict>
			<key>fileRef</key>
			<string>4C9B834B19F6F63E00B68B88</string>
			<key>isa</key>
			<string>PBXBuildFile</string>
		</dict>
		<key>4C9B834D19F6F65C00B68B88</key>
		<dict>
			<key>children</key>
			<array>
				<string>D4C38E351A20AFF00056EA87</string>
				<string>D4C38E331A20AFE60056EA87</string>
				<string>4C8A7BE41A1CD305008754F3</string>
				<string>D422AFD21A1CA45900A62C32</string>
				<string>D4DF74541A2500CC001DA427</string>
				<string>4C3F8F9E1A0A79970066F3F7</string>
				<string>D46C75D41A24FAB400620D30</string>
				<string>D46C75CB1A24F93F00620D30</string>
				<string>D43E0A8C1A0AB21F00121C99</string>
				<string>D45996391A0E509B002B1059</string>
				<string>4C3F8F981A0A79550066F3F7</string>
				<string>4C3F8F9A1A0A79550066F3F7</string>
				<string>D43E0A8A1A0AB0CF00121C99</string>
				<string>D4C38E2D1A20A20C0056EA87</string>
				<string>4C3F8F961A0A776C0066F3F7</string>
				<string>D459963D1A10F4CA002B1059</string>
				<string>D45996431A110A28002B1059</string>
				<string>D459963E1A10F4CA002B1059</string>
				<string>4C9B834E19F6F67000B68B88</string>
				<string>D43E0A901A0AB25D00121C99</string>
				<string>D45996411A11046C002B1059</string>
				<string>D43E0A921A0B66C200121C99</string>
				<string>D43E0A841A0A482700121C99</string>
				<string>D43E0A8E1A0AB24500121C99</string>
				<string>4C9B834F19F6F67000B68B88</string>
				<string>4C9B835019F6F67000B68B88</string>
				<string>4C9B835119F6F67000B68B88</string>
				<string>4C9B835219F6F67000B68B88</string>
				<string>4C9B835319F6F67000B68B88</string>
				<string>4C9B835719F6F67000B68B88</string>
				<string>4C9B835819F6F67000B68B88</string>
			</array>
			<key>isa</key>
			<string>PBXGroup</string>
			<key>name</key>
			<string>assets</string>
			<key>sourceTree</key>
			<string>&lt;group&gt;</string>
		</dict>
		<key>4C9B834E19F6F67000B68B88</key>
		<dict>
			<key>isa</key>
			<string>PBXFileReference</string>
			<key>lastKnownFileType</key>
			<string>image.png</string>
			<key>path</key>
			<string>ic_action_about.png</string>
			<key>sourceTree</key>
			<string>&lt;group&gt;</string>
		</dict>
		<key>4C9B834F19F6F67000B68B88</key>
		<dict>
			<key>isa</key>
			<string>PBXFileReference</string>
			<key>lastKnownFileType</key>
			<string>image.png</string>
			<key>path</key>
			<string>ic_action_chat.png</string>
			<key>sourceTree</key>
			<string>&lt;group&gt;</string>
		</dict>
		<key>4C9B835019F6F67000B68B88</key>
		<dict>
			<key>isa</key>
			<string>PBXFileReference</string>
			<key>lastKnownFileType</key>
			<string>image.png</string>
			<key>path</key>
			<string>ic_action_go_to_today.png</string>
			<key>sourceTree</key>
			<string>&lt;group&gt;</string>
		</dict>
		<key>4C9B835119F6F67000B68B88</key>
		<dict>
			<key>isa</key>
			<string>PBXFileReference</string>
			<key>lastKnownFileType</key>
			<string>image.png</string>
			<key>path</key>
			<string>ic_action_network_cell.png</string>
			<key>sourceTree</key>
			<string>&lt;group&gt;</string>
		</dict>
		<key>4C9B835219F6F67000B68B88</key>
		<dict>
			<key>isa</key>
			<string>PBXFileReference</string>
			<key>lastKnownFileType</key>
			<string>image.png</string>
			<key>path</key>
			<string>ic_action_place.png</string>
			<key>sourceTree</key>
			<string>&lt;group&gt;</string>
		</dict>
		<key>4C9B835319F6F67000B68B88</key>
		<dict>
			<key>isa</key>
			<string>PBXFileReference</string>
			<key>lastKnownFileType</key>
			<string>image.png</string>
			<key>path</key>
			<string>logo.png</string>
			<key>sourceTree</key>
			<string>&lt;group&gt;</string>
		</dict>
		<key>4C9B835719F6F67000B68B88</key>
		<dict>
			<key>isa</key>
			<string>PBXFileReference</string>
			<key>lastKnownFileType</key>
			<string>image.png</string>
			<key>path</key>
			<string>reveal-icon.png</string>
			<key>sourceTree</key>
			<string>&lt;group&gt;</string>
		</dict>
		<key>4C9B835819F6F67000B68B88</key>
		<dict>
			<key>isa</key>
			<string>PBXFileReference</string>
			<key>lastKnownFileType</key>
			<string>image.png</string>
			<key>path</key>
			<string>reveal-icon@2x.png</string>
			<key>sourceTree</key>
			<string>&lt;group&gt;</string>
		</dict>
		<key>4C9B835919F6F67000B68B88</key>
		<dict>
			<key>fileRef</key>
			<string>4C9B834E19F6F67000B68B88</string>
			<key>isa</key>
			<string>PBXBuildFile</string>
		</dict>
		<key>4C9B835A19F6F67000B68B88</key>
		<dict>
			<key>fileRef</key>
			<string>4C9B834F19F6F67000B68B88</string>
			<key>isa</key>
			<string>PBXBuildFile</string>
		</dict>
		<key>4C9B835B19F6F67000B68B88</key>
		<dict>
			<key>fileRef</key>
			<string>4C9B835019F6F67000B68B88</string>
			<key>isa</key>
			<string>PBXBuildFile</string>
		</dict>
		<key>4C9B835C19F6F67000B68B88</key>
		<dict>
			<key>fileRef</key>
			<string>4C9B835119F6F67000B68B88</string>
			<key>isa</key>
			<string>PBXBuildFile</string>
		</dict>
		<key>4C9B835D19F6F67000B68B88</key>
		<dict>
			<key>fileRef</key>
			<string>4C9B835219F6F67000B68B88</string>
			<key>isa</key>
			<string>PBXBuildFile</string>
		</dict>
		<key>4C9B835E19F6F67000B68B88</key>
		<dict>
			<key>fileRef</key>
			<string>4C9B835319F6F67000B68B88</string>
			<key>isa</key>
			<string>PBXBuildFile</string>
		</dict>
		<key>4C9B836219F6F67000B68B88</key>
		<dict>
			<key>fileRef</key>
			<string>4C9B835719F6F67000B68B88</string>
			<key>isa</key>
			<string>PBXBuildFile</string>
		</dict>
		<key>4C9B836319F6F67000B68B88</key>
		<dict>
			<key>fileRef</key>
			<string>4C9B835819F6F67000B68B88</string>
			<key>isa</key>
			<string>PBXBuildFile</string>
		</dict>
		<key>4C9B836419F6F71100B68B88</key>
		<dict>
			<key>isa</key>
			<string>PBXFileReference</string>
			<key>lastKnownFileType</key>
			<string>sourcecode.c.h</string>
			<key>path</key>
			<string>wroclaw_2017-Bridging-Header.h</string>
			<key>sourceTree</key>
			<string>&lt;group&gt;</string>
		</dict>
		<key>4C9B836519F6F71100B68B88</key>
		<dict>
			<key>fileEncoding</key>
			<string>4</string>
			<key>isa</key>
			<string>PBXFileReference</string>
			<key>lastKnownFileType</key>
			<string>sourcecode.c.h</string>
			<key>path</key>
			<string>SWRevealViewController.h</string>
			<key>sourceTree</key>
			<string>&lt;group&gt;</string>
		</dict>
		<key>4C9B836619F6F71100B68B88</key>
		<dict>
			<key>fileEncoding</key>
			<string>4</string>
			<key>isa</key>
			<string>PBXFileReference</string>
			<key>lastKnownFileType</key>
			<string>sourcecode.c.objc</string>
			<key>path</key>
			<string>SWRevealViewController.m</string>
			<key>sourceTree</key>
			<string>&lt;group&gt;</string>
		</dict>
		<key>4C9B836719F6F71100B68B88</key>
		<dict>
			<key>fileRef</key>
			<string>4C9B836619F6F71100B68B88</string>
			<key>isa</key>
			<string>PBXBuildFile</string>
		</dict>
		<key>4C9B836819F70BE800B68B88</key>
		<dict>
			<key>children</key>
			<array>
				<string>4CC9A3461A004B65006DE05C</string>
				<string>4CC9A3471A004B65006DE05C</string>
				<string>4CC9A3481A004B65006DE05C</string>
				<string>4CC9A3491A004B65006DE05C</string>
				<string>4C9B836519F6F71100B68B88</string>
				<string>4C9B836619F6F71100B68B88</string>
				<string>4C9B836B19F70C9000B68B88</string>
				<string>4C6B019C19FE997F00EBF821</string>
				<string>4C3CF7381A0058BF005D5D95</string>
			</array>
			<key>isa</key>
			<string>PBXGroup</string>
			<key>name</key>
			<string>support</string>
			<key>sourceTree</key>
			<string>&lt;group&gt;</string>
		</dict>
		<key>4C9B836B19F70C9000B68B88</key>
		<dict>
			<key>fileEncoding</key>
			<string>4</string>
			<key>isa</key>
			<string>PBXFileReference</string>
			<key>lastKnownFileType</key>
			<string>sourcecode.swift</string>
			<key>path</key>
			<string>MenuViewController.swift</string>
			<key>sourceTree</key>
			<string>&lt;group&gt;</string>
		</dict>
		<key>4C9B836C19F70C9000B68B88</key>
		<dict>
			<key>fileRef</key>
			<string>4C9B836B19F70C9000B68B88</string>
			<key>isa</key>
			<string>PBXBuildFile</string>
		</dict>
		<key>4CA7AB621A0AD1CD005073E7</key>
		<dict>
			<key>fileEncoding</key>
			<string>4</string>
			<key>isa</key>
			<string>PBXFileReference</string>
			<key>lastKnownFileType</key>
			<string>sourcecode.swift</string>
			<key>path</key>
			<string>LocationsViewController.swift</string>
			<key>sourceTree</key>
			<string>&lt;group&gt;</string>
		</dict>
		<key>4CA7AB631A0AD1CD005073E7</key>
		<dict>
			<key>fileRef</key>
			<string>4CA7AB621A0AD1CD005073E7</string>
			<key>isa</key>
			<string>PBXBuildFile</string>
		</dict>
		<key>4CB5F59D19F71255006F09EC</key>
		<dict>
			<key>fileEncoding</key>
			<string>4</string>
			<key>isa</key>
			<string>PBXFileReference</string>
			<key>lastKnownFileType</key>
			<string>sourcecode.swift</string>
			<key>path</key>
			<string>NewsViewController.swift</string>
			<key>sourceTree</key>
			<string>&lt;group&gt;</string>
		</dict>
		<key>4CB5F59E19F71255006F09EC</key>
		<dict>
			<key>fileRef</key>
			<string>4CB5F59D19F71255006F09EC</string>
			<key>isa</key>
			<string>PBXBuildFile</string>
		</dict>
		<key>4CB5F59F19F71BA8006F09EC</key>
		<dict>
			<key>fileEncoding</key>
			<string>4</string>
			<key>isa</key>
			<string>PBXFileReference</string>
			<key>lastKnownFileType</key>
			<string>sourcecode.swift</string>
			<key>path</key>
			<string>NewsDetailViewController.swift</string>
			<key>sourceTree</key>
			<string>&lt;group&gt;</string>
		</dict>
		<key>4CB5F5A019F71BA8006F09EC</key>
		<dict>
			<key>fileRef</key>
			<string>4CB5F59F19F71BA8006F09EC</string>
			<key>isa</key>
			<string>PBXBuildFile</string>
		</dict>
		<key>4CC9A3461A004B65006DE05C</key>
		<dict>
			<key>fileEncoding</key>
			<string>4</string>
			<key>isa</key>
			<string>PBXFileReference</string>
			<key>lastKnownFileType</key>
			<string>sourcecode.c.h</string>
			<key>path</key>
			<string>DIDatepicker.h</string>
			<key>sourceTree</key>
			<string>&lt;group&gt;</string>
		</dict>
		<key>4CC9A3471A004B65006DE05C</key>
		<dict>
			<key>fileEncoding</key>
			<string>4</string>
			<key>isa</key>
			<string>PBXFileReference</string>
			<key>lastKnownFileType</key>
			<string>sourcecode.c.objc</string>
			<key>path</key>
			<string>DIDatepicker.m</string>
			<key>sourceTree</key>
			<string>&lt;group&gt;</string>
		</dict>
		<key>4CC9A3481A004B65006DE05C</key>
		<dict>
			<key>fileEncoding</key>
			<string>4</string>
			<key>isa</key>
			<string>PBXFileReference</string>
			<key>lastKnownFileType</key>
			<string>sourcecode.c.h</string>
			<key>path</key>
			<string>DIDatepickerDateView.h</string>
			<key>sourceTree</key>
			<string>&lt;group&gt;</string>
		</dict>
		<key>4CC9A3491A004B65006DE05C</key>
		<dict>
			<key>fileEncoding</key>
			<string>4</string>
			<key>isa</key>
			<string>PBXFileReference</string>
			<key>lastKnownFileType</key>
			<string>sourcecode.c.objc</string>
			<key>path</key>
			<string>DIDatepickerDateView.m</string>
			<key>sourceTree</key>
			<string>&lt;group&gt;</string>
		</dict>
		<key>4CC9A34A1A004B65006DE05C</key>
		<dict>
			<key>fileRef</key>
			<string>4CC9A3471A004B65006DE05C</string>
			<key>isa</key>
			<string>PBXBuildFile</string>
		</dict>
		<key>4CC9A34B1A004B65006DE05C</key>
		<dict>
			<key>fileRef</key>
			<string>4CC9A3491A004B65006DE05C</string>
			<key>isa</key>
			<string>PBXBuildFile</string>
		</dict>
		<key>4CC9A34C1A004B91006DE05C</key>
		<dict>
			<key>fileEncoding</key>
			<string>4</string>
			<key>isa</key>
			<string>PBXFileReference</string>
			<key>lastKnownFileType</key>
			<string>sourcecode.swift</string>
			<key>path</key>
			<string>CalendarViewController.swift</string>
			<key>sourceTree</key>
			<string>&lt;group&gt;</string>
		</dict>
		<key>4CC9A34D1A004B91006DE05C</key>
		<dict>
			<key>fileRef</key>
			<string>4CC9A34C1A004B91006DE05C</string>
			<key>isa</key>
			<string>PBXBuildFile</string>
		</dict>
		<key>A6186BAC3CEDB78B854975B9</key>
		<dict>
			<key>fileRef</key>
			<string>2869FCA7822D049F9D7F151E</string>
			<key>isa</key>
			<string>PBXBuildFile</string>
		</dict>
		<key>BAEE7E89BC0716F270FF1863</key>
		<dict>
			<key>includeInIndex</key>
			<string>1</string>
			<key>isa</key>
			<string>PBXFileReference</string>
			<key>lastKnownFileType</key>
			<string>text.xcconfig</string>
			<key>name</key>
			<string>Pods.debug.xcconfig</string>
			<key>path</key>
			<string>Pods/Target Support Files/Pods/Pods.debug.xcconfig</string>
			<key>sourceTree</key>
			<string>&lt;group&gt;</string>
		</dict>
		<key>CB693D5CE0F3598FB002B4EA</key>
		<dict>
			<key>includeInIndex</key>
			<string>1</string>
			<key>isa</key>
			<string>PBXFileReference</string>
			<key>lastKnownFileType</key>
			<string>text.xcconfig</string>
			<key>name</key>
			<string>Pods.release.xcconfig</string>
			<key>path</key>
			<string>Pods/Target Support Files/Pods/Pods.release.xcconfig</string>
			<key>sourceTree</key>
			<string>&lt;group&gt;</string>
		</dict>
		<key>D422AFC71A1B9C3600A62C32</key>
		<dict>
			<key>children</key>
			<array>
				<string>b544a6d7874871c8461db369</string>
			</array>
			<key>isa</key>
			<string>PBXGroup</string>
			<key>name</key>
			<string>Frameworks</string>
			<key>path</key>
			<string>wroclaw_2017</string>
			<key>sourceTree</key>
			<string>&lt;group&gt;</string>
		</dict>
		<key>D422AFD01A1C9DBB00A62C32</key>
		<dict>
			<key>fileEncoding</key>
			<string>4</string>
			<key>isa</key>
			<string>PBXFileReference</string>
			<key>lastKnownFileType</key>
			<string>sourcecode.swift</string>
			<key>path</key>
			<string>LocationsDetailViewController.swift</string>
			<key>sourceTree</key>
			<string>&lt;group&gt;</string>
		</dict>
		<key>D422AFD11A1C9DBB00A62C32</key>
		<dict>
			<key>fileRef</key>
			<string>D422AFD01A1C9DBB00A62C32</string>
			<key>isa</key>
			<string>PBXBuildFile</string>
		</dict>
		<key>D422AFD21A1CA45900A62C32</key>
		<dict>
			<key>isa</key>
			<string>PBXFileReference</string>
			<key>lastKnownFileType</key>
			<string>image.png</string>
			<key>path</key>
			<string>route.png</string>
			<key>sourceTree</key>
			<string>&lt;group&gt;</string>
		</dict>
		<key>D422AFD31A1CA45900A62C32</key>
		<dict>
			<key>fileRef</key>
			<string>D422AFD21A1CA45900A62C32</string>
			<key>isa</key>
			<string>PBXBuildFile</string>
		</dict>
		<key>D43E0A841A0A482700121C99</key>
		<dict>
			<key>isa</key>
			<string>PBXFileReference</string>
			<key>lastKnownFileType</key>
			<string>image.png</string>
			<key>path</key>
			<string>ic_action_forward.png</string>
			<key>sourceTree</key>
			<string>&lt;group&gt;</string>
		</dict>
		<key>D43E0A851A0A482700121C99</key>
		<dict>
			<key>fileRef</key>
			<string>D43E0A841A0A482700121C99</string>
			<key>isa</key>
			<string>PBXBuildFile</string>
		</dict>
		<key>D43E0A8A1A0AB0CF00121C99</key>
		<dict>
			<key>isa</key>
			<string>PBXFileReference</string>
			<key>lastKnownFileType</key>
			<string>image.jpeg</string>
			<key>path</key>
			<string>clock.jpg</string>
			<key>sourceTree</key>
			<string>&lt;group&gt;</string>
		</dict>
		<key>D43E0A8B1A0AB0CF00121C99</key>
		<dict>
			<key>fileRef</key>
			<string>D43E0A8A1A0AB0CF00121C99</string>
			<key>isa</key>
			<string>PBXBuildFile</string>
		</dict>
		<key>D43E0A8C1A0AB21F00121C99</key>
		<dict>
			<key>isa</key>
			<string>PBXFileReference</string>
			<key>lastKnownFileType</key>
			<string>image.jpeg</string>
			<key>path</key>
			<string>jujitsu2.jpg</string>
			<key>sourceTree</key>
			<string>&lt;group&gt;</string>
		</dict>
		<key>D43E0A8D1A0AB21F00121C99</key>
		<dict>
			<key>fileRef</key>
			<string>D43E0A8C1A0AB21F00121C99</string>
			<key>isa</key>
			<string>PBXBuildFile</string>
		</dict>
		<key>D43E0A8E1A0AB24500121C99</key>
		<dict>
			<key>isa</key>
			<string>PBXFileReference</string>
			<key>lastKnownFileType</key>
			<string>image.jpeg</string>
			<key>path</key>
			<string>power.jpg</string>
			<key>sourceTree</key>
			<string>&lt;group&gt;</string>
		</dict>
		<key>D43E0A8F1A0AB24500121C99</key>
		<dict>
			<key>fileRef</key>
			<string>D43E0A8E1A0AB24500121C99</string>
			<key>isa</key>
			<string>PBXBuildFile</string>
		</dict>
		<key>D43E0A901A0AB25D00121C99</key>
		<dict>
			<key>isa</key>
			<string>PBXFileReference</string>
			<key>lastKnownFileType</key>
			<string>image.jpeg</string>
			<key>path</key>
			<string>wroclaw2.jpg</string>
			<key>sourceTree</key>
			<string>&lt;group&gt;</string>
		</dict>
		<key>D43E0A911A0AB25D00121C99</key>
		<dict>
			<key>fileRef</key>
			<string>D43E0A901A0AB25D00121C99</string>
			<key>isa</key>
			<string>PBXBuildFile</string>
		</dict>
		<key>D43E0A921A0B66C200121C99</key>
		<dict>
			<key>isa</key>
			<string>PBXFileReference</string>
			<key>lastKnownFileType</key>
			<string>image.png</string>
			<key>path</key>
			<string>ic_action_location_found.png</string>
			<key>sourceTree</key>
			<string>&lt;group&gt;</string>
		</dict>
		<key>D43E0A931A0B66C200121C99</key>
		<dict>
			<key>fileRef</key>
			<string>D43E0A921A0B66C200121C99</string>
			<key>isa</key>
			<string>PBXBuildFile</string>
		</dict>
		<key>D45996391A0E509B002B1059</key>
		<dict>
			<key>isa</key>
			<string>PBXFileReference</string>
			<key>lastKnownFileType</key>
			<string>image.png</string>
			<key>path</key>
			<string>wushu.png</string>
			<key>sourceTree</key>
			<string>&lt;group&gt;</string>
		</dict>
		<key>D459963A1A0E509B002B1059</key>
		<dict>
			<key>fileRef</key>
			<string>D45996391A0E509B002B1059</string>
			<key>isa</key>
			<string>PBXBuildFile</string>
		</dict>
		<key>D459963D1A10F4CA002B1059</key>
		<dict>
			<key>isa</key>
			<string>PBXFileReference</string>
			<key>lastKnownFileType</key>
			<string>image.jpeg</string>
			<key>path</key>
			<string>orbita.jpg</string>
			<key>sourceTree</key>
			<string>&lt;group&gt;</string>
		</dict>
		<key>D459963E1A10F4CA002B1059</key>
		<dict>
			<key>isa</key>
			<string>PBXFileReference</string>
			<key>lastKnownFileType</key>
			<string>image.jpeg</string>
			<key>path</key>
			<string>stadionolimpijski.jpg</string>
			<key>sourceTree</key>
			<string>&lt;group&gt;</string>
		</dict>
		<key>D459963F1A10F4CA002B1059</key>
		<dict>
			<key>fileRef</key>
			<string>D459963D1A10F4CA002B1059</string>
			<key>isa</key>
			<string>PBXBuildFile</string>
		</dict>
		<key>D45996401A10F4CA002B1059</key>
		<dict>
			<key>fileRef</key>
			<string>D459963E1A10F4CA002B1059</string>
			<key>isa</key>
			<string>PBXBuildFile</string>
		</dict>
		<key>D45996411A11046C002B1059</key>
		<dict>
			<key>isa</key>
			<string>PBXFileReference</string>
			<key>lastKnownFileType</key>
			<string>image.jpeg</string>
			<key>path</key>
			<string>lotnisko.jpg</string>
			<key>sourceTree</key>
			<string>&lt;group&gt;</string>
		</dict>
		<key>D45996421A11046C002B1059</key>
		<dict>
			<key>fileRef</key>
			<string>D45996411A11046C002B1059</string>
			<key>isa</key>
			<string>PBXBuildFile</string>
		</dict>
		<key>D45996431A110A28002B1059</key>
		<dict>
			<key>isa</key>
			<string>PBXFileReference</string>
			<key>lastKnownFileType</key>
			<string>image.jpeg</string>
			<key>path</key>
			<string>wakepark_blur.jpg</string>
			<key>sourceTree</key>
			<string>&lt;group&gt;</string>
		</dict>
		<key>D45996441A110A28002B1059</key>
		<dict>
			<key>fileRef</key>
			<string>D45996431A110A28002B1059</string>
			<key>isa</key>
			<string>PBXBuildFile</string>
		</dict>
		<key>D45996451A120372002B1059</key>
		<dict>
			<key>fileEncoding</key>
			<string>4</string>
			<key>isa</key>
			<string>PBXFileReference</string>
			<key>lastKnownFileType</key>
			<string>sourcecode.swift</string>
			<key>path</key>
			<string>DisciplineViewController.swift</string>
			<key>sourceTree</key>
			<string>&lt;group&gt;</string>
		</dict>
		<key>D45996461A120372002B1059</key>
		<dict>
			<key>fileRef</key>
			<string>D45996451A120372002B1059</string>
			<key>isa</key>
			<string>PBXBuildFile</string>
		</dict>
		<key>D45996531A1229D9002B1059</key>
		<dict>
			<key>fileEncoding</key>
			<string>4</string>
			<key>isa</key>
			<string>PBXFileReference</string>
			<key>lastKnownFileType</key>
			<string>sourcecode.swift</string>
			<key>path</key>
			<string>DisciplineDetailViewController.swift</string>
			<key>sourceTree</key>
			<string>&lt;group&gt;</string>
		</dict>
		<key>D45996541A1229D9002B1059</key>
		<dict>
			<key>fileRef</key>
			<string>D45996531A1229D9002B1059</string>
			<key>isa</key>
			<string>PBXBuildFile</string>
		</dict>
		<key>D45996551A13993D002B1059</key>
		<dict>
			<key>fileEncoding</key>
			<string>4</string>
			<key>isa</key>
			<string>PBXFileReference</string>
			<key>lastKnownFileType</key>
			<string>sourcecode.swift</string>
			<key>path</key>
			<string>json.swift</string>
			<key>sourceTree</key>
			<string>&lt;group&gt;</string>
		</dict>
		<key>D45996561A13993D002B1059</key>
		<dict>
			<key>fileRef</key>
			<string>D45996551A13993D002B1059</string>
			<key>isa</key>
			<string>PBXBuildFile</string>
		</dict>
		<key>D46C75CB1A24F93F00620D30</key>
		<dict>
			<key>isa</key>
			<string>PBXFileReference</string>
			<key>lastKnownFileType</key>
			<string>image.png</string>
			<key>path</key>
			<string>medal.png</string>
			<key>sourceTree</key>
			<string>&lt;group&gt;</string>
		</dict>
		<key>D46C75CD1A24F93F00620D30</key>
		<dict>
			<key>fileRef</key>
			<string>D46C75CB1A24F93F00620D30</string>
			<key>isa</key>
			<string>PBXBuildFile</string>
		</dict>
		<key>D46C75D41A24FAB400620D30</key>
		<dict>
			<key>isa</key>
			<string>PBXFileReference</string>
			<key>lastKnownFileType</key>
			<string>image.png</string>
			<key>path</key>
			<string>medal3.png</string>
			<key>sourceTree</key>
			<string>&lt;group&gt;</string>
		</dict>
		<key>D46C75D51A24FAB400620D30</key>
		<dict>
			<key>fileRef</key>
			<string>D46C75D41A24FAB400620D30</string>
			<key>isa</key>
			<string>PBXBuildFile</string>
		</dict>
		<key>D4C38E2B1A208CE60056EA87</key>
		<dict>
			<key>fileEncoding</key>
			<string>4</string>
			<key>isa</key>
			<string>PBXFileReference</string>
			<key>lastKnownFileType</key>
			<string>sourcecode.swift</string>
			<key>path</key>
			<string>SettingsViewController.swift</string>
			<key>sourceTree</key>
			<string>&lt;group&gt;</string>
		</dict>
		<key>D4C38E2C1A208CE60056EA87</key>
		<dict>
			<key>fileRef</key>
			<string>D4C38E2B1A208CE60056EA87</string>
			<key>isa</key>
			<string>PBXBuildFile</string>
		</dict>
		<key>D4C38E2D1A20A20C0056EA87</key>
		<dict>
			<key>isa</key>
			<string>PBXFileReference</string>
			<key>lastKnownFileType</key>
			<string>image.png</string>
			<key>path</key>
			<string>ic_action_settings.png</string>
			<key>sourceTree</key>
			<string>&lt;group&gt;</string>
		</dict>
		<key>D4C38E2E1A20A20C0056EA87</key>
		<dict>
			<key>fileRef</key>
			<string>D4C38E2D1A20A20C0056EA87</string>
			<key>isa</key>
			<string>PBXBuildFile</string>
		</dict>
		<key>D4C38E2F1A20AE220056EA87</key>
		<dict>
			<key>fileEncoding</key>
			<string>4</string>
			<key>isa</key>
			<string>PBXFileReference</string>
			<key>lastKnownFileType</key>
			<string>sourcecode.swift</string>
			<key>path</key>
			<string>SelectCountryTableViewController.swift</string>
			<key>sourceTree</key>
			<string>&lt;group&gt;</string>
		</dict>
		<key>D4C38E301A20AE220056EA87</key>
		<dict>
			<key>fileRef</key>
			<string>D4C38E2F1A20AE220056EA87</string>
			<key>isa</key>
			<string>PBXBuildFile</string>
		</dict>
		<key>D4C38E311A20AE380056EA87</key>
		<dict>
			<key>fileEncoding</key>
			<string>4</string>
			<key>isa</key>
			<string>PBXFileReference</string>
			<key>lastKnownFileType</key>
			<string>sourcecode.swift</string>
			<key>path</key>
			<string>SelectFollowTableViewController.swift</string>
			<key>sourceTree</key>
			<string>&lt;group&gt;</string>
		</dict>
		<key>D4C38E321A20AE380056EA87</key>
		<dict>
			<key>fileRef</key>
			<string>D4C38E311A20AE380056EA87</string>
			<key>isa</key>
			<string>PBXBuildFile</string>
		</dict>
		<key>D4C38E331A20AFE60056EA87</key>
		<dict>
			<key>isa</key>
			<string>PBXFileReference</string>
			<key>lastKnownFileType</key>
			<string>image.png</string>
			<key>path</key>
			<string>England.png</string>
			<key>sourceTree</key>
			<string>&lt;group&gt;</string>
		</dict>
		<key>D4C38E341A20AFE60056EA87</key>
		<dict>
			<key>fileRef</key>
			<string>D4C38E331A20AFE60056EA87</string>
			<key>isa</key>
			<string>PBXBuildFile</string>
		</dict>
		<key>D4C38E351A20AFF00056EA87</key>
		<dict>
			<key>isa</key>
			<string>PBXFileReference</string>
			<key>lastKnownFileType</key>
			<string>image.png</string>
			<key>path</key>
			<string>Poland.png</string>
			<key>sourceTree</key>
			<string>&lt;group&gt;</string>
		</dict>
		<key>D4C38E361A20AFF00056EA87</key>
		<dict>
			<key>fileRef</key>
			<string>D4C38E351A20AFF00056EA87</string>
			<key>isa</key>
			<string>PBXBuildFile</string>
		</dict>
		<key>D4DF74541A2500CC001DA427</key>
		<dict>
			<key>isa</key>
			<string>PBXFileReference</string>
			<key>lastKnownFileType</key>
			<string>image.png</string>
			<key>path</key>
			<string>3medals.png</string>
			<key>sourceTree</key>
			<string>&lt;group&gt;</string>
		</dict>
		<key>D4DF74551A2500CC001DA427</key>
		<dict>
			<key>fileRef</key>
			<string>D4DF74541A2500CC001DA427</string>
			<key>isa</key>
			<string>PBXBuildFile</string>
		</dict>
		<key>D4DF74561A250173001DA427</key>
		<dict>
			<key>fileEncoding</key>
			<string>4</string>
			<key>isa</key>
			<string>PBXFileReference</string>
			<key>lastKnownFileType</key>
			<string>sourcecode.swift</string>
			<key>path</key>
			<string>MedalsViewController.swift</string>
			<key>sourceTree</key>
			<string>&lt;group&gt;</string>
		</dict>
		<key>D4DF74571A250173001DA427</key>
		<dict>
			<key>fileRef</key>
			<string>D4DF74561A250173001DA427</string>
			<key>isa</key>
			<string>PBXBuildFile</string>
		</dict>
		<key>b544a6d7874871c8461db369</key>
		<dict>
			<key>fileEncoding</key>
			<string>4</string>
			<key>isa</key>
			<string>PBXFileReference</string>
			<key>lastKnownFileType</key>
			<string>wrapper.framework</string>
			<key>name</key>
			<string>CFNetwork.framework</string>
			<key>path</key>
			<string>System/Library/Frameworks/CFNetwork.framework</string>
			<key>sourceTree</key>
			<string>SDKROOT</string>
		</dict>
	</dict>
	<key>rootObject</key>
	<string>4C9B831E19F6F5A800B68B88</string>
</dict>
</plist>
