// !$*UTF8*$!
{
	archiveVersion = 1;
	classes = {
	};
	objectVersion = 46;
	objects = {

/* Begin PBXBuildFile section */
		4C0E6ED41A0922C9006A22D7 /* Main.storyboard in Resources */ = {isa = PBXBuildFile; fileRef = 4C0E6ED31A0922C9006A22D7 /* Main.storyboard */; };
		4C3658581A386A280056D7B8 /* json.swift in Sources */ = {isa = PBXBuildFile; fileRef = D45996551A13993D002B1059 /* json.swift */; };
		4C39069A1A2E244700DD1A54 /* NotificationJSON.swift in Sources */ = {isa = PBXBuildFile; fileRef = 4C3906991A2E244700DD1A54 /* NotificationJSON.swift */; };
		4C3CF7391A0058BF005D5D95 /* Utils.swift in Sources */ = {isa = PBXBuildFile; fileRef = 4C3CF7381A0058BF005D5D95 /* Utils.swift */; };
		4C3D16321A076EE6001EBDA7 /* MapKit.framework in Frameworks */ = {isa = PBXBuildFile; fileRef = 4C3D16311A076EE6001EBDA7 /* MapKit.framework */; };
		4C3F8F971A0A776C0066F3F7 /* bg_news.jpg in Resources */ = {isa = PBXBuildFile; fileRef = 4C3F8F961A0A776C0066F3F7 /* bg_news.jpg */; };
		4C3F8F9B1A0A79550066F3F7 /* news1.jpg in Resources */ = {isa = PBXBuildFile; fileRef = 4C3F8F981A0A79550066F3F7 /* news1.jpg */; };
		4C3F8F9D1A0A79550066F3F7 /* news3.jpg in Resources */ = {isa = PBXBuildFile; fileRef = 4C3F8F9A1A0A79550066F3F7 /* news3.jpg */; };
		4C3F8F9F1A0A79970066F3F7 /* news2.jpg in Resources */ = {isa = PBXBuildFile; fileRef = 4C3F8F9E1A0A79970066F3F7 /* news2.jpg */; };
		4C4B9E041A09FFF000F60266 /* InfoViewController.swift in Sources */ = {isa = PBXBuildFile; fileRef = 4C4B9E031A09FFF000F60266 /* InfoViewController.swift */; };
		4C4C75991A35DBA900D89546 /* InfoTableViewCell.swift in Sources */ = {isa = PBXBuildFile; fileRef = 4C4C75981A35DBA900D89546 /* InfoTableViewCell.swift */; };
		4C4C759F1A35DF7600D89546 /* DisciplineTableViewCell.swift in Sources */ = {isa = PBXBuildFile; fileRef = 4C4C759E1A35DF7600D89546 /* DisciplineTableViewCell.swift */; };
		4C52D1541A0AD92A0060E222 /* CoreLocation.framework in Frameworks */ = {isa = PBXBuildFile; fileRef = 4C52D1531A0AD92A0060E222 /* CoreLocation.framework */; };
		4C6B019D19FE997F00EBF821 /* NewsTableViewCell.swift in Sources */ = {isa = PBXBuildFile; fileRef = 4C6B019C19FE997F00EBF821 /* NewsTableViewCell.swift */; };
		4C8A7C081A1CD305008754F3 /* aikido.png in Resources */ = {isa = PBXBuildFile; fileRef = 4C8A7BE51A1CD305008754F3 /* aikido.png */; };
		4C8A7C091A1CD305008754F3 /* air-sports.png in Resources */ = {isa = PBXBuildFile; fileRef = 4C8A7BE61A1CD305008754F3 /* air-sports.png */; };
		4C8A7C0A1A1CD305008754F3 /* archery.png in Resources */ = {isa = PBXBuildFile; fileRef = 4C8A7BE71A1CD305008754F3 /* archery.png */; };
		4C8A7C0B1A1CD305008754F3 /* beach-handball.png in Resources */ = {isa = PBXBuildFile; fileRef = 4C8A7BE81A1CD305008754F3 /* beach-handball.png */; };
		4C8A7C0C1A1CD305008754F3 /* billiard-sports.png in Resources */ = {isa = PBXBuildFile; fileRef = 4C8A7BE91A1CD305008754F3 /* billiard-sports.png */; };
		4C8A7C0D1A1CD305008754F3 /* bodybuilding.png in Resources */ = {isa = PBXBuildFile; fileRef = 4C8A7BEA1A1CD305008754F3 /* bodybuilding.png */; };
		4C8A7C0E1A1CD305008754F3 /* boules-sports.png in Resources */ = {isa = PBXBuildFile; fileRef = 4C8A7BEB1A1CD305008754F3 /* boules-sports.png */; };
		4C8A7C0F1A1CD305008754F3 /* bowling.png in Resources */ = {isa = PBXBuildFile; fileRef = 4C8A7BEC1A1CD305008754F3 /* bowling.png */; };
		4C8A7C101A1CD305008754F3 /* canoe.png in Resources */ = {isa = PBXBuildFile; fileRef = 4C8A7BED1A1CD305008754F3 /* canoe.png */; };
		4C8A7C111A1CD305008754F3 /* Dance Sport.png in Resources */ = {isa = PBXBuildFile; fileRef = 4C8A7BEE1A1CD305008754F3 /* Dance Sport.png */; };
		4C8A7C121A1CD305008754F3 /* finswimming.png in Resources */ = {isa = PBXBuildFile; fileRef = 4C8A7BEF1A1CD305008754F3 /* finswimming.png */; };
		4C8A7C131A1CD305008754F3 /* fistball.png in Resources */ = {isa = PBXBuildFile; fileRef = 4C8A7BF01A1CD305008754F3 /* fistball.png */; };
		4C8A7C141A1CD305008754F3 /* floorball.png in Resources */ = {isa = PBXBuildFile; fileRef = 4C8A7BF11A1CD305008754F3 /* floorball.png */; };
		4C8A7C151A1CD305008754F3 /* flying-disc.png in Resources */ = {isa = PBXBuildFile; fileRef = 4C8A7BF21A1CD305008754F3 /* flying-disc.png */; };
		4C8A7C161A1CD305008754F3 /* gymnastics.png in Resources */ = {isa = PBXBuildFile; fileRef = 4C8A7BF31A1CD305008754F3 /* gymnastics.png */; };
		4C8A7C171A1CD305008754F3 /* ju-jitsu.png in Resources */ = {isa = PBXBuildFile; fileRef = 4C8A7BF41A1CD305008754F3 /* ju-jitsu.png */; };
		4C8A7C181A1CD305008754F3 /* karate.png in Resources */ = {isa = PBXBuildFile; fileRef = 4C8A7BF51A1CD305008754F3 /* karate.png */; };
		4C8A7C191A1CD305008754F3 /* kickboxing.png in Resources */ = {isa = PBXBuildFile; fileRef = 4C8A7BF61A1CD305008754F3 /* kickboxing.png */; };
		4C8A7C1A1A1CD305008754F3 /* korfball.png in Resources */ = {isa = PBXBuildFile; fileRef = 4C8A7BF71A1CD305008754F3 /* korfball.png */; };
		4C8A7C1B1A1CD305008754F3 /* lacrosse.png in Resources */ = {isa = PBXBuildFile; fileRef = 4C8A7BF81A1CD305008754F3 /* lacrosse.png */; };
		4C8A7C1C1A1CD305008754F3 /* life-saving.png in Resources */ = {isa = PBXBuildFile; fileRef = 4C8A7BF91A1CD305008754F3 /* life-saving.png */; };
		4C8A7C1D1A1CD305008754F3 /* muaythai.png in Resources */ = {isa = PBXBuildFile; fileRef = 4C8A7BFA1A1CD305008754F3 /* muaythai.png */; };
		4C8A7C1E1A1CD305008754F3 /* netball.png in Resources */ = {isa = PBXBuildFile; fileRef = 4C8A7BFB1A1CD305008754F3 /* netball.png */; };
		4C8A7C1F1A1CD305008754F3 /* orienteering.png in Resources */ = {isa = PBXBuildFile; fileRef = 4C8A7BFC1A1CD305008754F3 /* orienteering.png */; };
		4C8A7C201A1CD305008754F3 /* powerlifting.png in Resources */ = {isa = PBXBuildFile; fileRef = 4C8A7BFD1A1CD305008754F3 /* powerlifting.png */; };
		4C8A7C211A1CD305008754F3 /* racquetball.png in Resources */ = {isa = PBXBuildFile; fileRef = 4C8A7BFE1A1CD305008754F3 /* racquetball.png */; };
		4C8A7C221A1CD305008754F3 /* roller-sports.png in Resources */ = {isa = PBXBuildFile; fileRef = 4C8A7BFF1A1CD305008754F3 /* roller-sports.png */; };
		4C8A7C231A1CD305008754F3 /* softball.png in Resources */ = {isa = PBXBuildFile; fileRef = 4C8A7C001A1CD305008754F3 /* softball.png */; };
		4C8A7C241A1CD305008754F3 /* sport-climbing.png in Resources */ = {isa = PBXBuildFile; fileRef = 4C8A7C011A1CD305008754F3 /* sport-climbing.png */; };
		4C8A7C251A1CD305008754F3 /* squash.png in Resources */ = {isa = PBXBuildFile; fileRef = 4C8A7C021A1CD305008754F3 /* squash.png */; };
		4C8A7C261A1CD305008754F3 /* sumo.png in Resources */ = {isa = PBXBuildFile; fileRef = 4C8A7C031A1CD305008754F3 /* sumo.png */; };
		4C8A7C271A1CD305008754F3 /* surfing.png in Resources */ = {isa = PBXBuildFile; fileRef = 4C8A7C041A1CD305008754F3 /* surfing.png */; };
		4C8A7C281A1CD305008754F3 /* tug-of-war.png in Resources */ = {isa = PBXBuildFile; fileRef = 4C8A7C051A1CD305008754F3 /* tug-of-war.png */; };
		4C8A7C291A1CD305008754F3 /* waterski-&-wakeboard.png in Resources */ = {isa = PBXBuildFile; fileRef = 4C8A7C061A1CD305008754F3 /* waterski-&-wakeboard.png */; };
		4C8A7C2A1A1CD305008754F3 /* wushu.png in Resources */ = {isa = PBXBuildFile; fileRef = 4C8A7C071A1CD305008754F3 /* wushu.png */; };
		4C9B832C19F6F5A800B68B88 /* AppDelegate.swift in Sources */ = {isa = PBXBuildFile; fileRef = 4C9B832B19F6F5A800B68B88 /* AppDelegate.swift */; };
		4C9B833319F6F5A800B68B88 /* Images.xcassets in Resources */ = {isa = PBXBuildFile; fileRef = 4C9B833219F6F5A800B68B88 /* Images.xcassets */; };
		4C9B834C19F6F63E00B68B88 /* LaunchScreen.xib in Resources */ = {isa = PBXBuildFile; fileRef = 4C9B834B19F6F63E00B68B88 /* LaunchScreen.xib */; };
		4C9B835919F6F67000B68B88 /* ic_action_about.png in Resources */ = {isa = PBXBuildFile; fileRef = 4C9B834E19F6F67000B68B88 /* ic_action_about.png */; };
		4C9B835A19F6F67000B68B88 /* ic_action_chat.png in Resources */ = {isa = PBXBuildFile; fileRef = 4C9B834F19F6F67000B68B88 /* ic_action_chat.png */; };
		4C9B835B19F6F67000B68B88 /* ic_action_go_to_today.png in Resources */ = {isa = PBXBuildFile; fileRef = 4C9B835019F6F67000B68B88 /* ic_action_go_to_today.png */; };
		4C9B835C19F6F67000B68B88 /* ic_action_network_cell.png in Resources */ = {isa = PBXBuildFile; fileRef = 4C9B835119F6F67000B68B88 /* ic_action_network_cell.png */; };
		4C9B835D19F6F67000B68B88 /* ic_action_place.png in Resources */ = {isa = PBXBuildFile; fileRef = 4C9B835219F6F67000B68B88 /* ic_action_place.png */; };
		4C9B835E19F6F67000B68B88 /* logo.png in Resources */ = {isa = PBXBuildFile; fileRef = 4C9B835319F6F67000B68B88 /* logo.png */; };
		4C9B836219F6F67000B68B88 /* reveal-icon.png in Resources */ = {isa = PBXBuildFile; fileRef = 4C9B835719F6F67000B68B88 /* reveal-icon.png */; };
		4C9B836319F6F67000B68B88 /* reveal-icon@2x.png in Resources */ = {isa = PBXBuildFile; fileRef = 4C9B835819F6F67000B68B88 /* reveal-icon@2x.png */; };
		4C9B836719F6F71100B68B88 /* SWRevealViewController.m in Sources */ = {isa = PBXBuildFile; fileRef = 4C9B836619F6F71100B68B88 /* SWRevealViewController.m */; };
		4C9B836C19F70C9000B68B88 /* MenuViewController.swift in Sources */ = {isa = PBXBuildFile; fileRef = 4C9B836B19F70C9000B68B88 /* MenuViewController.swift */; };
		4CA737391A38369000613F2F /* menu_bg.png in Resources */ = {isa = PBXBuildFile; fileRef = 4CA737381A38369000613F2F /* menu_bg.png */; };
		4CA7373B1A3838D700613F2F /* bg_all.png in Resources */ = {isa = PBXBuildFile; fileRef = 4CA7373A1A3838D700613F2F /* bg_all.png */; };
		4CA7373D1A3848E500613F2F /* bg_info.png in Resources */ = {isa = PBXBuildFile; fileRef = 4CA7373C1A3848E500613F2F /* bg_info.png */; };
		4CA7373F1A384B3200613F2F /* ic_action_send_now.png in Resources */ = {isa = PBXBuildFile; fileRef = 4CA7373E1A384B3200613F2F /* ic_action_send_now.png */; };
		4CA7AB631A0AD1CD005073E7 /* LocationsViewController.swift in Sources */ = {isa = PBXBuildFile; fileRef = 4CA7AB621A0AD1CD005073E7 /* LocationsViewController.swift */; };
		4CB5F59E19F71255006F09EC /* NewsViewController.swift in Sources */ = {isa = PBXBuildFile; fileRef = 4CB5F59D19F71255006F09EC /* NewsViewController.swift */; };
		4CB5F5A019F71BA8006F09EC /* NewsDetailViewController.swift in Sources */ = {isa = PBXBuildFile; fileRef = 4CB5F59F19F71BA8006F09EC /* NewsDetailViewController.swift */; };
		4CBAFCAD1A370FFB0097813C /* InfoMenuViewController.swift in Sources */ = {isa = PBXBuildFile; fileRef = 4CBAFCAC1A370FFB0097813C /* InfoMenuViewController.swift */; };
		4CBBDF0E1A35E27B00E0C135 /* MedalsTableViewCell.swift in Sources */ = {isa = PBXBuildFile; fileRef = 4CBBDF0D1A35E27B00E0C135 /* MedalsTableViewCell.swift */; };
		4CBBDF101A35E29700E0C135 /* ResultsTableViewCell.swift in Sources */ = {isa = PBXBuildFile; fileRef = 4CBBDF0F1A35E29700E0C135 /* ResultsTableViewCell.swift */; };
		4CBD620E1A385F8100751777 /* wroclaw_2017_Tests.swift in Sources */ = {isa = PBXBuildFile; fileRef = 4CBD620D1A385F8100751777 /* wroclaw_2017_Tests.swift */; };
		4CC9A34A1A004B65006DE05C /* DIDatepicker.m in Sources */ = {isa = PBXBuildFile; fileRef = 4CC9A3471A004B65006DE05C /* DIDatepicker.m */; };
		4CC9A34B1A004B65006DE05C /* DIDatepickerDateView.m in Sources */ = {isa = PBXBuildFile; fileRef = 4CC9A3491A004B65006DE05C /* DIDatepickerDateView.m */; };
		4CC9A34D1A004B91006DE05C /* CalendarViewController.swift in Sources */ = {isa = PBXBuildFile; fileRef = 4CC9A34C1A004B91006DE05C /* CalendarViewController.swift */; };
		4CF84D021A376D65005E528C /* Reachability.swift in Sources */ = {isa = PBXBuildFile; fileRef = 4CF84D011A376D65005E528C /* Reachability.swift */; };
		D422AFD11A1C9DBB00A62C32 /* LocationsDetailViewController.swift in Sources */ = {isa = PBXBuildFile; fileRef = D422AFD01A1C9DBB00A62C32 /* LocationsDetailViewController.swift */; };
		D422AFD31A1CA45900A62C32 /* route.png in Resources */ = {isa = PBXBuildFile; fileRef = D422AFD21A1CA45900A62C32 /* route.png */; };
		D42821871A2DDBF40087546F /* navi.png in Resources */ = {isa = PBXBuildFile; fileRef = D42821861A2DDBF40087546F /* navi.png */; };
		D43E0A851A0A482700121C99 /* ic_action_forward.png in Resources */ = {isa = PBXBuildFile; fileRef = D43E0A841A0A482700121C99 /* ic_action_forward.png */; };
		D43E0A8B1A0AB0CF00121C99 /* clock.jpg in Resources */ = {isa = PBXBuildFile; fileRef = D43E0A8A1A0AB0CF00121C99 /* clock.jpg */; };
		D43E0A8D1A0AB21F00121C99 /* jujitsu2.jpg in Resources */ = {isa = PBXBuildFile; fileRef = D43E0A8C1A0AB21F00121C99 /* jujitsu2.jpg */; };
		D43E0A8F1A0AB24500121C99 /* power.jpg in Resources */ = {isa = PBXBuildFile; fileRef = D43E0A8E1A0AB24500121C99 /* power.jpg */; };
		D43E0A911A0AB25D00121C99 /* wroclaw2.jpg in Resources */ = {isa = PBXBuildFile; fileRef = D43E0A901A0AB25D00121C99 /* wroclaw2.jpg */; };
		D43E0A931A0B66C200121C99 /* ic_action_location_found.png in Resources */ = {isa = PBXBuildFile; fileRef = D43E0A921A0B66C200121C99 /* ic_action_location_found.png */; };
		D459963A1A0E509B002B1059 /* wushu.png in Resources */ = {isa = PBXBuildFile; fileRef = D45996391A0E509B002B1059 /* wushu.png */; };
		D459963F1A10F4CA002B1059 /* orbita.jpg in Resources */ = {isa = PBXBuildFile; fileRef = D459963D1A10F4CA002B1059 /* orbita.jpg */; };
		D45996401A10F4CA002B1059 /* stadionolimpijski.jpg in Resources */ = {isa = PBXBuildFile; fileRef = D459963E1A10F4CA002B1059 /* stadionolimpijski.jpg */; };
		D45996421A11046C002B1059 /* lotnisko.jpg in Resources */ = {isa = PBXBuildFile; fileRef = D45996411A11046C002B1059 /* lotnisko.jpg */; };
		D45996441A110A28002B1059 /* wakepark_blur.jpg in Resources */ = {isa = PBXBuildFile; fileRef = D45996431A110A28002B1059 /* wakepark_blur.jpg */; };
		D45996461A120372002B1059 /* DisciplineViewController.swift in Sources */ = {isa = PBXBuildFile; fileRef = D45996451A120372002B1059 /* DisciplineViewController.swift */; };
		D45996541A1229D9002B1059 /* DisciplineDetailViewController.swift in Sources */ = {isa = PBXBuildFile; fileRef = D45996531A1229D9002B1059 /* DisciplineDetailViewController.swift */; };
		D45996561A13993D002B1059 /* json.swift in Sources */ = {isa = PBXBuildFile; fileRef = D45996551A13993D002B1059 /* json.swift */; };
		D45D88C41A27CF660062D063 /* medal-bronze.png in Resources */ = {isa = PBXBuildFile; fileRef = D45D88C11A27CF660062D063 /* medal-bronze.png */; };
		D45D88C51A27CF660062D063 /* medal-gold.png in Resources */ = {isa = PBXBuildFile; fileRef = D45D88C21A27CF660062D063 /* medal-gold.png */; };
		D45D88C61A27CF660062D063 /* medal-silver.png in Resources */ = {isa = PBXBuildFile; fileRef = D45D88C31A27CF660062D063 /* medal-silver.png */; };
		D46C75CD1A24F93F00620D30 /* medal.png in Resources */ = {isa = PBXBuildFile; fileRef = D46C75CB1A24F93F00620D30 /* medal.png */; };
		D46C75D51A24FAB400620D30 /* medal3.png in Resources */ = {isa = PBXBuildFile; fileRef = D46C75D41A24FAB400620D30 /* medal3.png */; };
		D4C38E2C1A208CE60056EA87 /* SettingsViewController.swift in Sources */ = {isa = PBXBuildFile; fileRef = D4C38E2B1A208CE60056EA87 /* SettingsViewController.swift */; };
		D4C38E2E1A20A20C0056EA87 /* ic_action_settings.png in Resources */ = {isa = PBXBuildFile; fileRef = D4C38E2D1A20A20C0056EA87 /* ic_action_settings.png */; };
		D4C38E301A20AE220056EA87 /* SelectLanguageTableViewController.swift in Sources */ = {isa = PBXBuildFile; fileRef = D4C38E2F1A20AE220056EA87 /* SelectLanguageTableViewController.swift */; };
		D4C38E321A20AE380056EA87 /* SelectFollowTableViewController.swift in Sources */ = {isa = PBXBuildFile; fileRef = D4C38E311A20AE380056EA87 /* SelectFollowTableViewController.swift */; };
		D4C38E341A20AFE60056EA87 /* England.png in Resources */ = {isa = PBXBuildFile; fileRef = D4C38E331A20AFE60056EA87 /* England.png */; };
		D4C38E361A20AFF00056EA87 /* Poland.png in Resources */ = {isa = PBXBuildFile; fileRef = D4C38E351A20AFF00056EA87 /* Poland.png */; };
		D4DF74611A264533001DA427 /* 3medals@2x.png in Resources */ = {isa = PBXBuildFile; fileRef = D4DF74601A264533001DA427 /* 3medals@2x.png */; };
		D4DF74631A264556001DA427 /* MedalsViewController.swift in Sources */ = {isa = PBXBuildFile; fileRef = D4DF74621A264556001DA427 /* MedalsViewController.swift */; };
		D4DF74651A26455F001DA427 /* RecentResultsViewController.swift in Sources */ = {isa = PBXBuildFile; fileRef = D4DF74641A26455F001DA427 /* RecentResultsViewController.swift */; };
/* End PBXBuildFile section */

/* Begin PBXContainerItemProxy section */
		4CBD620F1A385F8100751777 /* PBXContainerItemProxy */ = {
			isa = PBXContainerItemProxy;
			containerPortal = 4C9B831E19F6F5A800B68B88 /* Project object */;
			proxyType = 1;
			remoteGlobalIDString = 4C9B832519F6F5A800B68B88;
			remoteInfo = wroclaw_2017;
		};
/* End PBXContainerItemProxy section */

/* Begin PBXFileReference section */
		4C0E6ED31A0922C9006A22D7 /* Main.storyboard */ = {isa = PBXFileReference; fileEncoding = 4; lastKnownFileType = file.storyboard; path = Main.storyboard; sourceTree = "<group>"; };
		4C3906991A2E244700DD1A54 /* NotificationJSON.swift */ = {isa = PBXFileReference; fileEncoding = 4; lastKnownFileType = sourcecode.swift; path = NotificationJSON.swift; sourceTree = "<group>"; };
		4C3CF7381A0058BF005D5D95 /* Utils.swift */ = {isa = PBXFileReference; fileEncoding = 4; lastKnownFileType = sourcecode.swift; path = Utils.swift; sourceTree = "<group>"; };
		4C3D16311A076EE6001EBDA7 /* MapKit.framework */ = {isa = PBXFileReference; lastKnownFileType = wrapper.framework; name = MapKit.framework; path = System/Library/Frameworks/MapKit.framework; sourceTree = SDKROOT; };
		4C3F8F961A0A776C0066F3F7 /* bg_news.jpg */ = {isa = PBXFileReference; lastKnownFileType = image.jpeg; path = bg_news.jpg; sourceTree = "<group>"; };
		4C3F8F981A0A79550066F3F7 /* news1.jpg */ = {isa = PBXFileReference; lastKnownFileType = image.jpeg; path = news1.jpg; sourceTree = "<group>"; };
		4C3F8F9A1A0A79550066F3F7 /* news3.jpg */ = {isa = PBXFileReference; lastKnownFileType = image.jpeg; path = news3.jpg; sourceTree = "<group>"; };
		4C3F8F9E1A0A79970066F3F7 /* news2.jpg */ = {isa = PBXFileReference; lastKnownFileType = image.jpeg; path = news2.jpg; sourceTree = "<group>"; };
		4C4B9E031A09FFF000F60266 /* InfoViewController.swift */ = {isa = PBXFileReference; fileEncoding = 4; lastKnownFileType = sourcecode.swift; path = InfoViewController.swift; sourceTree = "<group>"; };
		4C4C75981A35DBA900D89546 /* InfoTableViewCell.swift */ = {isa = PBXFileReference; fileEncoding = 4; lastKnownFileType = sourcecode.swift; path = InfoTableViewCell.swift; sourceTree = "<group>"; };
		4C4C759E1A35DF7600D89546 /* DisciplineTableViewCell.swift */ = {isa = PBXFileReference; fileEncoding = 4; lastKnownFileType = sourcecode.swift; path = DisciplineTableViewCell.swift; sourceTree = "<group>"; };
		4C52D1531A0AD92A0060E222 /* CoreLocation.framework */ = {isa = PBXFileReference; lastKnownFileType = wrapper.framework; name = CoreLocation.framework; path = System/Library/Frameworks/CoreLocation.framework; sourceTree = SDKROOT; };
		4C6B019C19FE997F00EBF821 /* NewsTableViewCell.swift */ = {isa = PBXFileReference; fileEncoding = 4; lastKnownFileType = sourcecode.swift; path = NewsTableViewCell.swift; sourceTree = "<group>"; };
		4C8A7BE51A1CD305008754F3 /* aikido.png */ = {isa = PBXFileReference; lastKnownFileType = image.png; path = aikido.png; sourceTree = "<group>"; };
		4C8A7BE61A1CD305008754F3 /* air-sports.png */ = {isa = PBXFileReference; lastKnownFileType = image.png; path = "air-sports.png"; sourceTree = "<group>"; };
		4C8A7BE71A1CD305008754F3 /* archery.png */ = {isa = PBXFileReference; lastKnownFileType = image.png; path = archery.png; sourceTree = "<group>"; };
		4C8A7BE81A1CD305008754F3 /* beach-handball.png */ = {isa = PBXFileReference; lastKnownFileType = image.png; path = "beach-handball.png"; sourceTree = "<group>"; };
		4C8A7BE91A1CD305008754F3 /* billiard-sports.png */ = {isa = PBXFileReference; lastKnownFileType = image.png; path = "billiard-sports.png"; sourceTree = "<group>"; };
		4C8A7BEA1A1CD305008754F3 /* bodybuilding.png */ = {isa = PBXFileReference; lastKnownFileType = image.png; path = bodybuilding.png; sourceTree = "<group>"; };
		4C8A7BEB1A1CD305008754F3 /* boules-sports.png */ = {isa = PBXFileReference; lastKnownFileType = image.png; path = "boules-sports.png"; sourceTree = "<group>"; };
		4C8A7BEC1A1CD305008754F3 /* bowling.png */ = {isa = PBXFileReference; lastKnownFileType = image.png; path = bowling.png; sourceTree = "<group>"; };
		4C8A7BED1A1CD305008754F3 /* canoe.png */ = {isa = PBXFileReference; lastKnownFileType = image.png; path = canoe.png; sourceTree = "<group>"; };
		4C8A7BEE1A1CD305008754F3 /* Dance Sport.png */ = {isa = PBXFileReference; lastKnownFileType = image.png; path = "Dance Sport.png"; sourceTree = "<group>"; };
		4C8A7BEF1A1CD305008754F3 /* finswimming.png */ = {isa = PBXFileReference; lastKnownFileType = image.png; path = finswimming.png; sourceTree = "<group>"; };
		4C8A7BF01A1CD305008754F3 /* fistball.png */ = {isa = PBXFileReference; lastKnownFileType = image.png; path = fistball.png; sourceTree = "<group>"; };
		4C8A7BF11A1CD305008754F3 /* floorball.png */ = {isa = PBXFileReference; lastKnownFileType = image.png; path = floorball.png; sourceTree = "<group>"; };
		4C8A7BF21A1CD305008754F3 /* flying-disc.png */ = {isa = PBXFileReference; lastKnownFileType = image.png; path = "flying-disc.png"; sourceTree = "<group>"; };
		4C8A7BF31A1CD305008754F3 /* gymnastics.png */ = {isa = PBXFileReference; lastKnownFileType = image.png; path = gymnastics.png; sourceTree = "<group>"; };
		4C8A7BF41A1CD305008754F3 /* ju-jitsu.png */ = {isa = PBXFileReference; lastKnownFileType = image.png; path = "ju-jitsu.png"; sourceTree = "<group>"; };
		4C8A7BF51A1CD305008754F3 /* karate.png */ = {isa = PBXFileReference; lastKnownFileType = image.png; path = karate.png; sourceTree = "<group>"; };
		4C8A7BF61A1CD305008754F3 /* kickboxing.png */ = {isa = PBXFileReference; lastKnownFileType = image.png; path = kickboxing.png; sourceTree = "<group>"; };
		4C8A7BF71A1CD305008754F3 /* korfball.png */ = {isa = PBXFileReference; lastKnownFileType = image.png; path = korfball.png; sourceTree = "<group>"; };
		4C8A7BF81A1CD305008754F3 /* lacrosse.png */ = {isa = PBXFileReference; lastKnownFileType = image.png; path = lacrosse.png; sourceTree = "<group>"; };
		4C8A7BF91A1CD305008754F3 /* life-saving.png */ = {isa = PBXFileReference; lastKnownFileType = image.png; path = "life-saving.png"; sourceTree = "<group>"; };
		4C8A7BFA1A1CD305008754F3 /* muaythai.png */ = {isa = PBXFileReference; lastKnownFileType = image.png; path = muaythai.png; sourceTree = "<group>"; };
		4C8A7BFB1A1CD305008754F3 /* netball.png */ = {isa = PBXFileReference; lastKnownFileType = image.png; path = netball.png; sourceTree = "<group>"; };
		4C8A7BFC1A1CD305008754F3 /* orienteering.png */ = {isa = PBXFileReference; lastKnownFileType = image.png; path = orienteering.png; sourceTree = "<group>"; };
		4C8A7BFD1A1CD305008754F3 /* powerlifting.png */ = {isa = PBXFileReference; lastKnownFileType = image.png; path = powerlifting.png; sourceTree = "<group>"; };
		4C8A7BFE1A1CD305008754F3 /* racquetball.png */ = {isa = PBXFileReference; lastKnownFileType = image.png; path = racquetball.png; sourceTree = "<group>"; };
		4C8A7BFF1A1CD305008754F3 /* roller-sports.png */ = {isa = PBXFileReference; lastKnownFileType = image.png; path = "roller-sports.png"; sourceTree = "<group>"; };
		4C8A7C001A1CD305008754F3 /* softball.png */ = {isa = PBXFileReference; lastKnownFileType = image.png; path = softball.png; sourceTree = "<group>"; };
		4C8A7C011A1CD305008754F3 /* sport-climbing.png */ = {isa = PBXFileReference; lastKnownFileType = image.png; path = "sport-climbing.png"; sourceTree = "<group>"; };
		4C8A7C021A1CD305008754F3 /* squash.png */ = {isa = PBXFileReference; lastKnownFileType = image.png; path = squash.png; sourceTree = "<group>"; };
		4C8A7C031A1CD305008754F3 /* sumo.png */ = {isa = PBXFileReference; lastKnownFileType = image.png; path = sumo.png; sourceTree = "<group>"; };
		4C8A7C041A1CD305008754F3 /* surfing.png */ = {isa = PBXFileReference; lastKnownFileType = image.png; path = surfing.png; sourceTree = "<group>"; };
		4C8A7C051A1CD305008754F3 /* tug-of-war.png */ = {isa = PBXFileReference; lastKnownFileType = image.png; path = "tug-of-war.png"; sourceTree = "<group>"; };
		4C8A7C061A1CD305008754F3 /* waterski-&-wakeboard.png */ = {isa = PBXFileReference; lastKnownFileType = image.png; path = "waterski-&-wakeboard.png"; sourceTree = "<group>"; };
		4C8A7C071A1CD305008754F3 /* wushu.png */ = {isa = PBXFileReference; lastKnownFileType = image.png; path = wushu.png; sourceTree = "<group>"; };
		4C9B832619F6F5A800B68B88 /* Wroclaw2017.app */ = {isa = PBXFileReference; explicitFileType = wrapper.application; includeInIndex = 0; path = Wroclaw2017.app; sourceTree = BUILT_PRODUCTS_DIR; };
		4C9B832A19F6F5A800B68B88 /* Info.plist */ = {isa = PBXFileReference; lastKnownFileType = text.plist.xml; path = Info.plist; sourceTree = "<group>"; };
		4C9B832B19F6F5A800B68B88 /* AppDelegate.swift */ = {isa = PBXFileReference; lastKnownFileType = sourcecode.swift; path = AppDelegate.swift; sourceTree = "<group>"; };
		4C9B833219F6F5A800B68B88 /* Images.xcassets */ = {isa = PBXFileReference; lastKnownFileType = folder.assetcatalog; path = Images.xcassets; sourceTree = "<group>"; };
		4C9B834B19F6F63E00B68B88 /* LaunchScreen.xib */ = {isa = PBXFileReference; fileEncoding = 4; lastKnownFileType = file.xib; path = LaunchScreen.xib; sourceTree = "<group>"; };
		4C9B834E19F6F67000B68B88 /* ic_action_about.png */ = {isa = PBXFileReference; lastKnownFileType = image.png; path = ic_action_about.png; sourceTree = "<group>"; };
		4C9B834F19F6F67000B68B88 /* ic_action_chat.png */ = {isa = PBXFileReference; lastKnownFileType = image.png; path = ic_action_chat.png; sourceTree = "<group>"; };
		4C9B835019F6F67000B68B88 /* ic_action_go_to_today.png */ = {isa = PBXFileReference; lastKnownFileType = image.png; path = ic_action_go_to_today.png; sourceTree = "<group>"; };
		4C9B835119F6F67000B68B88 /* ic_action_network_cell.png */ = {isa = PBXFileReference; lastKnownFileType = image.png; path = ic_action_network_cell.png; sourceTree = "<group>"; };
		4C9B835219F6F67000B68B88 /* ic_action_place.png */ = {isa = PBXFileReference; lastKnownFileType = image.png; path = ic_action_place.png; sourceTree = "<group>"; };
		4C9B835319F6F67000B68B88 /* logo.png */ = {isa = PBXFileReference; lastKnownFileType = image.png; path = logo.png; sourceTree = "<group>"; };
		4C9B835719F6F67000B68B88 /* reveal-icon.png */ = {isa = PBXFileReference; lastKnownFileType = image.png; path = "reveal-icon.png"; sourceTree = "<group>"; };
		4C9B835819F6F67000B68B88 /* reveal-icon@2x.png */ = {isa = PBXFileReference; lastKnownFileType = image.png; path = "reveal-icon@2x.png"; sourceTree = "<group>"; };
		4C9B836419F6F71100B68B88 /* wroclaw_2017-Bridging-Header.h */ = {isa = PBXFileReference; lastKnownFileType = sourcecode.c.h; path = "wroclaw_2017-Bridging-Header.h"; sourceTree = "<group>"; };
		4C9B836519F6F71100B68B88 /* SWRevealViewController.h */ = {isa = PBXFileReference; fileEncoding = 4; lastKnownFileType = sourcecode.c.h; path = SWRevealViewController.h; sourceTree = "<group>"; };
		4C9B836619F6F71100B68B88 /* SWRevealViewController.m */ = {isa = PBXFileReference; fileEncoding = 4; lastKnownFileType = sourcecode.c.objc; path = SWRevealViewController.m; sourceTree = "<group>"; };
		4C9B836B19F70C9000B68B88 /* MenuViewController.swift */ = {isa = PBXFileReference; fileEncoding = 4; lastKnownFileType = sourcecode.swift; path = MenuViewController.swift; sourceTree = "<group>"; };
		4CA737381A38369000613F2F /* menu_bg.png */ = {isa = PBXFileReference; lastKnownFileType = image.png; path = menu_bg.png; sourceTree = "<group>"; };
		4CA7373A1A3838D700613F2F /* bg_all.png */ = {isa = PBXFileReference; lastKnownFileType = image.png; path = bg_all.png; sourceTree = "<group>"; };
		4CA7373C1A3848E500613F2F /* bg_info.png */ = {isa = PBXFileReference; lastKnownFileType = image.png; path = bg_info.png; sourceTree = "<group>"; };
		4CA7373E1A384B3200613F2F /* ic_action_send_now.png */ = {isa = PBXFileReference; lastKnownFileType = image.png; path = ic_action_send_now.png; sourceTree = "<group>"; };
		4CA7AB621A0AD1CD005073E7 /* LocationsViewController.swift */ = {isa = PBXFileReference; fileEncoding = 4; lastKnownFileType = sourcecode.swift; path = LocationsViewController.swift; sourceTree = "<group>"; };
		4CB5F59D19F71255006F09EC /* NewsViewController.swift */ = {isa = PBXFileReference; fileEncoding = 4; lastKnownFileType = sourcecode.swift; path = NewsViewController.swift; sourceTree = "<group>"; };
		4CB5F59F19F71BA8006F09EC /* NewsDetailViewController.swift */ = {isa = PBXFileReference; fileEncoding = 4; lastKnownFileType = sourcecode.swift; path = NewsDetailViewController.swift; sourceTree = "<group>"; };
		4CBAFCAC1A370FFB0097813C /* InfoMenuViewController.swift */ = {isa = PBXFileReference; fileEncoding = 4; lastKnownFileType = sourcecode.swift; path = InfoMenuViewController.swift; sourceTree = "<group>"; };
		4CBBDF0D1A35E27B00E0C135 /* MedalsTableViewCell.swift */ = {isa = PBXFileReference; fileEncoding = 4; lastKnownFileType = sourcecode.swift; path = MedalsTableViewCell.swift; sourceTree = "<group>"; };
		4CBBDF0F1A35E29700E0C135 /* ResultsTableViewCell.swift */ = {isa = PBXFileReference; fileEncoding = 4; lastKnownFileType = sourcecode.swift; path = ResultsTableViewCell.swift; sourceTree = "<group>"; };
		4CBD62091A385F8100751777 /* wroclaw_2017 Tests.xctest */ = {isa = PBXFileReference; explicitFileType = wrapper.cfbundle; includeInIndex = 0; path = "wroclaw_2017 Tests.xctest"; sourceTree = BUILT_PRODUCTS_DIR; };
		4CBD620C1A385F8100751777 /* Info.plist */ = {isa = PBXFileReference; lastKnownFileType = text.plist.xml; path = Info.plist; sourceTree = "<group>"; };
		4CBD620D1A385F8100751777 /* wroclaw_2017_Tests.swift */ = {isa = PBXFileReference; lastKnownFileType = sourcecode.swift; path = wroclaw_2017_Tests.swift; sourceTree = "<group>"; };
		4CC9A3461A004B65006DE05C /* DIDatepicker.h */ = {isa = PBXFileReference; fileEncoding = 4; lastKnownFileType = sourcecode.c.h; path = DIDatepicker.h; sourceTree = "<group>"; };
		4CC9A3471A004B65006DE05C /* DIDatepicker.m */ = {isa = PBXFileReference; fileEncoding = 4; lastKnownFileType = sourcecode.c.objc; path = DIDatepicker.m; sourceTree = "<group>"; };
		4CC9A3481A004B65006DE05C /* DIDatepickerDateView.h */ = {isa = PBXFileReference; fileEncoding = 4; lastKnownFileType = sourcecode.c.h; path = DIDatepickerDateView.h; sourceTree = "<group>"; };
		4CC9A3491A004B65006DE05C /* DIDatepickerDateView.m */ = {isa = PBXFileReference; fileEncoding = 4; lastKnownFileType = sourcecode.c.objc; path = DIDatepickerDateView.m; sourceTree = "<group>"; };
		4CC9A34C1A004B91006DE05C /* CalendarViewController.swift */ = {isa = PBXFileReference; fileEncoding = 4; lastKnownFileType = sourcecode.swift; path = CalendarViewController.swift; sourceTree = "<group>"; };
		4CF84D011A376D65005E528C /* Reachability.swift */ = {isa = PBXFileReference; fileEncoding = 4; lastKnownFileType = sourcecode.swift; path = Reachability.swift; sourceTree = "<group>"; };
		D422AFD01A1C9DBB00A62C32 /* LocationsDetailViewController.swift */ = {isa = PBXFileReference; fileEncoding = 4; lastKnownFileType = sourcecode.swift; path = LocationsDetailViewController.swift; sourceTree = "<group>"; };
		D422AFD21A1CA45900A62C32 /* route.png */ = {isa = PBXFileReference; lastKnownFileType = image.png; path = route.png; sourceTree = "<group>"; };
		D42821861A2DDBF40087546F /* navi.png */ = {isa = PBXFileReference; lastKnownFileType = image.png; path = navi.png; sourceTree = "<group>"; };
		D43E0A841A0A482700121C99 /* ic_action_forward.png */ = {isa = PBXFileReference; lastKnownFileType = image.png; path = ic_action_forward.png; sourceTree = "<group>"; };
		D43E0A8A1A0AB0CF00121C99 /* clock.jpg */ = {isa = PBXFileReference; lastKnownFileType = image.jpeg; path = clock.jpg; sourceTree = "<group>"; };
		D43E0A8C1A0AB21F00121C99 /* jujitsu2.jpg */ = {isa = PBXFileReference; lastKnownFileType = image.jpeg; path = jujitsu2.jpg; sourceTree = "<group>"; };
		D43E0A8E1A0AB24500121C99 /* power.jpg */ = {isa = PBXFileReference; lastKnownFileType = image.jpeg; path = power.jpg; sourceTree = "<group>"; };
		D43E0A901A0AB25D00121C99 /* wroclaw2.jpg */ = {isa = PBXFileReference; lastKnownFileType = image.jpeg; path = wroclaw2.jpg; sourceTree = "<group>"; };
		D43E0A921A0B66C200121C99 /* ic_action_location_found.png */ = {isa = PBXFileReference; lastKnownFileType = image.png; path = ic_action_location_found.png; sourceTree = "<group>"; };
		D45996391A0E509B002B1059 /* wushu.png */ = {isa = PBXFileReference; lastKnownFileType = image.png; path = wushu.png; sourceTree = "<group>"; };
		D459963D1A10F4CA002B1059 /* orbita.jpg */ = {isa = PBXFileReference; lastKnownFileType = image.jpeg; path = orbita.jpg; sourceTree = "<group>"; };
		D459963E1A10F4CA002B1059 /* stadionolimpijski.jpg */ = {isa = PBXFileReference; lastKnownFileType = image.jpeg; path = stadionolimpijski.jpg; sourceTree = "<group>"; };
		D45996411A11046C002B1059 /* lotnisko.jpg */ = {isa = PBXFileReference; lastKnownFileType = image.jpeg; path = lotnisko.jpg; sourceTree = "<group>"; };
		D45996431A110A28002B1059 /* wakepark_blur.jpg */ = {isa = PBXFileReference; lastKnownFileType = image.jpeg; path = wakepark_blur.jpg; sourceTree = "<group>"; };
		D45996451A120372002B1059 /* DisciplineViewController.swift */ = {isa = PBXFileReference; fileEncoding = 4; lastKnownFileType = sourcecode.swift; path = DisciplineViewController.swift; sourceTree = "<group>"; };
		D45996531A1229D9002B1059 /* DisciplineDetailViewController.swift */ = {isa = PBXFileReference; fileEncoding = 4; lastKnownFileType = sourcecode.swift; path = DisciplineDetailViewController.swift; sourceTree = "<group>"; };
		D45996551A13993D002B1059 /* json.swift */ = {isa = PBXFileReference; fileEncoding = 4; lastKnownFileType = sourcecode.swift; path = json.swift; sourceTree = "<group>"; };
		D45D88C11A27CF660062D063 /* medal-bronze.png */ = {isa = PBXFileReference; lastKnownFileType = image.png; path = "medal-bronze.png"; sourceTree = "<group>"; };
		D45D88C21A27CF660062D063 /* medal-gold.png */ = {isa = PBXFileReference; lastKnownFileType = image.png; path = "medal-gold.png"; sourceTree = "<group>"; };
		D45D88C31A27CF660062D063 /* medal-silver.png */ = {isa = PBXFileReference; lastKnownFileType = image.png; path = "medal-silver.png"; sourceTree = "<group>"; };
		D46C75CB1A24F93F00620D30 /* medal.png */ = {isa = PBXFileReference; lastKnownFileType = image.png; path = medal.png; sourceTree = "<group>"; };
		D46C75D41A24FAB400620D30 /* medal3.png */ = {isa = PBXFileReference; lastKnownFileType = image.png; path = medal3.png; sourceTree = "<group>"; };
		D4C38E2B1A208CE60056EA87 /* SettingsViewController.swift */ = {isa = PBXFileReference; fileEncoding = 4; lastKnownFileType = sourcecode.swift; path = SettingsViewController.swift; sourceTree = "<group>"; };
		D4C38E2D1A20A20C0056EA87 /* ic_action_settings.png */ = {isa = PBXFileReference; lastKnownFileType = image.png; path = ic_action_settings.png; sourceTree = "<group>"; };
		D4C38E2F1A20AE220056EA87 /* SelectLanguageTableViewController.swift */ = {isa = PBXFileReference; fileEncoding = 4; lastKnownFileType = sourcecode.swift; path = SelectLanguageTableViewController.swift; sourceTree = "<group>"; };
		D4C38E311A20AE380056EA87 /* SelectFollowTableViewController.swift */ = {isa = PBXFileReference; fileEncoding = 4; lastKnownFileType = sourcecode.swift; path = SelectFollowTableViewController.swift; sourceTree = "<group>"; };
		D4C38E331A20AFE60056EA87 /* England.png */ = {isa = PBXFileReference; lastKnownFileType = image.png; path = England.png; sourceTree = "<group>"; };
		D4C38E351A20AFF00056EA87 /* Poland.png */ = {isa = PBXFileReference; lastKnownFileType = image.png; path = Poland.png; sourceTree = "<group>"; };
		D4DF74601A264533001DA427 /* 3medals@2x.png */ = {isa = PBXFileReference; lastKnownFileType = image.png; path = "3medals@2x.png"; sourceTree = "<group>"; };
		D4DF74621A264556001DA427 /* MedalsViewController.swift */ = {isa = PBXFileReference; fileEncoding = 4; lastKnownFileType = sourcecode.swift; path = MedalsViewController.swift; sourceTree = "<group>"; };
		D4DF74641A26455F001DA427 /* RecentResultsViewController.swift */ = {isa = PBXFileReference; fileEncoding = 4; lastKnownFileType = sourcecode.swift; path = RecentResultsViewController.swift; sourceTree = "<group>"; };
		b544a6d7874871c8461db369 /* CFNetwork.framework */ = {isa = PBXFileReference; fileEncoding = 4; lastKnownFileType = wrapper.framework; name = CFNetwork.framework; path = System/Library/Frameworks/CFNetwork.framework; sourceTree = SDKROOT; };
/* End PBXFileReference section */

/* Begin PBXFrameworksBuildPhase section */
		4C9B832319F6F5A800B68B88 /* Frameworks */ = {
			isa = PBXFrameworksBuildPhase;
			buildActionMask = 2147483647;
			files = (
				4C52D1541A0AD92A0060E222 /* CoreLocation.framework in Frameworks */,
				4C3D16321A076EE6001EBDA7 /* MapKit.framework in Frameworks */,
			);
			runOnlyForDeploymentPostprocessing = 0;
		};
		4CBD62061A385F8100751777 /* Frameworks */ = {
			isa = PBXFrameworksBuildPhase;
			buildActionMask = 2147483647;
			files = (
			);
			runOnlyForDeploymentPostprocessing = 0;
		};
/* End PBXFrameworksBuildPhase section */

/* Begin PBXGroup section */
		4B0D1D91D1FDF3DC39A84EAE /* Frameworks */ = {
			isa = PBXGroup;
			children = (
			);
			name = Frameworks;
			sourceTree = "<group>";
		};
		4C8A7BE41A1CD305008754F3 /* disci_icons */ = {
			isa = PBXGroup;
			children = (
				4C8A7BE51A1CD305008754F3 /* aikido.png */,
				4C8A7BE61A1CD305008754F3 /* air-sports.png */,
				4C8A7BE71A1CD305008754F3 /* archery.png */,
				4C8A7BE81A1CD305008754F3 /* beach-handball.png */,
				4C8A7BE91A1CD305008754F3 /* billiard-sports.png */,
				4C8A7BEA1A1CD305008754F3 /* bodybuilding.png */,
				4C8A7BEB1A1CD305008754F3 /* boules-sports.png */,
				4C8A7BEC1A1CD305008754F3 /* bowling.png */,
				4C8A7BED1A1CD305008754F3 /* canoe.png */,
				4C8A7BEE1A1CD305008754F3 /* Dance Sport.png */,
				4C8A7BEF1A1CD305008754F3 /* finswimming.png */,
				4C8A7BF01A1CD305008754F3 /* fistball.png */,
				4C8A7BF11A1CD305008754F3 /* floorball.png */,
				4C8A7BF21A1CD305008754F3 /* flying-disc.png */,
				4C8A7BF31A1CD305008754F3 /* gymnastics.png */,
				4C8A7BF41A1CD305008754F3 /* ju-jitsu.png */,
				4C8A7BF51A1CD305008754F3 /* karate.png */,
				4C8A7BF61A1CD305008754F3 /* kickboxing.png */,
				4C8A7BF71A1CD305008754F3 /* korfball.png */,
				4C8A7BF81A1CD305008754F3 /* lacrosse.png */,
				4C8A7BF91A1CD305008754F3 /* life-saving.png */,
				4C8A7BFA1A1CD305008754F3 /* muaythai.png */,
				4C8A7BFB1A1CD305008754F3 /* netball.png */,
				4C8A7BFC1A1CD305008754F3 /* orienteering.png */,
				4C8A7BFD1A1CD305008754F3 /* powerlifting.png */,
				4C8A7BFE1A1CD305008754F3 /* racquetball.png */,
				4C8A7BFF1A1CD305008754F3 /* roller-sports.png */,
				4C8A7C001A1CD305008754F3 /* softball.png */,
				4C8A7C011A1CD305008754F3 /* sport-climbing.png */,
				4C8A7C021A1CD305008754F3 /* squash.png */,
				4C8A7C031A1CD305008754F3 /* sumo.png */,
				4C8A7C041A1CD305008754F3 /* surfing.png */,
				4C8A7C051A1CD305008754F3 /* tug-of-war.png */,
				4C8A7C061A1CD305008754F3 /* waterski-&-wakeboard.png */,
				4C8A7C071A1CD305008754F3 /* wushu.png */,
			);
			path = disci_icons;
			sourceTree = "<group>";
		};
		4C9B831D19F6F5A800B68B88 = {
			isa = PBXGroup;
			children = (
				4C52D1531A0AD92A0060E222 /* CoreLocation.framework */,
				4C3D16311A076EE6001EBDA7 /* MapKit.framework */,
				4C9B832819F6F5A800B68B88 /* wroclaw_2017 */,
				4CBD620A1A385F8100751777 /* wroclaw_2017 Tests */,
				4C9B832719F6F5A800B68B88 /* Products */,
				4B0D1D91D1FDF3DC39A84EAE /* Frameworks */,
			);
			sourceTree = "<group>";
		};
		4C9B832719F6F5A800B68B88 /* Products */ = {
			isa = PBXGroup;
			children = (
				4C9B832619F6F5A800B68B88 /* Wroclaw2017.app */,
				4CBD62091A385F8100751777 /* wroclaw_2017 Tests.xctest */,
			);
			name = Products;
			sourceTree = "<group>";
		};
		4C9B832819F6F5A800B68B88 /* wroclaw_2017 */ = {
			isa = PBXGroup;
			children = (
				D422AFC71A1B9C3600A62C32 /* Frameworks */,
				4C9B836819F70BE800B68B88 /* support */,
				4C9B834D19F6F65C00B68B88 /* assets */,
				4C9B834B19F6F63E00B68B88 /* LaunchScreen.xib */,
				4C0E6ED31A0922C9006A22D7 /* Main.storyboard */,
				4C9B832B19F6F5A800B68B88 /* AppDelegate.swift */,
				4CB5F59D19F71255006F09EC /* NewsViewController.swift */,
				4CB5F59F19F71BA8006F09EC /* NewsDetailViewController.swift */,
				4C4B9E031A09FFF000F60266 /* InfoViewController.swift */,
				4CBAFCAC1A370FFB0097813C /* InfoMenuViewController.swift */,
				D45996451A120372002B1059 /* DisciplineViewController.swift */,
				D45996531A1229D9002B1059 /* DisciplineDetailViewController.swift */,
				4CC9A34C1A004B91006DE05C /* CalendarViewController.swift */,
				4CA7AB621A0AD1CD005073E7 /* LocationsViewController.swift */,
				D422AFD01A1C9DBB00A62C32 /* LocationsDetailViewController.swift */,
				D4DF74621A264556001DA427 /* MedalsViewController.swift */,
				D4DF74641A26455F001DA427 /* RecentResultsViewController.swift */,
				D4C38E311A20AE380056EA87 /* SelectFollowTableViewController.swift */,
				D4C38E2F1A20AE220056EA87 /* SelectLanguageTableViewController.swift */,
				D4C38E2B1A208CE60056EA87 /* SettingsViewController.swift */,
				4C9B833219F6F5A800B68B88 /* Images.xcassets */,
				4C9B832919F6F5A800B68B88 /* Supporting Files */,
			);
			path = wroclaw_2017;
			sourceTree = "<group>";
		};
		4C9B832919F6F5A800B68B88 /* Supporting Files */ = {
			isa = PBXGroup;
			children = (
				4C9B832A19F6F5A800B68B88 /* Info.plist */,
				4C9B836419F6F71100B68B88 /* wroclaw_2017-Bridging-Header.h */,
			);
			name = "Supporting Files";
			sourceTree = "<group>";
		};
		4C9B834D19F6F65C00B68B88 /* assets */ = {
			isa = PBXGroup;
			children = (
				4CA7373E1A384B3200613F2F /* ic_action_send_now.png */,
				4CA7373C1A3848E500613F2F /* bg_info.png */,
				4CA7373A1A3838D700613F2F /* bg_all.png */,
				4CA737381A38369000613F2F /* menu_bg.png */,
				D42821861A2DDBF40087546F /* navi.png */,
				D45D88C11A27CF660062D063 /* medal-bronze.png */,
				D45D88C21A27CF660062D063 /* medal-gold.png */,
				D45D88C31A27CF660062D063 /* medal-silver.png */,
				D4C38E351A20AFF00056EA87 /* Poland.png */,
				D4C38E331A20AFE60056EA87 /* England.png */,
				4C8A7BE41A1CD305008754F3 /* disci_icons */,
				D422AFD21A1CA45900A62C32 /* route.png */,
				D4DF74601A264533001DA427 /* 3medals@2x.png */,
				4C3F8F9E1A0A79970066F3F7 /* news2.jpg */,
				D46C75D41A24FAB400620D30 /* medal3.png */,
				D46C75CB1A24F93F00620D30 /* medal.png */,
				D43E0A8C1A0AB21F00121C99 /* jujitsu2.jpg */,
				D45996391A0E509B002B1059 /* wushu.png */,
				4C3F8F981A0A79550066F3F7 /* news1.jpg */,
				4C3F8F9A1A0A79550066F3F7 /* news3.jpg */,
				D43E0A8A1A0AB0CF00121C99 /* clock.jpg */,
				D4C38E2D1A20A20C0056EA87 /* ic_action_settings.png */,
				4C3F8F961A0A776C0066F3F7 /* bg_news.jpg */,
				D459963D1A10F4CA002B1059 /* orbita.jpg */,
				D45996431A110A28002B1059 /* wakepark_blur.jpg */,
				D459963E1A10F4CA002B1059 /* stadionolimpijski.jpg */,
				4C9B834E19F6F67000B68B88 /* ic_action_about.png */,
				D43E0A901A0AB25D00121C99 /* wroclaw2.jpg */,
				D45996411A11046C002B1059 /* lotnisko.jpg */,
				D43E0A921A0B66C200121C99 /* ic_action_location_found.png */,
				D43E0A841A0A482700121C99 /* ic_action_forward.png */,
				D43E0A8E1A0AB24500121C99 /* power.jpg */,
				4C9B834F19F6F67000B68B88 /* ic_action_chat.png */,
				4C9B835019F6F67000B68B88 /* ic_action_go_to_today.png */,
				4C9B835119F6F67000B68B88 /* ic_action_network_cell.png */,
				4C9B835219F6F67000B68B88 /* ic_action_place.png */,
				4C9B835319F6F67000B68B88 /* logo.png */,
				4C9B835719F6F67000B68B88 /* reveal-icon.png */,
				4C9B835819F6F67000B68B88 /* reveal-icon@2x.png */,
			);
			name = assets;
			sourceTree = "<group>";
		};
		4C9B836819F70BE800B68B88 /* support */ = {
			isa = PBXGroup;
			children = (
				4CF84D011A376D65005E528C /* Reachability.swift */,
				4CBBDF0C1A35E16800E0C135 /* ui_support */,
				D45996551A13993D002B1059 /* json.swift */,
				4CC9A3461A004B65006DE05C /* DIDatepicker.h */,
				4CC9A3471A004B65006DE05C /* DIDatepicker.m */,
				4CC9A3481A004B65006DE05C /* DIDatepickerDateView.h */,
				4CC9A3491A004B65006DE05C /* DIDatepickerDateView.m */,
				4C9B836519F6F71100B68B88 /* SWRevealViewController.h */,
				4C9B836619F6F71100B68B88 /* SWRevealViewController.m */,
				4C3CF7381A0058BF005D5D95 /* Utils.swift */,
				4C3906991A2E244700DD1A54 /* NotificationJSON.swift */,
			);
			name = support;
			sourceTree = "<group>";
		};
		4CBBDF0C1A35E16800E0C135 /* ui_support */ = {
			isa = PBXGroup;
			children = (
				4C9B836B19F70C9000B68B88 /* MenuViewController.swift */,
				4C6B019C19FE997F00EBF821 /* NewsTableViewCell.swift */,
				4C4C75981A35DBA900D89546 /* InfoTableViewCell.swift */,
				4C4C759E1A35DF7600D89546 /* DisciplineTableViewCell.swift */,
				4CBBDF0D1A35E27B00E0C135 /* MedalsTableViewCell.swift */,
				4CBBDF0F1A35E29700E0C135 /* ResultsTableViewCell.swift */,
			);
			name = ui_support;
			sourceTree = "<group>";
		};
		4CBD620A1A385F8100751777 /* wroclaw_2017 Tests */ = {
			isa = PBXGroup;
			children = (
				4CBD620D1A385F8100751777 /* wroclaw_2017_Tests.swift */,
				4CBD620B1A385F8100751777 /* Supporting Files */,
			);
			path = "wroclaw_2017 Tests";
			sourceTree = "<group>";
		};
		4CBD620B1A385F8100751777 /* Supporting Files */ = {
			isa = PBXGroup;
			children = (
				4CBD620C1A385F8100751777 /* Info.plist */,
			);
			name = "Supporting Files";
			sourceTree = "<group>";
		};
		D422AFC71A1B9C3600A62C32 /* Frameworks */ = {
			isa = PBXGroup;
			children = (
				b544a6d7874871c8461db369 /* CFNetwork.framework */,
			);
			name = Frameworks;
			path = wroclaw_2017;
			sourceTree = "<group>";
		};
/* End PBXGroup section */

/* Begin PBXNativeTarget section */
		4C9B832519F6F5A800B68B88 /* wroclaw_2017 */ = {
			isa = PBXNativeTarget;
			buildConfigurationList = 4C9B834519F6F5A800B68B88 /* Build configuration list for PBXNativeTarget "wroclaw_2017" */;
			buildPhases = (
				4C9B832219F6F5A800B68B88 /* Sources */,
				4C9B832319F6F5A800B68B88 /* Frameworks */,
				4C9B832419F6F5A800B68B88 /* Resources */,
			);
			buildRules = (
			);
			dependencies = (
			);
			name = wroclaw_2017;
			productName = wroclaw_2017;
			productReference = 4C9B832619F6F5A800B68B88 /* Wroclaw2017.app */;
			productType = "com.apple.product-type.application";
		};
		4CBD62081A385F8100751777 /* wroclaw_2017 Tests */ = {
			isa = PBXNativeTarget;
			buildConfigurationList = 4CBD62111A385F8100751777 /* Build configuration list for PBXNativeTarget "wroclaw_2017 Tests" */;
			buildPhases = (
				4CBD62051A385F8100751777 /* Sources */,
				4CBD62061A385F8100751777 /* Frameworks */,
				4CBD62071A385F8100751777 /* Resources */,
			);
			buildRules = (
			);
			dependencies = (
				4CBD62101A385F8100751777 /* PBXTargetDependency */,
			);
			name = "wroclaw_2017 Tests";
			productName = "wroclaw_2017 Tests";
			productReference = 4CBD62091A385F8100751777 /* wroclaw_2017 Tests.xctest */;
			productType = "com.apple.product-type.bundle.unit-test";
		};
/* End PBXNativeTarget section */

/* Begin PBXProject section */
		4C9B831E19F6F5A800B68B88 /* Project object */ = {
			isa = PBXProject;
			attributes = {
				LastUpgradeCheck = 0610;
				ORGANIZATIONNAME = pl.wroclaw;
				TargetAttributes = {
					4C9B832519F6F5A800B68B88 = {
						CreatedOnToolsVersion = 6.1;
						SystemCapabilities = {
							com.apple.BackgroundModes = {
								enabled = 1;
							};
							com.apple.Maps.iOS = {
								enabled = 1;
							};
						};
					};
					4CBD62081A385F8100751777 = {
						CreatedOnToolsVersion = 6.1.1;
						TestTargetID = 4C9B832519F6F5A800B68B88;
					};
				};
			};
			buildConfigurationList = 4C9B832119F6F5A800B68B88 /* Build configuration list for PBXProject "wroclaw_2017" */;
			compatibilityVersion = "Xcode 3.2";
			developmentRegion = English;
			hasScannedForEncodings = 0;
			knownRegions = (
				en,
				Base,
			);
			mainGroup = 4C9B831D19F6F5A800B68B88;
			productRefGroup = 4C9B832719F6F5A800B68B88 /* Products */;
			projectDirPath = "";
			projectRoot = "";
			targets = (
				4C9B832519F6F5A800B68B88 /* wroclaw_2017 */,
				4CBD62081A385F8100751777 /* wroclaw_2017 Tests */,
			);
		};
/* End PBXProject section */

/* Begin PBXResourcesBuildPhase section */
		4C9B832419F6F5A800B68B88 /* Resources */ = {
			isa = PBXResourcesBuildPhase;
			buildActionMask = 2147483647;
			files = (
				4C8A7C1A1A1CD305008754F3 /* korfball.png in Resources */,
				D459963A1A0E509B002B1059 /* wushu.png in Resources */,
				4C8A7C181A1CD305008754F3 /* karate.png in Resources */,
				D43E0A911A0AB25D00121C99 /* wroclaw2.jpg in Resources */,
				4C9B834C19F6F63E00B68B88 /* LaunchScreen.xib in Resources */,
				4C8A7C231A1CD305008754F3 /* softball.png in Resources */,
				D43E0A8D1A0AB21F00121C99 /* jujitsu2.jpg in Resources */,
				4C9B836319F6F67000B68B88 /* reveal-icon@2x.png in Resources */,
				4C8A7C0E1A1CD305008754F3 /* boules-sports.png in Resources */,
				4C3F8F9B1A0A79550066F3F7 /* news1.jpg in Resources */,
				4C9B835919F6F67000B68B88 /* ic_action_about.png in Resources */,
				4C9B835E19F6F67000B68B88 /* logo.png in Resources */,
				4C9B835B19F6F67000B68B88 /* ic_action_go_to_today.png in Resources */,
				4C0E6ED41A0922C9006A22D7 /* Main.storyboard in Resources */,
				4C3F8F9F1A0A79970066F3F7 /* news2.jpg in Resources */,
				4C8A7C0B1A1CD305008754F3 /* beach-handball.png in Resources */,
				4C8A7C0F1A1CD305008754F3 /* bowling.png in Resources */,
				D422AFD31A1CA45900A62C32 /* route.png in Resources */,
				4CA7373B1A3838D700613F2F /* bg_all.png in Resources */,
				4C8A7C211A1CD305008754F3 /* racquetball.png in Resources */,
				4C8A7C2A1A1CD305008754F3 /* wushu.png in Resources */,
				4C8A7C131A1CD305008754F3 /* fistball.png in Resources */,
				4C8A7C101A1CD305008754F3 /* canoe.png in Resources */,
				4C8A7C1D1A1CD305008754F3 /* muaythai.png in Resources */,
				4C8A7C251A1CD305008754F3 /* squash.png in Resources */,
				D4C38E2E1A20A20C0056EA87 /* ic_action_settings.png in Resources */,
				D46C75CD1A24F93F00620D30 /* medal.png in Resources */,
				4CA737391A38369000613F2F /* menu_bg.png in Resources */,
				D45996421A11046C002B1059 /* lotnisko.jpg in Resources */,
				4C8A7C141A1CD305008754F3 /* floorball.png in Resources */,
				4CA7373F1A384B3200613F2F /* ic_action_send_now.png in Resources */,
				4C8A7C221A1CD305008754F3 /* roller-sports.png in Resources */,
				D43E0A931A0B66C200121C99 /* ic_action_location_found.png in Resources */,
				4C8A7C1E1A1CD305008754F3 /* netball.png in Resources */,
				4C8A7C291A1CD305008754F3 /* waterski-&-wakeboard.png in Resources */,
				4C3F8F9D1A0A79550066F3F7 /* news3.jpg in Resources */,
				D45D88C51A27CF660062D063 /* medal-gold.png in Resources */,
				4C9B835D19F6F67000B68B88 /* ic_action_place.png in Resources */,
				D43E0A8B1A0AB0CF00121C99 /* clock.jpg in Resources */,
				4C8A7C0D1A1CD305008754F3 /* bodybuilding.png in Resources */,
				D45996441A110A28002B1059 /* wakepark_blur.jpg in Resources */,
				4C8A7C171A1CD305008754F3 /* ju-jitsu.png in Resources */,
				4C9B835A19F6F67000B68B88 /* ic_action_chat.png in Resources */,
				D43E0A8F1A0AB24500121C99 /* power.jpg in Resources */,
				D4DF74611A264533001DA427 /* 3medals@2x.png in Resources */,
				4C8A7C241A1CD305008754F3 /* sport-climbing.png in Resources */,
				D45996401A10F4CA002B1059 /* stadionolimpijski.jpg in Resources */,
				4C9B833319F6F5A800B68B88 /* Images.xcassets in Resources */,
				4C9B836219F6F67000B68B88 /* reveal-icon.png in Resources */,
				4C8A7C201A1CD305008754F3 /* powerlifting.png in Resources */,
				4C8A7C1F1A1CD305008754F3 /* orienteering.png in Resources */,
				D4C38E361A20AFF00056EA87 /* Poland.png in Resources */,
				4C8A7C091A1CD305008754F3 /* air-sports.png in Resources */,
				4C8A7C281A1CD305008754F3 /* tug-of-war.png in Resources */,
				D45D88C61A27CF660062D063 /* medal-silver.png in Resources */,
				4C8A7C081A1CD305008754F3 /* aikido.png in Resources */,
				4C8A7C271A1CD305008754F3 /* surfing.png in Resources */,
				4C8A7C161A1CD305008754F3 /* gymnastics.png in Resources */,
				D43E0A851A0A482700121C99 /* ic_action_forward.png in Resources */,
				4C9B835C19F6F67000B68B88 /* ic_action_network_cell.png in Resources */,
				D459963F1A10F4CA002B1059 /* orbita.jpg in Resources */,
				4C8A7C0C1A1CD305008754F3 /* billiard-sports.png in Resources */,
				4C8A7C0A1A1CD305008754F3 /* archery.png in Resources */,
				D45D88C41A27CF660062D063 /* medal-bronze.png in Resources */,
				D4C38E341A20AFE60056EA87 /* England.png in Resources */,
				D46C75D51A24FAB400620D30 /* medal3.png in Resources */,
				4C3F8F971A0A776C0066F3F7 /* bg_news.jpg in Resources */,
				4C8A7C191A1CD305008754F3 /* kickboxing.png in Resources */,
				D42821871A2DDBF40087546F /* navi.png in Resources */,
				4C8A7C111A1CD305008754F3 /* Dance Sport.png in Resources */,
				4CA7373D1A3848E500613F2F /* bg_info.png in Resources */,
				4C8A7C121A1CD305008754F3 /* finswimming.png in Resources */,
				4C8A7C151A1CD305008754F3 /* flying-disc.png in Resources */,
				4C8A7C1B1A1CD305008754F3 /* lacrosse.png in Resources */,
				4C8A7C1C1A1CD305008754F3 /* life-saving.png in Resources */,
				4C8A7C261A1CD305008754F3 /* sumo.png in Resources */,
			);
			runOnlyForDeploymentPostprocessing = 0;
		};
		4CBD62071A385F8100751777 /* Resources */ = {
			isa = PBXResourcesBuildPhase;
			buildActionMask = 2147483647;
			files = (
			);
			runOnlyForDeploymentPostprocessing = 0;
		};
/* End PBXResourcesBuildPhase section */

/* Begin PBXSourcesBuildPhase section */
		4C9B832219F6F5A800B68B88 /* Sources */ = {
			isa = PBXSourcesBuildPhase;
			buildActionMask = 2147483647;
			files = (
				4CBBDF0E1A35E27B00E0C135 /* MedalsTableViewCell.swift in Sources */,
				4CC9A34D1A004B91006DE05C /* CalendarViewController.swift in Sources */,
				D4C38E321A20AE380056EA87 /* SelectFollowTableViewController.swift in Sources */,
				4CB5F5A019F71BA8006F09EC /* NewsDetailViewController.swift in Sources */,
				D4C38E2C1A208CE60056EA87 /* SettingsViewController.swift in Sources */,
				D4DF74631A264556001DA427 /* MedalsViewController.swift in Sources */,
				4C6B019D19FE997F00EBF821 /* NewsTableViewCell.swift in Sources */,
				4CC9A34A1A004B65006DE05C /* DIDatepicker.m in Sources */,
				4CC9A34B1A004B65006DE05C /* DIDatepickerDateView.m in Sources */,
				4C39069A1A2E244700DD1A54 /* NotificationJSON.swift in Sources */,
				4CBBDF101A35E29700E0C135 /* ResultsTableViewCell.swift in Sources */,
				D4DF74651A26455F001DA427 /* RecentResultsViewController.swift in Sources */,
				D4C38E301A20AE220056EA87 /* SelectLanguageTableViewController.swift in Sources */,
				4C4C75991A35DBA900D89546 /* InfoTableViewCell.swift in Sources */,
				4CF84D021A376D65005E528C /* Reachability.swift in Sources */,
				4C9B832C19F6F5A800B68B88 /* AppDelegate.swift in Sources */,
				4C3CF7391A0058BF005D5D95 /* Utils.swift in Sources */,
				4C4B9E041A09FFF000F60266 /* InfoViewController.swift in Sources */,
				4C9B836719F6F71100B68B88 /* SWRevealViewController.m in Sources */,
				D45996561A13993D002B1059 /* json.swift in Sources */,
				4CA7AB631A0AD1CD005073E7 /* LocationsViewController.swift in Sources */,
				D45996461A120372002B1059 /* DisciplineViewController.swift in Sources */,
				4CB5F59E19F71255006F09EC /* NewsViewController.swift in Sources */,
				D422AFD11A1C9DBB00A62C32 /* LocationsDetailViewController.swift in Sources */,
				D45996541A1229D9002B1059 /* DisciplineDetailViewController.swift in Sources */,
				4C4C759F1A35DF7600D89546 /* DisciplineTableViewCell.swift in Sources */,
				4C9B836C19F70C9000B68B88 /* MenuViewController.swift in Sources */,
				4CBAFCAD1A370FFB0097813C /* InfoMenuViewController.swift in Sources */,
			);
			runOnlyForDeploymentPostprocessing = 0;
		};
		4CBD62051A385F8100751777 /* Sources */ = {
			isa = PBXSourcesBuildPhase;
			buildActionMask = 2147483647;
			files = (
				4CBD620E1A385F8100751777 /* wroclaw_2017_Tests.swift in Sources */,
				4C3658581A386A280056D7B8 /* json.swift in Sources */,
			);
			runOnlyForDeploymentPostprocessing = 0;
		};
/* End PBXSourcesBuildPhase section */

/* Begin PBXTargetDependency section */
		4CBD62101A385F8100751777 /* PBXTargetDependency */ = {
			isa = PBXTargetDependency;
			target = 4C9B832519F6F5A800B68B88 /* wroclaw_2017 */;
			targetProxy = 4CBD620F1A385F8100751777 /* PBXContainerItemProxy */;
		};
/* End PBXTargetDependency section */

/* Begin XCBuildConfiguration section */
		4C9B834319F6F5A800B68B88 /* Debug */ = {
			isa = XCBuildConfiguration;
			buildSettings = {
				ALWAYS_SEARCH_USER_PATHS = NO;
				CLANG_CXX_LANGUAGE_STANDARD = "gnu++0x";
				CLANG_CXX_LIBRARY = "libc++";
				CLANG_ENABLE_MODULES = YES;
				CLANG_ENABLE_OBJC_ARC = YES;
				CLANG_WARN_BOOL_CONVERSION = YES;
				CLANG_WARN_CONSTANT_CONVERSION = YES;
				CLANG_WARN_DIRECT_OBJC_ISA_USAGE = YES_ERROR;
				CLANG_WARN_EMPTY_BODY = YES;
				CLANG_WARN_ENUM_CONVERSION = YES;
				CLANG_WARN_INT_CONVERSION = YES;
				CLANG_WARN_OBJC_ROOT_CLASS = YES_ERROR;
				CLANG_WARN_UNREACHABLE_CODE = YES;
				CLANG_WARN__DUPLICATE_METHOD_MATCH = YES;
				"CODE_SIGN_IDENTITY[sdk=iphoneos*]" = "iPhone Developer";
				COPY_PHASE_STRIP = NO;
				ENABLE_STRICT_OBJC_MSGSEND = YES;
				GCC_C_LANGUAGE_STANDARD = gnu99;
				GCC_DYNAMIC_NO_PIC = NO;
				GCC_OPTIMIZATION_LEVEL = 0;
				GCC_PREPROCESSOR_DEFINITIONS = (
					"DEBUG=1",
					"$(inherited)",
				);
				GCC_SYMBOLS_PRIVATE_EXTERN = NO;
				GCC_WARN_64_TO_32_BIT_CONVERSION = YES;
				GCC_WARN_ABOUT_RETURN_TYPE = YES_ERROR;
				GCC_WARN_UNDECLARED_SELECTOR = YES;
				GCC_WARN_UNINITIALIZED_AUTOS = YES_AGGRESSIVE;
				GCC_WARN_UNUSED_FUNCTION = YES;
				GCC_WARN_UNUSED_VARIABLE = YES;
				IPHONEOS_DEPLOYMENT_TARGET = 8.1;
				MTL_ENABLE_DEBUG_INFO = YES;
				ONLY_ACTIVE_ARCH = YES;
				SDKROOT = iphoneos;
				SWIFT_OPTIMIZATION_LEVEL = "-Onone";
				TARGETED_DEVICE_FAMILY = "1,2";
			};
			name = Debug;
		};
		4C9B834419F6F5A800B68B88 /* Release */ = {
			isa = XCBuildConfiguration;
			buildSettings = {
				ALWAYS_SEARCH_USER_PATHS = NO;
				CLANG_CXX_LANGUAGE_STANDARD = "gnu++0x";
				CLANG_CXX_LIBRARY = "libc++";
				CLANG_ENABLE_MODULES = YES;
				CLANG_ENABLE_OBJC_ARC = YES;
				CLANG_WARN_BOOL_CONVERSION = YES;
				CLANG_WARN_CONSTANT_CONVERSION = YES;
				CLANG_WARN_DIRECT_OBJC_ISA_USAGE = YES_ERROR;
				CLANG_WARN_EMPTY_BODY = YES;
				CLANG_WARN_ENUM_CONVERSION = YES;
				CLANG_WARN_INT_CONVERSION = YES;
				CLANG_WARN_OBJC_ROOT_CLASS = YES_ERROR;
				CLANG_WARN_UNREACHABLE_CODE = YES;
				CLANG_WARN__DUPLICATE_METHOD_MATCH = YES;
				"CODE_SIGN_IDENTITY[sdk=iphoneos*]" = "iPhone Developer";
				COPY_PHASE_STRIP = YES;
				ENABLE_NS_ASSERTIONS = NO;
				ENABLE_STRICT_OBJC_MSGSEND = YES;
				GCC_C_LANGUAGE_STANDARD = gnu99;
				GCC_WARN_64_TO_32_BIT_CONVERSION = YES;
				GCC_WARN_ABOUT_RETURN_TYPE = YES_ERROR;
				GCC_WARN_UNDECLARED_SELECTOR = YES;
				GCC_WARN_UNINITIALIZED_AUTOS = YES_AGGRESSIVE;
				GCC_WARN_UNUSED_FUNCTION = YES;
				GCC_WARN_UNUSED_VARIABLE = YES;
				IPHONEOS_DEPLOYMENT_TARGET = 8.1;
				MTL_ENABLE_DEBUG_INFO = NO;
				SDKROOT = iphoneos;
				TARGETED_DEVICE_FAMILY = "1,2";
				VALIDATE_PRODUCT = YES;
			};
			name = Release;
		};
		4C9B834619F6F5A800B68B88 /* Debug */ = {
			isa = XCBuildConfiguration;
			buildSettings = {
				ALWAYS_SEARCH_USER_PATHS = NO;
				ASSETCATALOG_COMPILER_APPICON_NAME = AppIcon;
				CLANG_ENABLE_MODULES = YES;
				FRAMEWORK_SEARCH_PATHS = (
					"$(inherited)",
					"$(PROJECT_DIR)",
				);
				INFOPLIST_FILE = wroclaw_2017/Info.plist;
				LD_RUNPATH_SEARCH_PATHS = "$(inherited) @executable_path/Frameworks";
				LIBRARY_SEARCH_PATHS = (
					"$(inherited)",
					"$(PROJECT_DIR)",
				);
				PRODUCT_NAME = Wroclaw2017;
				SWIFT_OBJC_BRIDGING_HEADER = "wroclaw_2017/wroclaw_2017-Bridging-Header.h";
				SWIFT_OPTIMIZATION_LEVEL = "-Onone";
			};
			name = Debug;
		};
		4C9B834719F6F5A800B68B88 /* Release */ = {
			isa = XCBuildConfiguration;
			buildSettings = {
				ALWAYS_SEARCH_USER_PATHS = NO;
				ASSETCATALOG_COMPILER_APPICON_NAME = AppIcon;
				CLANG_ENABLE_MODULES = YES;
				FRAMEWORK_SEARCH_PATHS = (
					"$(inherited)",
					"$(PROJECT_DIR)",
				);
				INFOPLIST_FILE = wroclaw_2017/Info.plist;
				LD_RUNPATH_SEARCH_PATHS = "$(inherited) @executable_path/Frameworks";
				LIBRARY_SEARCH_PATHS = (
					"$(inherited)",
					"$(PROJECT_DIR)",
				);
				PRODUCT_NAME = Wroclaw2017;
				SWIFT_OBJC_BRIDGING_HEADER = "wroclaw_2017/wroclaw_2017-Bridging-Header.h";
			};
			name = Release;
		};
		4CBD62121A385F8100751777 /* Debug */ = {
			isa = XCBuildConfiguration;
			buildSettings = {
				BUNDLE_LOADER = "$(TEST_HOST)";
				FRAMEWORK_SEARCH_PATHS = (
					"$(SDKROOT)/Developer/Library/Frameworks",
					"$(inherited)",
				);
				GCC_PREPROCESSOR_DEFINITIONS = (
					"DEBUG=1",
					"$(inherited)",
				);
				INFOPLIST_FILE = "wroclaw_2017 Tests/Info.plist";
				LD_RUNPATH_SEARCH_PATHS = "$(inherited) @executable_path/Frameworks @loader_path/Frameworks";
				PRODUCT_NAME = "$(TARGET_NAME)";
				TEST_HOST = "$(BUILT_PRODUCTS_DIR)/Wroclaw2017.app/Wroclaw2017";
			};
			name = Debug;
		};
		4CBD62131A385F8100751777 /* Release */ = {
			isa = XCBuildConfiguration;
			buildSettings = {
				BUNDLE_LOADER = "$(TEST_HOST)";
				FRAMEWORK_SEARCH_PATHS = (
					"$(SDKROOT)/Developer/Library/Frameworks",
					"$(inherited)",
				);
				INFOPLIST_FILE = "wroclaw_2017 Tests/Info.plist";
				LD_RUNPATH_SEARCH_PATHS = "$(inherited) @executable_path/Frameworks @loader_path/Frameworks";
				PRODUCT_NAME = "$(TARGET_NAME)";
				TEST_HOST = "$(BUILT_PRODUCTS_DIR)/Wroclaw2017.app/Wroclaw2017";
			};
			name = Release;
		};
/* End XCBuildConfiguration section */

/* Begin XCConfigurationList section */
		4C9B832119F6F5A800B68B88 /* Build configuration list for PBXProject "wroclaw_2017" */ = {
			isa = XCConfigurationList;
			buildConfigurations = (
				4C9B834319F6F5A800B68B88 /* Debug */,
				4C9B834419F6F5A800B68B88 /* Release */,
			);
			defaultConfigurationIsVisible = 0;
			defaultConfigurationName = Release;
		};
		4C9B834519F6F5A800B68B88 /* Build configuration list for PBXNativeTarget "wroclaw_2017" */ = {
			isa = XCConfigurationList;
			buildConfigurations = (
				4C9B834619F6F5A800B68B88 /* Debug */,
				4C9B834719F6F5A800B68B88 /* Release */,
			);
			defaultConfigurationIsVisible = 0;
			defaultConfigurationName = Release;
		};
		4CBD62111A385F8100751777 /* Build configuration list for PBXNativeTarget "wroclaw_2017 Tests" */ = {
			isa = XCConfigurationList;
			buildConfigurations = (
				4CBD62121A385F8100751777 /* Debug */,
				4CBD62131A385F8100751777 /* Release */,
			);
			defaultConfigurationIsVisible = 0;
			defaultConfigurationName = Release;
		};
/* End XCConfigurationList section */
	};
	rootObject = 4C9B831E19F6F5A800B68B88 /* Project object */;
}
