<?xml version="1.0" encoding="UTF-8"?>
<!DOCTYPE plist PUBLIC "-//Apple//DTD PLIST 1.0//EN" "http://www.apple.com/DTDs/PropertyList-1.0.dtd">
<plist version="1.0">
<dict>
	<key>archiveVersion</key>
	<string>1</string>
	<key>classes</key>
	<dict/>
	<key>objectVersion</key>
	<string>46</string>
	<key>objects</key>
	<dict>
		<key>04bcb9ceec757213aa8d0c34</key>
		<dict>
			<key>fileRef</key>
			<string>4C9B833219F6F5A800B68B88</string>
			<key>isa</key>
			<string>PBXBuildFile</string>
		</dict>
		<key>089547bf3fdba9c9c643dc7f</key>
		<dict>
			<key>fileRef</key>
			<string>4C9B835219F6F67000B68B88</string>
			<key>isa</key>
			<string>PBXBuildFile</string>
		</dict>
		<key>099208599516b0b46b66da5c</key>
		<dict>
			<key>fileRef</key>
			<string>D459964C1A121050002B1059</string>
			<key>isa</key>
			<string>PBXBuildFile</string>
		</dict>
		<key>0cd8b0f0928bff1f31a51141</key>
		<dict>
			<key>fileRef</key>
			<string>4C3F8F9A1A0A79550066F3F7</string>
			<key>isa</key>
			<string>PBXBuildFile</string>
		</dict>
		<key>16abec9b6132becdf9cfeea2</key>
		<dict>
			<key>fileRef</key>
			<string>D422AFC51A1B9B6400A62C32</string>
			<key>isa</key>
			<string>PBXBuildFile</string>
		</dict>
		<key>18112bee102064c642383e37</key>
		<dict>
			<key>fileRef</key>
			<string>D43E0A921A0B66C200121C99</string>
			<key>isa</key>
			<string>PBXBuildFile</string>
		</dict>
		<key>1b6f9f7777ae101ae68f9652</key>
		<dict>
			<key>buildSettings</key>
			<dict>
				<key>ALWAYS_SEARCH_USER_PATHS</key>
				<string>NO</string>
				<key>ASSETCATALOG_COMPILER_APPICON_NAME</key>
				<string>AppIcon</string>
				<key>CLANG_ENABLE_MODULES</key>
				<string>YES</string>
				<key>FRAMEWORK_SEARCH_PATHS</key>
				<array>
					<string>$(inherited)</string>
					<string>$(PROJECT_DIR)</string>
					<string>"$(SRCROOT)"</string>
				</array>
				<key>INFOPLIST_FILE</key>
				<string>wroclaw_2017/Info.plist</string>
				<key>LD_RUNPATH_SEARCH_PATHS</key>
				<string>$(inherited) @executable_path/Frameworks</string>
				<key>LIBRARY_SEARCH_PATHS</key>
				<array>
					<string>$(inherited)</string>
					<string>$(PROJECT_DIR)</string>
				</array>
				<key>OTHER_LDFLAGS</key>
				<array>
					<string>$(inherited)</string>
					<string>-force_load</string>
					<string>"$(SRCROOT)/calabash.framework/calabash"</string>
					<string>-lstdc++</string>
				</array>
				<key>PRODUCT_NAME</key>
				<string>$(TARGET_NAME)</string>
				<key>SWIFT_OBJC_BRIDGING_HEADER</key>
				<string>wroclaw_2017/wroclaw_2017-Bridging-Header.h</string>
				<key>SWIFT_OPTIMIZATION_LEVEL</key>
				<string>-Onone</string>
			</dict>
			<key>isa</key>
			<string>XCBuildConfiguration</string>
			<key>name</key>
			<string>Debug</string>
		</dict>
		<key>22a79d9d701b778d515ae617</key>
		<dict>
			<key>fileRef</key>
			<string>4C3CF7381A0058BF005D5D95</string>
			<key>isa</key>
			<string>PBXBuildFile</string>
		</dict>
		<key>241ecf5a21b2e735ef2ae2a8</key>
		<dict>
			<key>buildActionMask</key>
			<string>2147483647</string>
			<key>files</key>
			<array>
				<string>4c0bab354035f0934deec5a2</string>
				<string>3feebebe08b891d27a29fabd</string>
				<string>5470c37cd3a040e71dcae36f</string>
				<string>f0b2889577dda477ad10d9c2</string>
				<string>7f186ac3bf56d1e642cc0944</string>
				<string>fd6f0e0d6ba4b4b8e0898d1f</string>
				<string>582c11b5e488b8576e473e24</string>
				<string>2e9743059e09beb4cc620b7d</string>
				<string>cbe25312495377ffeb216b64</string>
				<string>b5a190106f86604b04578d90</string>
				<string>b1d5dd5fd33613e4bed8859e</string>
				<string>65dfbc3a1737058d531049a3</string>
				<string>e90d843df9b8d32e65ec9e90</string>
				<string>18112bee102064c642383e37</string>
				<string>0cd8b0f0928bff1f31a51141</string>
				<string>089547bf3fdba9c9c643dc7f</string>
				<string>4adfd1eea019fc34679cefe8</string>
				<string>f2d0a52f69c25033772143da</string>
				<string>48309e094d05afe576d9ddc5</string>
				<string>74c229b73faa4581748c34ae</string>
				<string>c83a3f7545cc3a7d95fb9b1a</string>
				<string>a9641a47337b046c206d5b7f</string>
				<string>04bcb9ceec757213aa8d0c34</string>
				<string>aac9828d47bc474e5aa101b4</string>
				<string>8c1304f11b4aa3ffa50d1834</string>
				<string>d31ddfe507ecac50ff42e122</string>
				<string>c7c43ab8c7ca542a56e43142</string>
				<string>818cacbff345628cddc4db0f</string>
				<string>d338488aaacee1970ff3750a</string>
				<string>aa49b90bf8a1c07adf223311</string>
				<string>9af303a3e7a688c48f03c1fe</string>
				<string>099208599516b0b46b66da5c</string>
			</array>
			<key>isa</key>
			<string>PBXResourcesBuildPhase</string>
			<key>runOnlyForDeploymentPostprocessing</key>
			<string>0</string>
		</dict>
		<key>2e9743059e09beb4cc620b7d</key>
		<dict>
			<key>fileRef</key>
			<string>4C9B834E19F6F67000B68B88</string>
			<key>isa</key>
			<string>PBXBuildFile</string>
		</dict>
		<key>2ee2e34a0578ace2d69754b7</key>
		<dict>
			<key>fileRef</key>
			<string>4C9B836619F6F71100B68B88</string>
			<key>isa</key>
			<string>PBXBuildFile</string>
		</dict>
		<key>30659e024ec89ff1d513f457</key>
		<dict>
			<key>fileRef</key>
			<string>4C4B9E051A0A001400F60266</string>
			<key>isa</key>
			<string>PBXBuildFile</string>
		</dict>
		<key>31dd60261edede599bfb31f9</key>
		<dict>
			<key>fileRef</key>
			<string>D45996451A120372002B1059</string>
			<key>isa</key>
			<string>PBXBuildFile</string>
		</dict>
		<key>356acb18efcb780e2b7eeab9</key>
		<dict>
			<key>fileRef</key>
			<string>D45996551A13993D002B1059</string>
			<key>isa</key>
			<string>PBXBuildFile</string>
		</dict>
		<key>35fa1cea106b241fc92cfed1</key>
		<dict>
			<key>fileRef</key>
			<string>4C9B836B19F70C9000B68B88</string>
			<key>isa</key>
			<string>PBXBuildFile</string>
		</dict>
		<key>3a3105a46ff90169da39a01b</key>
		<dict>
			<key>fileRef</key>
			<string>3ff3e3a8da3424443ee5b246</string>
			<key>isa</key>
			<string>PBXBuildFile</string>
		</dict>
		<key>3ab5463877f2e6c44e7a8362</key>
		<dict>
			<key>fileRef</key>
			<string>4C6B019C19FE997F00EBF821</string>
			<key>isa</key>
			<string>PBXBuildFile</string>
		</dict>
		<key>3d190ffe8efdc6600fc8ef4d</key>
		<dict>
			<key>fileRef</key>
			<string>4CA7AB621A0AD1CD005073E7</string>
			<key>isa</key>
			<string>PBXBuildFile</string>
		</dict>
		<key>3feebebe08b891d27a29fabd</key>
		<dict>
			<key>fileRef</key>
			<string>D43E0A901A0AB25D00121C99</string>
			<key>isa</key>
			<string>PBXBuildFile</string>
		</dict>
		<key>3ff3e3a8da3424443ee5b246</key>
		<dict>
			<key>fileEncoding</key>
			<string>4</string>
			<key>isa</key>
			<string>PBXFileReference</string>
			<key>lastKnownFileType</key>
			<string>wrapper.framework</string>
			<key>name</key>
			<string>calabash.framework</string>
			<key>path</key>
			<string>calabash.framework</string>
			<key>sourceTree</key>
			<string>&lt;group&gt;</string>
		</dict>
		<key>45df9490cb871bb306cca552</key>
		<dict>
			<key>buildConfigurationList</key>
			<string>b9119294493608d9621f8bf8</string>
			<key>buildPhases</key>
			<array>
				<string>548c6a807af2bc08e224c75f</string>
				<string>ff1e5ee9c7147c811fc7fec7</string>
				<string>241ecf5a21b2e735ef2ae2a8</string>
			</array>
			<key>buildRules</key>
			<array/>
			<key>dependencies</key>
			<array/>
			<key>isa</key>
			<string>PBXNativeTarget</string>
			<key>name</key>
			<string>wroclaw_2017-cal</string>
			<key>productName</key>
			<string>wroclaw_2017-cal</string>
			<key>productReference</key>
			<string>f537ae231527c67250f14a2e</string>
			<key>productType</key>
			<string>com.apple.product-type.application</string>
		</dict>
		<key>48309e094d05afe576d9ddc5</key>
		<dict>
			<key>fileRef</key>
			<string>D45996431A110A28002B1059</string>
			<key>isa</key>
			<string>PBXBuildFile</string>
		</dict>
		<key>4C0E6ED31A0922C9006A22D7</key>
		<dict>
			<key>fileEncoding</key>
			<string>4</string>
			<key>isa</key>
			<string>PBXFileReference</string>
			<key>lastKnownFileType</key>
			<string>file.storyboard</string>
			<key>path</key>
			<string>Main.storyboard</string>
			<key>sourceTree</key>
			<string>&lt;group&gt;</string>
		</dict>
		<key>4C0E6ED41A0922C9006A22D7</key>
		<dict>
			<key>fileRef</key>
			<string>4C0E6ED31A0922C9006A22D7</string>
			<key>isa</key>
			<string>PBXBuildFile</string>
		</dict>
		<key>4C3CF7381A0058BF005D5D95</key>
		<dict>
			<key>fileEncoding</key>
			<string>4</string>
			<key>isa</key>
			<string>PBXFileReference</string>
			<key>lastKnownFileType</key>
			<string>sourcecode.swift</string>
			<key>path</key>
			<string>Utils.swift</string>
			<key>sourceTree</key>
			<string>&lt;group&gt;</string>
		</dict>
		<key>4C3CF7391A0058BF005D5D95</key>
		<dict>
			<key>fileRef</key>
			<string>4C3CF7381A0058BF005D5D95</string>
			<key>isa</key>
			<string>PBXBuildFile</string>
		</dict>
		<key>4C3D162F1A076C85001EBDA7</key>
		<dict>
			<key>fileEncoding</key>
			<string>4</string>
			<key>isa</key>
			<string>PBXFileReference</string>
			<key>lastKnownFileType</key>
			<string>sourcecode.swift</string>
			<key>path</key>
			<string>CalendarDetailViewController.swift</string>
			<key>sourceTree</key>
			<string>&lt;group&gt;</string>
		</dict>
		<key>4C3D16301A076C85001EBDA7</key>
		<dict>
			<key>fileRef</key>
			<string>4C3D162F1A076C85001EBDA7</string>
			<key>isa</key>
			<string>PBXBuildFile</string>
		</dict>
		<key>4C3D16311A076EE6001EBDA7</key>
		<dict>
			<key>isa</key>
			<string>PBXFileReference</string>
			<key>lastKnownFileType</key>
			<string>wrapper.framework</string>
			<key>name</key>
			<string>MapKit.framework</string>
			<key>path</key>
			<string>System/Library/Frameworks/MapKit.framework</string>
			<key>sourceTree</key>
			<string>SDKROOT</string>
		</dict>
		<key>4C3D16321A076EE6001EBDA7</key>
		<dict>
			<key>fileRef</key>
			<string>4C3D16311A076EE6001EBDA7</string>
			<key>isa</key>
			<string>PBXBuildFile</string>
		</dict>
		<key>4C3F8F961A0A776C0066F3F7</key>
		<dict>
			<key>isa</key>
			<string>PBXFileReference</string>
			<key>lastKnownFileType</key>
			<string>image.jpeg</string>
			<key>path</key>
			<string>bg_news.jpg</string>
			<key>sourceTree</key>
			<string>&lt;group&gt;</string>
		</dict>
		<key>4C3F8F971A0A776C0066F3F7</key>
		<dict>
			<key>fileRef</key>
			<string>4C3F8F961A0A776C0066F3F7</string>
			<key>isa</key>
			<string>PBXBuildFile</string>
		</dict>
		<key>4C3F8F981A0A79550066F3F7</key>
		<dict>
			<key>isa</key>
			<string>PBXFileReference</string>
			<key>lastKnownFileType</key>
			<string>image.jpeg</string>
			<key>path</key>
			<string>news1.jpg</string>
			<key>sourceTree</key>
			<string>&lt;group&gt;</string>
		</dict>
		<key>4C3F8F9A1A0A79550066F3F7</key>
		<dict>
			<key>isa</key>
			<string>PBXFileReference</string>
			<key>lastKnownFileType</key>
			<string>image.jpeg</string>
			<key>path</key>
			<string>news3.jpg</string>
			<key>sourceTree</key>
			<string>&lt;group&gt;</string>
		</dict>
		<key>4C3F8F9B1A0A79550066F3F7</key>
		<dict>
			<key>fileRef</key>
			<string>4C3F8F981A0A79550066F3F7</string>
			<key>isa</key>
			<string>PBXBuildFile</string>
		</dict>
		<key>4C3F8F9D1A0A79550066F3F7</key>
		<dict>
			<key>fileRef</key>
			<string>4C3F8F9A1A0A79550066F3F7</string>
			<key>isa</key>
			<string>PBXBuildFile</string>
		</dict>
		<key>4C3F8F9E1A0A79970066F3F7</key>
		<dict>
			<key>isa</key>
			<string>PBXFileReference</string>
			<key>lastKnownFileType</key>
			<string>image.jpeg</string>
			<key>path</key>
			<string>news2.jpg</string>
			<key>sourceTree</key>
			<string>&lt;group&gt;</string>
		</dict>
		<key>4C3F8F9F1A0A79970066F3F7</key>
		<dict>
			<key>fileRef</key>
			<string>4C3F8F9E1A0A79970066F3F7</string>
			<key>isa</key>
			<string>PBXBuildFile</string>
		</dict>
		<key>4C4B9E031A09FFF000F60266</key>
		<dict>
			<key>fileEncoding</key>
			<string>4</string>
			<key>isa</key>
			<string>PBXFileReference</string>
			<key>lastKnownFileType</key>
			<string>sourcecode.swift</string>
			<key>path</key>
			<string>InfoViewController.swift</string>
			<key>sourceTree</key>
			<string>&lt;group&gt;</string>
		</dict>
		<key>4C4B9E041A09FFF000F60266</key>
		<dict>
			<key>fileRef</key>
			<string>4C4B9E031A09FFF000F60266</string>
			<key>isa</key>
			<string>PBXBuildFile</string>
		</dict>
		<key>4C4B9E051A0A001400F60266</key>
		<dict>
			<key>fileEncoding</key>
			<string>4</string>
			<key>isa</key>
			<string>PBXFileReference</string>
			<key>lastKnownFileType</key>
			<string>sourcecode.swift</string>
			<key>path</key>
			<string>InfoMenuViewController.swift</string>
			<key>sourceTree</key>
			<string>&lt;group&gt;</string>
		</dict>
		<key>4C4B9E061A0A001400F60266</key>
		<dict>
			<key>fileRef</key>
			<string>4C4B9E051A0A001400F60266</string>
			<key>isa</key>
			<string>PBXBuildFile</string>
		</dict>
		<key>4C52D1531A0AD92A0060E222</key>
		<dict>
			<key>isa</key>
			<string>PBXFileReference</string>
			<key>lastKnownFileType</key>
			<string>wrapper.framework</string>
			<key>name</key>
			<string>CoreLocation.framework</string>
			<key>path</key>
			<string>System/Library/Frameworks/CoreLocation.framework</string>
			<key>sourceTree</key>
			<string>SDKROOT</string>
		</dict>
		<key>4C52D1541A0AD92A0060E222</key>
		<dict>
			<key>fileRef</key>
			<string>4C52D1531A0AD92A0060E222</string>
			<key>isa</key>
			<string>PBXBuildFile</string>
		</dict>
		<key>4C6B019C19FE997F00EBF821</key>
		<dict>
			<key>fileEncoding</key>
			<string>4</string>
			<key>isa</key>
			<string>PBXFileReference</string>
			<key>lastKnownFileType</key>
			<string>sourcecode.swift</string>
			<key>path</key>
			<string>NewsTableViewCell.swift</string>
			<key>sourceTree</key>
			<string>&lt;group&gt;</string>
		</dict>
		<key>4C6B019D19FE997F00EBF821</key>
		<dict>
			<key>fileRef</key>
			<string>4C6B019C19FE997F00EBF821</string>
			<key>isa</key>
			<string>PBXBuildFile</string>
		</dict>
		<key>4C9B831D19F6F5A800B68B88</key>
		<dict>
			<key>children</key>
			<array>
				<string>D422AFC51A1B9B6400A62C32</string>
				<string>4C52D1531A0AD92A0060E222</string>
				<string>4C3D16311A076EE6001EBDA7</string>
				<string>4C9B832819F6F5A800B68B88</string>
				<string>4C9B833E19F6F5A800B68B88</string>
				<string>4C9B832719F6F5A800B68B88</string>
			</array>
			<key>isa</key>
			<string>PBXGroup</string>
			<key>sourceTree</key>
			<string>&lt;group&gt;</string>
		</dict>
		<key>4C9B831E19F6F5A800B68B88</key>
		<dict>
			<key>attributes</key>
			<dict>
				<key>LastUpgradeCheck</key>
				<string>0610</string>
				<key>ORGANIZATIONNAME</key>
				<string>pl.wroclaw</string>
				<key>TargetAttributes</key>
				<dict>
					<key>4C9B832519F6F5A800B68B88</key>
					<dict>
						<key>CreatedOnToolsVersion</key>
						<string>6.1</string>
						<key>SystemCapabilities</key>
						<dict>
							<key>com.apple.Maps.iOS</key>
							<dict>
								<key>enabled</key>
								<string>1</string>
							</dict>
						</dict>
					</dict>
					<key>4C9B833A19F6F5A800B68B88</key>
					<dict>
						<key>CreatedOnToolsVersion</key>
						<string>6.1</string>
						<key>TestTargetID</key>
						<string>4C9B832519F6F5A800B68B88</string>
					</dict>
				</dict>
			</dict>
			<key>buildConfigurationList</key>
			<string>4C9B832119F6F5A800B68B88</string>
			<key>compatibilityVersion</key>
			<string>Xcode 3.2</string>
			<key>developmentRegion</key>
			<string>English</string>
			<key>hasScannedForEncodings</key>
			<string>0</string>
			<key>isa</key>
			<string>PBXProject</string>
			<key>knownRegions</key>
			<array>
				<string>en</string>
				<string>Base</string>
			</array>
			<key>mainGroup</key>
			<string>4C9B831D19F6F5A800B68B88</string>
			<key>productRefGroup</key>
			<string>4C9B832719F6F5A800B68B88</string>
			<key>projectDirPath</key>
			<string></string>
			<key>projectRoot</key>
			<string></string>
			<key>targets</key>
			<array>
				<string>4C9B832519F6F5A800B68B88</string>
				<string>4C9B833A19F6F5A800B68B88</string>
				<string>45df9490cb871bb306cca552</string>
			</array>
		</dict>
		<key>4C9B832119F6F5A800B68B88</key>
		<dict>
			<key>buildConfigurations</key>
			<array>
				<string>4C9B834319F6F5A800B68B88</string>
				<string>4C9B834419F6F5A800B68B88</string>
			</array>
			<key>defaultConfigurationIsVisible</key>
			<string>0</string>
			<key>defaultConfigurationName</key>
			<string>Release</string>
			<key>isa</key>
			<string>XCConfigurationList</string>
		</dict>
		<key>4C9B832219F6F5A800B68B88</key>
		<dict>
			<key>buildActionMask</key>
			<string>2147483647</string>
			<key>files</key>
			<array>
				<string>4CC9A34D1A004B91006DE05C</string>
				<string>4C3D16301A076C85001EBDA7</string>
				<string>4CB5F5A019F71BA8006F09EC</string>
				<string>4C6B019D19FE997F00EBF821</string>
				<string>4CC9A34A1A004B65006DE05C</string>
				<string>4CC9A34B1A004B65006DE05C</string>
				<string>4C9B832E19F6F5A800B68B88</string>
				<string>4C9B832C19F6F5A800B68B88</string>
				<string>4C3CF7391A0058BF005D5D95</string>
				<string>4C4B9E041A09FFF000F60266</string>
				<string>4C9B836719F6F71100B68B88</string>
				<string>D45996561A13993D002B1059</string>
				<string>4CA7AB631A0AD1CD005073E7</string>
				<string>D45996461A120372002B1059</string>
				<string>4CB5F59E19F71255006F09EC</string>
				<string>D45996541A1229D9002B1059</string>
				<string>4C9B836C19F70C9000B68B88</string>
				<string>4C4B9E061A0A001400F60266</string>
			</array>
			<key>isa</key>
			<string>PBXSourcesBuildPhase</string>
			<key>runOnlyForDeploymentPostprocessing</key>
			<string>0</string>
		</dict>
		<key>4C9B832319F6F5A800B68B88</key>
		<dict>
			<key>buildActionMask</key>
			<string>2147483647</string>
			<key>files</key>
			<array>
				<string>D422AFC61A1B9B6400A62C32</string>
				<string>4C52D1541A0AD92A0060E222</string>
				<string>4C3D16321A076EE6001EBDA7</string>
			</array>
			<key>isa</key>
			<string>PBXFrameworksBuildPhase</string>
			<key>runOnlyForDeploymentPostprocessing</key>
			<string>0</string>
		</dict>
		<key>4C9B832419F6F5A800B68B88</key>
		<dict>
			<key>buildActionMask</key>
			<string>2147483647</string>
			<key>files</key>
			<array>
				<string>D459963A1A0E509B002B1059</string>
				<string>D43E0A911A0AB25D00121C99</string>
				<string>4C9B834C19F6F63E00B68B88</string>
				<string>D43E0A8D1A0AB21F00121C99</string>
				<string>4C9B836319F6F67000B68B88</string>
				<string>D459964E1A121050002B1059</string>
				<string>4C3F8F9B1A0A79550066F3F7</string>
				<string>4C9B835919F6F67000B68B88</string>
				<string>4C9B835E19F6F67000B68B88</string>
				<string>4C9B835B19F6F67000B68B88</string>
				<string>4C0E6ED41A0922C9006A22D7</string>
				<string>4C3F8F9F1A0A79970066F3F7</string>
				<string>D45996421A11046C002B1059</string>
				<string>D43E0A931A0B66C200121C99</string>
				<string>4C3F8F9D1A0A79550066F3F7</string>
				<string>4C9B835D19F6F67000B68B88</string>
				<string>D43E0A8B1A0AB0CF00121C99</string>
				<string>D45996511A121050002B1059</string>
				<string>D45996441A110A28002B1059</string>
				<string>4C9B835A19F6F67000B68B88</string>
				<string>D43E0A8F1A0AB24500121C99</string>
				<string>D45996401A10F4CA002B1059</string>
				<string>4C9B833319F6F5A800B68B88</string>
				<string>4C9B836219F6F67000B68B88</string>
				<string>D45996501A121050002B1059</string>
				<string>D43E0A851A0A482700121C99</string>
				<string>D459964D1A121050002B1059</string>
				<string>4C9B835C19F6F67000B68B88</string>
				<string>D459963F1A10F4CA002B1059</string>
				<string>D459964F1A121050002B1059</string>
				<string>4C3F8F971A0A776C0066F3F7</string>
				<string>D45996521A121050002B1059</string>
			</array>
			<key>isa</key>
			<string>PBXResourcesBuildPhase</string>
			<key>runOnlyForDeploymentPostprocessing</key>
			<string>0</string>
		</dict>
		<key>4C9B832519F6F5A800B68B88</key>
		<dict>
			<key>buildConfigurationList</key>
			<string>4C9B834519F6F5A800B68B88</string>
			<key>buildPhases</key>
			<array>
				<string>4C9B832219F6F5A800B68B88</string>
				<string>4C9B832319F6F5A800B68B88</string>
				<string>4C9B832419F6F5A800B68B88</string>
			</array>
			<key>buildRules</key>
			<array/>
			<key>dependencies</key>
			<array/>
			<key>isa</key>
			<string>PBXNativeTarget</string>
			<key>name</key>
			<string>wroclaw_2017</string>
			<key>productName</key>
			<string>wroclaw_2017</string>
			<key>productReference</key>
			<string>4C9B832619F6F5A800B68B88</string>
			<key>productType</key>
			<string>com.apple.product-type.application</string>
		</dict>
		<key>4C9B832619F6F5A800B68B88</key>
		<dict>
			<key>explicitFileType</key>
			<string>wrapper.application</string>
			<key>includeInIndex</key>
			<string>0</string>
			<key>isa</key>
			<string>PBXFileReference</string>
			<key>path</key>
			<string>wroclaw_2017.app</string>
			<key>sourceTree</key>
			<string>BUILT_PRODUCTS_DIR</string>
		</dict>
		<key>4C9B832719F6F5A800B68B88</key>
		<dict>
			<key>children</key>
			<array>
				<string>4C9B832619F6F5A800B68B88</string>
				<string>4C9B833B19F6F5A800B68B88</string>
			</array>
			<key>isa</key>
			<string>PBXGroup</string>
			<key>name</key>
			<string>Products</string>
			<key>sourceTree</key>
			<string>&lt;group&gt;</string>
		</dict>
		<key>4C9B832819F6F5A800B68B88</key>
		<dict>
			<key>children</key>
			<array>
				<string>D422AFC71A1B9C3600A62C32</string>
				<string>4C9B836819F70BE800B68B88</string>
				<string>4C9B834D19F6F65C00B68B88</string>
				<string>4C9B834B19F6F63E00B68B88</string>
				<string>4C0E6ED31A0922C9006A22D7</string>
				<string>4C9B832B19F6F5A800B68B88</string>
				<string>D45996451A120372002B1059</string>
				<string>D45996531A1229D9002B1059</string>
				<string>D45996551A13993D002B1059</string>
				<string>4C9B832D19F6F5A800B68B88</string>
				<string>4CB5F59D19F71255006F09EC</string>
				<string>4CB5F59F19F71BA8006F09EC</string>
				<string>4CC9A34C1A004B91006DE05C</string>
				<string>4C3D162F1A076C85001EBDA7</string>
				<string>4C4B9E031A09FFF000F60266</string>
				<string>4C4B9E051A0A001400F60266</string>
				<string>4CA7AB621A0AD1CD005073E7</string>
				<string>4C9B833219F6F5A800B68B88</string>
				<string>4C9B832919F6F5A800B68B88</string>
			</array>
			<key>isa</key>
			<string>PBXGroup</string>
			<key>path</key>
			<string>wroclaw_2017</string>
			<key>sourceTree</key>
			<string>&lt;group&gt;</string>
		</dict>
		<key>4C9B832919F6F5A800B68B88</key>
		<dict>
			<key>children</key>
			<array>
				<string>4C9B832A19F6F5A800B68B88</string>
				<string>4C9B836419F6F71100B68B88</string>
			</array>
			<key>isa</key>
			<string>PBXGroup</string>
			<key>name</key>
			<string>Supporting Files</string>
			<key>sourceTree</key>
			<string>&lt;group&gt;</string>
		</dict>
		<key>4C9B832A19F6F5A800B68B88</key>
		<dict>
			<key>isa</key>
			<string>PBXFileReference</string>
			<key>lastKnownFileType</key>
			<string>text.plist.xml</string>
			<key>path</key>
			<string>Info.plist</string>
			<key>sourceTree</key>
			<string>&lt;group&gt;</string>
		</dict>
		<key>4C9B832B19F6F5A800B68B88</key>
		<dict>
			<key>isa</key>
			<string>PBXFileReference</string>
			<key>lastKnownFileType</key>
			<string>sourcecode.swift</string>
			<key>path</key>
			<string>AppDelegate.swift</string>
			<key>sourceTree</key>
			<string>&lt;group&gt;</string>
		</dict>
		<key>4C9B832C19F6F5A800B68B88</key>
		<dict>
			<key>fileRef</key>
			<string>4C9B832B19F6F5A800B68B88</string>
			<key>isa</key>
			<string>PBXBuildFile</string>
		</dict>
		<key>4C9B832D19F6F5A800B68B88</key>
		<dict>
			<key>isa</key>
			<string>PBXFileReference</string>
			<key>lastKnownFileType</key>
			<string>sourcecode.swift</string>
			<key>path</key>
			<string>ViewController.swift</string>
			<key>sourceTree</key>
			<string>&lt;group&gt;</string>
		</dict>
		<key>4C9B832E19F6F5A800B68B88</key>
		<dict>
			<key>fileRef</key>
			<string>4C9B832D19F6F5A800B68B88</string>
			<key>isa</key>
			<string>PBXBuildFile</string>
		</dict>
		<key>4C9B833219F6F5A800B68B88</key>
		<dict>
			<key>isa</key>
			<string>PBXFileReference</string>
			<key>lastKnownFileType</key>
			<string>folder.assetcatalog</string>
			<key>path</key>
			<string>Images.xcassets</string>
			<key>sourceTree</key>
			<string>&lt;group&gt;</string>
		</dict>
		<key>4C9B833319F6F5A800B68B88</key>
		<dict>
			<key>fileRef</key>
			<string>4C9B833219F6F5A800B68B88</string>
			<key>isa</key>
			<string>PBXBuildFile</string>
		</dict>
		<key>4C9B833719F6F5A800B68B88</key>
		<dict>
			<key>buildActionMask</key>
			<string>2147483647</string>
			<key>files</key>
			<array>
				<string>4C9B834219F6F5A800B68B88</string>
			</array>
			<key>isa</key>
			<string>PBXSourcesBuildPhase</string>
			<key>runOnlyForDeploymentPostprocessing</key>
			<string>0</string>
		</dict>
		<key>4C9B833819F6F5A800B68B88</key>
		<dict>
			<key>buildActionMask</key>
			<string>2147483647</string>
			<key>files</key>
			<array/>
			<key>isa</key>
			<string>PBXFrameworksBuildPhase</string>
			<key>runOnlyForDeploymentPostprocessing</key>
			<string>0</string>
		</dict>
		<key>4C9B833919F6F5A800B68B88</key>
		<dict>
			<key>buildActionMask</key>
			<string>2147483647</string>
			<key>files</key>
			<array/>
			<key>isa</key>
			<string>PBXResourcesBuildPhase</string>
			<key>runOnlyForDeploymentPostprocessing</key>
			<string>0</string>
		</dict>
		<key>4C9B833A19F6F5A800B68B88</key>
		<dict>
			<key>buildConfigurationList</key>
			<string>4C9B834819F6F5A800B68B88</string>
			<key>buildPhases</key>
			<array>
				<string>4C9B833719F6F5A800B68B88</string>
				<string>4C9B833819F6F5A800B68B88</string>
				<string>4C9B833919F6F5A800B68B88</string>
			</array>
			<key>buildRules</key>
			<array/>
			<key>dependencies</key>
			<array>
				<string>4C9B833D19F6F5A800B68B88</string>
			</array>
			<key>isa</key>
			<string>PBXNativeTarget</string>
			<key>name</key>
			<string>wroclaw_2017Tests</string>
			<key>productName</key>
			<string>wroclaw_2017Tests</string>
			<key>productReference</key>
			<string>4C9B833B19F6F5A800B68B88</string>
			<key>productType</key>
			<string>com.apple.product-type.bundle.unit-test</string>
		</dict>
		<key>4C9B833B19F6F5A800B68B88</key>
		<dict>
			<key>explicitFileType</key>
			<string>wrapper.cfbundle</string>
			<key>includeInIndex</key>
			<string>0</string>
			<key>isa</key>
			<string>PBXFileReference</string>
			<key>path</key>
			<string>wroclaw_2017Tests.xctest</string>
			<key>sourceTree</key>
			<string>BUILT_PRODUCTS_DIR</string>
		</dict>
		<key>4C9B833C19F6F5A800B68B88</key>
		<dict>
			<key>containerPortal</key>
			<string>4C9B831E19F6F5A800B68B88</string>
			<key>isa</key>
			<string>PBXContainerItemProxy</string>
			<key>proxyType</key>
			<string>1</string>
			<key>remoteGlobalIDString</key>
			<string>4C9B832519F6F5A800B68B88</string>
			<key>remoteInfo</key>
			<string>wroclaw_2017</string>
		</dict>
		<key>4C9B833D19F6F5A800B68B88</key>
		<dict>
			<key>isa</key>
			<string>PBXTargetDependency</string>
			<key>target</key>
			<string>4C9B832519F6F5A800B68B88</string>
			<key>targetProxy</key>
			<string>4C9B833C19F6F5A800B68B88</string>
		</dict>
		<key>4C9B833E19F6F5A800B68B88</key>
		<dict>
			<key>children</key>
			<array>
				<string>4C9B834119F6F5A800B68B88</string>
				<string>4C9B833F19F6F5A800B68B88</string>
			</array>
			<key>isa</key>
			<string>PBXGroup</string>
			<key>path</key>
			<string>wroclaw_2017Tests</string>
			<key>sourceTree</key>
			<string>&lt;group&gt;</string>
		</dict>
		<key>4C9B833F19F6F5A800B68B88</key>
		<dict>
			<key>children</key>
			<array>
				<string>4C9B834019F6F5A800B68B88</string>
			</array>
			<key>isa</key>
			<string>PBXGroup</string>
			<key>name</key>
			<string>Supporting Files</string>
			<key>sourceTree</key>
			<string>&lt;group&gt;</string>
		</dict>
		<key>4C9B834019F6F5A800B68B88</key>
		<dict>
			<key>isa</key>
			<string>PBXFileReference</string>
			<key>lastKnownFileType</key>
			<string>text.plist.xml</string>
			<key>path</key>
			<string>Info.plist</string>
			<key>sourceTree</key>
			<string>&lt;group&gt;</string>
		</dict>
		<key>4C9B834119F6F5A800B68B88</key>
		<dict>
			<key>isa</key>
			<string>PBXFileReference</string>
			<key>lastKnownFileType</key>
			<string>sourcecode.swift</string>
			<key>path</key>
			<string>wroclaw_2017Tests.swift</string>
			<key>sourceTree</key>
			<string>&lt;group&gt;</string>
		</dict>
		<key>4C9B834219F6F5A800B68B88</key>
		<dict>
			<key>fileRef</key>
			<string>4C9B834119F6F5A800B68B88</string>
			<key>isa</key>
			<string>PBXBuildFile</string>
		</dict>
		<key>4C9B834319F6F5A800B68B88</key>
		<dict>
			<key>buildSettings</key>
			<dict>
				<key>ALWAYS_SEARCH_USER_PATHS</key>
				<string>NO</string>
				<key>CLANG_CXX_LANGUAGE_STANDARD</key>
				<string>gnu++0x</string>
				<key>CLANG_CXX_LIBRARY</key>
				<string>libc++</string>
				<key>CLANG_ENABLE_MODULES</key>
				<string>YES</string>
				<key>CLANG_ENABLE_OBJC_ARC</key>
				<string>YES</string>
				<key>CLANG_WARN_BOOL_CONVERSION</key>
				<string>YES</string>
				<key>CLANG_WARN_CONSTANT_CONVERSION</key>
				<string>YES</string>
				<key>CLANG_WARN_DIRECT_OBJC_ISA_USAGE</key>
				<string>YES_ERROR</string>
				<key>CLANG_WARN_EMPTY_BODY</key>
				<string>YES</string>
				<key>CLANG_WARN_ENUM_CONVERSION</key>
				<string>YES</string>
				<key>CLANG_WARN_INT_CONVERSION</key>
				<string>YES</string>
				<key>CLANG_WARN_OBJC_ROOT_CLASS</key>
				<string>YES_ERROR</string>
				<key>CLANG_WARN_UNREACHABLE_CODE</key>
				<string>YES</string>
				<key>CLANG_WARN__DUPLICATE_METHOD_MATCH</key>
				<string>YES</string>
				<key>CODE_SIGN_IDENTITY[sdk=iphoneos*]</key>
				<string>iPhone Developer</string>
				<key>COPY_PHASE_STRIP</key>
				<string>NO</string>
				<key>ENABLE_STRICT_OBJC_MSGSEND</key>
				<string>YES</string>
				<key>GCC_C_LANGUAGE_STANDARD</key>
				<string>gnu99</string>
				<key>GCC_DYNAMIC_NO_PIC</key>
				<string>NO</string>
				<key>GCC_OPTIMIZATION_LEVEL</key>
				<string>0</string>
				<key>GCC_PREPROCESSOR_DEFINITIONS</key>
				<array>
					<string>DEBUG=1</string>
					<string>$(inherited)</string>
				</array>
				<key>GCC_SYMBOLS_PRIVATE_EXTERN</key>
				<string>NO</string>
				<key>GCC_WARN_64_TO_32_BIT_CONVERSION</key>
				<string>YES</string>
				<key>GCC_WARN_ABOUT_RETURN_TYPE</key>
				<string>YES_ERROR</string>
				<key>GCC_WARN_UNDECLARED_SELECTOR</key>
				<string>YES</string>
				<key>GCC_WARN_UNINITIALIZED_AUTOS</key>
				<string>YES_AGGRESSIVE</string>
				<key>GCC_WARN_UNUSED_FUNCTION</key>
				<string>YES</string>
				<key>GCC_WARN_UNUSED_VARIABLE</key>
				<string>YES</string>
				<key>IPHONEOS_DEPLOYMENT_TARGET</key>
				<string>8.1</string>
				<key>MTL_ENABLE_DEBUG_INFO</key>
				<string>YES</string>
				<key>ONLY_ACTIVE_ARCH</key>
				<string>YES</string>
				<key>SDKROOT</key>
				<string>iphoneos</string>
				<key>SWIFT_OPTIMIZATION_LEVEL</key>
				<string>-Onone</string>
				<key>TARGETED_DEVICE_FAMILY</key>
				<string>1,2</string>
			</dict>
			<key>isa</key>
			<string>XCBuildConfiguration</string>
			<key>name</key>
			<string>Debug</string>
		</dict>
		<key>4C9B834419F6F5A800B68B88</key>
		<dict>
			<key>buildSettings</key>
			<dict>
				<key>ALWAYS_SEARCH_USER_PATHS</key>
				<string>NO</string>
				<key>CLANG_CXX_LANGUAGE_STANDARD</key>
				<string>gnu++0x</string>
				<key>CLANG_CXX_LIBRARY</key>
				<string>libc++</string>
				<key>CLANG_ENABLE_MODULES</key>
				<string>YES</string>
				<key>CLANG_ENABLE_OBJC_ARC</key>
				<string>YES</string>
				<key>CLANG_WARN_BOOL_CONVERSION</key>
				<string>YES</string>
				<key>CLANG_WARN_CONSTANT_CONVERSION</key>
				<string>YES</string>
				<key>CLANG_WARN_DIRECT_OBJC_ISA_USAGE</key>
				<string>YES_ERROR</string>
				<key>CLANG_WARN_EMPTY_BODY</key>
				<string>YES</string>
				<key>CLANG_WARN_ENUM_CONVERSION</key>
				<string>YES</string>
				<key>CLANG_WARN_INT_CONVERSION</key>
				<string>YES</string>
				<key>CLANG_WARN_OBJC_ROOT_CLASS</key>
				<string>YES_ERROR</string>
				<key>CLANG_WARN_UNREACHABLE_CODE</key>
				<string>YES</string>
				<key>CLANG_WARN__DUPLICATE_METHOD_MATCH</key>
				<string>YES</string>
				<key>CODE_SIGN_IDENTITY[sdk=iphoneos*]</key>
				<string>iPhone Developer</string>
				<key>COPY_PHASE_STRIP</key>
				<string>YES</string>
				<key>ENABLE_NS_ASSERTIONS</key>
				<string>NO</string>
				<key>ENABLE_STRICT_OBJC_MSGSEND</key>
				<string>YES</string>
				<key>GCC_C_LANGUAGE_STANDARD</key>
				<string>gnu99</string>
				<key>GCC_WARN_64_TO_32_BIT_CONVERSION</key>
				<string>YES</string>
				<key>GCC_WARN_ABOUT_RETURN_TYPE</key>
				<string>YES_ERROR</string>
				<key>GCC_WARN_UNDECLARED_SELECTOR</key>
				<string>YES</string>
				<key>GCC_WARN_UNINITIALIZED_AUTOS</key>
				<string>YES_AGGRESSIVE</string>
				<key>GCC_WARN_UNUSED_FUNCTION</key>
				<string>YES</string>
				<key>GCC_WARN_UNUSED_VARIABLE</key>
				<string>YES</string>
				<key>IPHONEOS_DEPLOYMENT_TARGET</key>
				<string>8.1</string>
				<key>MTL_ENABLE_DEBUG_INFO</key>
				<string>NO</string>
				<key>SDKROOT</key>
				<string>iphoneos</string>
				<key>TARGETED_DEVICE_FAMILY</key>
				<string>1,2</string>
				<key>VALIDATE_PRODUCT</key>
				<string>YES</string>
			</dict>
			<key>isa</key>
			<string>XCBuildConfiguration</string>
			<key>name</key>
			<string>Release</string>
		</dict>
		<key>4C9B834519F6F5A800B68B88</key>
		<dict>
			<key>buildConfigurations</key>
			<array>
				<string>4C9B834619F6F5A800B68B88</string>
				<string>4C9B834719F6F5A800B68B88</string>
			</array>
			<key>defaultConfigurationIsVisible</key>
			<string>0</string>
			<key>defaultConfigurationName</key>
			<string>Release</string>
			<key>isa</key>
			<string>XCConfigurationList</string>
		</dict>
		<key>4C9B834619F6F5A800B68B88</key>
		<dict>
			<key>buildSettings</key>
			<dict>
				<key>ALWAYS_SEARCH_USER_PATHS</key>
				<string>NO</string>
				<key>ASSETCATALOG_COMPILER_APPICON_NAME</key>
				<string>AppIcon</string>
				<key>CLANG_ENABLE_MODULES</key>
				<string>YES</string>
				<key>FRAMEWORK_SEARCH_PATHS</key>
				<array>
					<string>$(inherited)</string>
					<string>$(PROJECT_DIR)</string>
				</array>
				<key>INFOPLIST_FILE</key>
				<string>wroclaw_2017/Info.plist</string>
				<key>LD_RUNPATH_SEARCH_PATHS</key>
				<string>$(inherited) @executable_path/Frameworks</string>
				<key>LIBRARY_SEARCH_PATHS</key>
				<array>
					<string>$(inherited)</string>
					<string>$(PROJECT_DIR)</string>
				</array>
				<key>PRODUCT_NAME</key>
				<string>$(TARGET_NAME)</string>
				<key>SWIFT_OBJC_BRIDGING_HEADER</key>
				<string>wroclaw_2017/wroclaw_2017-Bridging-Header.h</string>
				<key>SWIFT_OPTIMIZATION_LEVEL</key>
				<string>-Onone</string>
			</dict>
			<key>isa</key>
			<string>XCBuildConfiguration</string>
			<key>name</key>
			<string>Debug</string>
		</dict>
		<key>4C9B834719F6F5A800B68B88</key>
		<dict>
			<key>buildSettings</key>
			<dict>
				<key>ALWAYS_SEARCH_USER_PATHS</key>
				<string>NO</string>
				<key>ASSETCATALOG_COMPILER_APPICON_NAME</key>
				<string>AppIcon</string>
				<key>CLANG_ENABLE_MODULES</key>
				<string>YES</string>
				<key>FRAMEWORK_SEARCH_PATHS</key>
				<array>
					<string>$(inherited)</string>
					<string>$(PROJECT_DIR)</string>
				</array>
				<key>INFOPLIST_FILE</key>
				<string>wroclaw_2017/Info.plist</string>
				<key>LD_RUNPATH_SEARCH_PATHS</key>
				<string>$(inherited) @executable_path/Frameworks</string>
				<key>LIBRARY_SEARCH_PATHS</key>
				<array>
					<string>$(inherited)</string>
					<string>$(PROJECT_DIR)</string>
				</array>
				<key>PRODUCT_NAME</key>
				<string>$(TARGET_NAME)</string>
				<key>SWIFT_OBJC_BRIDGING_HEADER</key>
				<string>wroclaw_2017/wroclaw_2017-Bridging-Header.h</string>
			</dict>
			<key>isa</key>
			<string>XCBuildConfiguration</string>
			<key>name</key>
			<string>Release</string>
		</dict>
		<key>4C9B834819F6F5A800B68B88</key>
		<dict>
			<key>buildConfigurations</key>
			<array>
				<string>4C9B834919F6F5A800B68B88</string>
				<string>4C9B834A19F6F5A800B68B88</string>
			</array>
			<key>defaultConfigurationIsVisible</key>
			<string>0</string>
			<key>defaultConfigurationName</key>
			<string>Release</string>
			<key>isa</key>
			<string>XCConfigurationList</string>
		</dict>
		<key>4C9B834919F6F5A800B68B88</key>
		<dict>
			<key>buildSettings</key>
			<dict>
				<key>BUNDLE_LOADER</key>
				<string>$(TEST_HOST)</string>
				<key>FRAMEWORK_SEARCH_PATHS</key>
				<array>
					<string>$(SDKROOT)/Developer/Library/Frameworks</string>
					<string>$(inherited)</string>
				</array>
				<key>GCC_PREPROCESSOR_DEFINITIONS</key>
				<array>
					<string>DEBUG=1</string>
					<string>$(inherited)</string>
				</array>
				<key>INFOPLIST_FILE</key>
				<string>wroclaw_2017Tests/Info.plist</string>
				<key>LD_RUNPATH_SEARCH_PATHS</key>
				<string>$(inherited) @executable_path/Frameworks @loader_path/Frameworks</string>
				<key>PRODUCT_NAME</key>
				<string>$(TARGET_NAME)</string>
				<key>TEST_HOST</key>
				<string>$(BUILT_PRODUCTS_DIR)/wroclaw_2017.app/wroclaw_2017</string>
			</dict>
			<key>isa</key>
			<string>XCBuildConfiguration</string>
			<key>name</key>
			<string>Debug</string>
		</dict>
		<key>4C9B834A19F6F5A800B68B88</key>
		<dict>
			<key>buildSettings</key>
			<dict>
				<key>BUNDLE_LOADER</key>
				<string>$(TEST_HOST)</string>
				<key>FRAMEWORK_SEARCH_PATHS</key>
				<array>
					<string>$(SDKROOT)/Developer/Library/Frameworks</string>
					<string>$(inherited)</string>
				</array>
				<key>INFOPLIST_FILE</key>
				<string>wroclaw_2017Tests/Info.plist</string>
				<key>LD_RUNPATH_SEARCH_PATHS</key>
				<string>$(inherited) @executable_path/Frameworks @loader_path/Frameworks</string>
				<key>PRODUCT_NAME</key>
				<string>$(TARGET_NAME)</string>
				<key>TEST_HOST</key>
				<string>$(BUILT_PRODUCTS_DIR)/wroclaw_2017.app/wroclaw_2017</string>
			</dict>
			<key>isa</key>
			<string>XCBuildConfiguration</string>
			<key>name</key>
			<string>Release</string>
		</dict>
		<key>4C9B834B19F6F63E00B68B88</key>
		<dict>
			<key>fileEncoding</key>
			<string>4</string>
			<key>isa</key>
			<string>PBXFileReference</string>
			<key>lastKnownFileType</key>
			<string>file.xib</string>
			<key>path</key>
			<string>LaunchScreen.xib</string>
			<key>sourceTree</key>
			<string>&lt;group&gt;</string>
		</dict>
		<key>4C9B834C19F6F63E00B68B88</key>
		<dict>
			<key>fileRef</key>
			<string>4C9B834B19F6F63E00B68B88</string>
			<key>isa</key>
			<string>PBXBuildFile</string>
		</dict>
		<key>4C9B834D19F6F65C00B68B88</key>
		<dict>
			<key>children</key>
			<array>
				<string>4C3F8F9E1A0A79970066F3F7</string>
				<string>D43E0A8C1A0AB21F00121C99</string>
				<string>D45996391A0E509B002B1059</string>
				<string>4C3F8F981A0A79550066F3F7</string>
				<string>4C3F8F9A1A0A79550066F3F7</string>
				<string>D43E0A8A1A0AB0CF00121C99</string>
				<string>D45996471A121050002B1059</string>
				<string>D45996481A121050002B1059</string>
				<string>D45996491A121050002B1059</string>
				<string>D459964A1A121050002B1059</string>
				<string>D459964B1A121050002B1059</string>
				<string>D459964C1A121050002B1059</string>
				<string>4C3F8F961A0A776C0066F3F7</string>
				<string>D459963D1A10F4CA002B1059</string>
				<string>D45996431A110A28002B1059</string>
				<string>D459963E1A10F4CA002B1059</string>
				<string>4C9B834E19F6F67000B68B88</string>
				<string>D43E0A901A0AB25D00121C99</string>
				<string>D45996411A11046C002B1059</string>
				<string>D43E0A921A0B66C200121C99</string>
				<string>D43E0A841A0A482700121C99</string>
				<string>D43E0A8E1A0AB24500121C99</string>
				<string>4C9B834F19F6F67000B68B88</string>
				<string>4C9B835019F6F67000B68B88</string>
				<string>4C9B835119F6F67000B68B88</string>
				<string>4C9B835219F6F67000B68B88</string>
				<string>4C9B835319F6F67000B68B88</string>
				<string>4C9B835719F6F67000B68B88</string>
				<string>4C9B835819F6F67000B68B88</string>
			</array>
			<key>isa</key>
			<string>PBXGroup</string>
			<key>name</key>
			<string>assets</string>
			<key>sourceTree</key>
			<string>&lt;group&gt;</string>
		</dict>
		<key>4C9B834E19F6F67000B68B88</key>
		<dict>
			<key>isa</key>
			<string>PBXFileReference</string>
			<key>lastKnownFileType</key>
			<string>image.png</string>
			<key>path</key>
			<string>ic_action_about.png</string>
			<key>sourceTree</key>
			<string>&lt;group&gt;</string>
		</dict>
		<key>4C9B834F19F6F67000B68B88</key>
		<dict>
			<key>isa</key>
			<string>PBXFileReference</string>
			<key>lastKnownFileType</key>
			<string>image.png</string>
			<key>path</key>
			<string>ic_action_chat.png</string>
			<key>sourceTree</key>
			<string>&lt;group&gt;</string>
		</dict>
		<key>4C9B835019F6F67000B68B88</key>
		<dict>
			<key>isa</key>
			<string>PBXFileReference</string>
			<key>lastKnownFileType</key>
			<string>image.png</string>
			<key>path</key>
			<string>ic_action_go_to_today.png</string>
			<key>sourceTree</key>
			<string>&lt;group&gt;</string>
		</dict>
		<key>4C9B835119F6F67000B68B88</key>
		<dict>
			<key>isa</key>
			<string>PBXFileReference</string>
			<key>lastKnownFileType</key>
			<string>image.png</string>
			<key>path</key>
			<string>ic_action_network_cell.png</string>
			<key>sourceTree</key>
			<string>&lt;group&gt;</string>
		</dict>
		<key>4C9B835219F6F67000B68B88</key>
		<dict>
			<key>isa</key>
			<string>PBXFileReference</string>
			<key>lastKnownFileType</key>
			<string>image.png</string>
			<key>path</key>
			<string>ic_action_place.png</string>
			<key>sourceTree</key>
			<string>&lt;group&gt;</string>
		</dict>
		<key>4C9B835319F6F67000B68B88</key>
		<dict>
			<key>isa</key>
			<string>PBXFileReference</string>
			<key>lastKnownFileType</key>
			<string>image.png</string>
			<key>path</key>
			<string>logo.png</string>
			<key>sourceTree</key>
			<string>&lt;group&gt;</string>
		</dict>
		<key>4C9B835719F6F67000B68B88</key>
		<dict>
			<key>isa</key>
			<string>PBXFileReference</string>
			<key>lastKnownFileType</key>
			<string>image.png</string>
			<key>path</key>
			<string>reveal-icon.png</string>
			<key>sourceTree</key>
			<string>&lt;group&gt;</string>
		</dict>
		<key>4C9B835819F6F67000B68B88</key>
		<dict>
			<key>isa</key>
			<string>PBXFileReference</string>
			<key>lastKnownFileType</key>
			<string>image.png</string>
			<key>path</key>
			<string>reveal-icon@2x.png</string>
			<key>sourceTree</key>
			<string>&lt;group&gt;</string>
		</dict>
		<key>4C9B835919F6F67000B68B88</key>
		<dict>
			<key>fileRef</key>
			<string>4C9B834E19F6F67000B68B88</string>
			<key>isa</key>
			<string>PBXBuildFile</string>
		</dict>
		<key>4C9B835A19F6F67000B68B88</key>
		<dict>
			<key>fileRef</key>
			<string>4C9B834F19F6F67000B68B88</string>
			<key>isa</key>
			<string>PBXBuildFile</string>
		</dict>
		<key>4C9B835B19F6F67000B68B88</key>
		<dict>
			<key>fileRef</key>
			<string>4C9B835019F6F67000B68B88</string>
			<key>isa</key>
			<string>PBXBuildFile</string>
		</dict>
		<key>4C9B835C19F6F67000B68B88</key>
		<dict>
			<key>fileRef</key>
			<string>4C9B835119F6F67000B68B88</string>
			<key>isa</key>
			<string>PBXBuildFile</string>
		</dict>
		<key>4C9B835D19F6F67000B68B88</key>
		<dict>
			<key>fileRef</key>
			<string>4C9B835219F6F67000B68B88</string>
			<key>isa</key>
			<string>PBXBuildFile</string>
		</dict>
		<key>4C9B835E19F6F67000B68B88</key>
		<dict>
			<key>fileRef</key>
			<string>4C9B835319F6F67000B68B88</string>
			<key>isa</key>
			<string>PBXBuildFile</string>
		</dict>
		<key>4C9B836219F6F67000B68B88</key>
		<dict>
			<key>fileRef</key>
			<string>4C9B835719F6F67000B68B88</string>
			<key>isa</key>
			<string>PBXBuildFile</string>
		</dict>
		<key>4C9B836319F6F67000B68B88</key>
		<dict>
			<key>fileRef</key>
			<string>4C9B835819F6F67000B68B88</string>
			<key>isa</key>
			<string>PBXBuildFile</string>
		</dict>
		<key>4C9B836419F6F71100B68B88</key>
		<dict>
			<key>isa</key>
			<string>PBXFileReference</string>
			<key>lastKnownFileType</key>
			<string>sourcecode.c.h</string>
			<key>path</key>
			<string>wroclaw_2017-Bridging-Header.h</string>
			<key>sourceTree</key>
			<string>&lt;group&gt;</string>
		</dict>
		<key>4C9B836519F6F71100B68B88</key>
		<dict>
			<key>fileEncoding</key>
			<string>4</string>
			<key>isa</key>
			<string>PBXFileReference</string>
			<key>lastKnownFileType</key>
			<string>sourcecode.c.h</string>
			<key>path</key>
			<string>SWRevealViewController.h</string>
			<key>sourceTree</key>
			<string>&lt;group&gt;</string>
		</dict>
		<key>4C9B836619F6F71100B68B88</key>
		<dict>
			<key>fileEncoding</key>
			<string>4</string>
			<key>isa</key>
			<string>PBXFileReference</string>
			<key>lastKnownFileType</key>
			<string>sourcecode.c.objc</string>
			<key>path</key>
			<string>SWRevealViewController.m</string>
			<key>sourceTree</key>
			<string>&lt;group&gt;</string>
		</dict>
		<key>4C9B836719F6F71100B68B88</key>
		<dict>
			<key>fileRef</key>
			<string>4C9B836619F6F71100B68B88</string>
			<key>isa</key>
			<string>PBXBuildFile</string>
		</dict>
		<key>4C9B836819F70BE800B68B88</key>
		<dict>
			<key>children</key>
			<array>
				<string>4CC9A3461A004B65006DE05C</string>
				<string>4CC9A3471A004B65006DE05C</string>
				<string>4CC9A3481A004B65006DE05C</string>
				<string>4CC9A3491A004B65006DE05C</string>
				<string>4C9B836519F6F71100B68B88</string>
				<string>4C9B836619F6F71100B68B88</string>
				<string>4C9B836B19F70C9000B68B88</string>
				<string>4C6B019C19FE997F00EBF821</string>
				<string>4C3CF7381A0058BF005D5D95</string>
			</array>
			<key>isa</key>
			<string>PBXGroup</string>
			<key>name</key>
			<string>support</string>
			<key>sourceTree</key>
			<string>&lt;group&gt;</string>
		</dict>
		<key>4C9B836B19F70C9000B68B88</key>
		<dict>
			<key>fileEncoding</key>
			<string>4</string>
			<key>isa</key>
			<string>PBXFileReference</string>
			<key>lastKnownFileType</key>
			<string>sourcecode.swift</string>
			<key>path</key>
			<string>MenuViewController.swift</string>
			<key>sourceTree</key>
			<string>&lt;group&gt;</string>
		</dict>
		<key>4C9B836C19F70C9000B68B88</key>
		<dict>
			<key>fileRef</key>
			<string>4C9B836B19F70C9000B68B88</string>
			<key>isa</key>
			<string>PBXBuildFile</string>
		</dict>
		<key>4CA7AB621A0AD1CD005073E7</key>
		<dict>
			<key>fileEncoding</key>
			<string>4</string>
			<key>isa</key>
			<string>PBXFileReference</string>
			<key>lastKnownFileType</key>
			<string>sourcecode.swift</string>
			<key>path</key>
			<string>LocationsViewController.swift</string>
			<key>sourceTree</key>
			<string>&lt;group&gt;</string>
		</dict>
		<key>4CA7AB631A0AD1CD005073E7</key>
		<dict>
			<key>fileRef</key>
			<string>4CA7AB621A0AD1CD005073E7</string>
			<key>isa</key>
			<string>PBXBuildFile</string>
		</dict>
		<key>4CB5F59D19F71255006F09EC</key>
		<dict>
			<key>fileEncoding</key>
			<string>4</string>
			<key>isa</key>
			<string>PBXFileReference</string>
			<key>lastKnownFileType</key>
			<string>sourcecode.swift</string>
			<key>path</key>
			<string>NewsViewController.swift</string>
			<key>sourceTree</key>
			<string>&lt;group&gt;</string>
		</dict>
		<key>4CB5F59E19F71255006F09EC</key>
		<dict>
			<key>fileRef</key>
			<string>4CB5F59D19F71255006F09EC</string>
			<key>isa</key>
			<string>PBXBuildFile</string>
		</dict>
		<key>4CB5F59F19F71BA8006F09EC</key>
		<dict>
			<key>fileEncoding</key>
			<string>4</string>
			<key>isa</key>
			<string>PBXFileReference</string>
			<key>lastKnownFileType</key>
			<string>sourcecode.swift</string>
			<key>path</key>
			<string>NewsDetailViewController.swift</string>
			<key>sourceTree</key>
			<string>&lt;group&gt;</string>
		</dict>
		<key>4CB5F5A019F71BA8006F09EC</key>
		<dict>
			<key>fileRef</key>
			<string>4CB5F59F19F71BA8006F09EC</string>
			<key>isa</key>
			<string>PBXBuildFile</string>
		</dict>
		<key>4CC9A3461A004B65006DE05C</key>
		<dict>
			<key>fileEncoding</key>
			<string>4</string>
			<key>isa</key>
			<string>PBXFileReference</string>
			<key>lastKnownFileType</key>
			<string>sourcecode.c.h</string>
			<key>path</key>
			<string>DIDatepicker.h</string>
			<key>sourceTree</key>
			<string>&lt;group&gt;</string>
		</dict>
		<key>4CC9A3471A004B65006DE05C</key>
		<dict>
			<key>fileEncoding</key>
			<string>4</string>
			<key>isa</key>
			<string>PBXFileReference</string>
			<key>lastKnownFileType</key>
			<string>sourcecode.c.objc</string>
			<key>path</key>
			<string>DIDatepicker.m</string>
			<key>sourceTree</key>
			<string>&lt;group&gt;</string>
		</dict>
		<key>4CC9A3481A004B65006DE05C</key>
		<dict>
			<key>fileEncoding</key>
			<string>4</string>
			<key>isa</key>
			<string>PBXFileReference</string>
			<key>lastKnownFileType</key>
			<string>sourcecode.c.h</string>
			<key>path</key>
			<string>DIDatepickerDateView.h</string>
			<key>sourceTree</key>
			<string>&lt;group&gt;</string>
		</dict>
		<key>4CC9A3491A004B65006DE05C</key>
		<dict>
			<key>fileEncoding</key>
			<string>4</string>
			<key>isa</key>
			<string>PBXFileReference</string>
			<key>lastKnownFileType</key>
			<string>sourcecode.c.objc</string>
			<key>path</key>
			<string>DIDatepickerDateView.m</string>
			<key>sourceTree</key>
			<string>&lt;group&gt;</string>
		</dict>
		<key>4CC9A34A1A004B65006DE05C</key>
		<dict>
			<key>fileRef</key>
			<string>4CC9A3471A004B65006DE05C</string>
			<key>isa</key>
			<string>PBXBuildFile</string>
		</dict>
		<key>4CC9A34B1A004B65006DE05C</key>
		<dict>
			<key>fileRef</key>
			<string>4CC9A3491A004B65006DE05C</string>
			<key>isa</key>
			<string>PBXBuildFile</string>
		</dict>
		<key>4CC9A34C1A004B91006DE05C</key>
		<dict>
			<key>fileEncoding</key>
			<string>4</string>
			<key>isa</key>
			<string>PBXFileReference</string>
			<key>lastKnownFileType</key>
			<string>sourcecode.swift</string>
			<key>path</key>
			<string>CalendarViewController.swift</string>
			<key>sourceTree</key>
			<string>&lt;group&gt;</string>
		</dict>
		<key>4CC9A34D1A004B91006DE05C</key>
		<dict>
			<key>fileRef</key>
			<string>4CC9A34C1A004B91006DE05C</string>
			<key>isa</key>
			<string>PBXBuildFile</string>
		</dict>
		<key>4adfd1eea019fc34679cefe8</key>
		<dict>
			<key>fileRef</key>
			<string>D43E0A8A1A0AB0CF00121C99</string>
			<key>isa</key>
			<string>PBXBuildFile</string>
		</dict>
		<key>4c0bab354035f0934deec5a2</key>
		<dict>
			<key>fileRef</key>
			<string>D45996391A0E509B002B1059</string>
			<key>isa</key>
			<string>PBXBuildFile</string>
		</dict>
		<key>5470c37cd3a040e71dcae36f</key>
		<dict>
			<key>fileRef</key>
			<string>4C9B834B19F6F63E00B68B88</string>
			<key>isa</key>
			<string>PBXBuildFile</string>
		</dict>
		<key>548c6a807af2bc08e224c75f</key>
		<dict>
			<key>buildActionMask</key>
			<string>2147483647</string>
			<key>files</key>
			<array>
				<string>6b3b0ffb3fe03cf61c776a50</string>
				<string>b79c879f7fe0528c7bb3d2b7</string>
				<string>d0e26a1992dff25bcb538016</string>
				<string>3ab5463877f2e6c44e7a8362</string>
				<string>d8ec26f300bfa30b6bbb0aaa</string>
				<string>7469c6c85d0ab94028b95409</string>
				<string>e2dccbc61dcaa8ea2070e13b</string>
				<string>7333d072aa9fcdbbca2bafd2</string>
				<string>22a79d9d701b778d515ae617</string>
				<string>db018f437a6f34a3b45a17b3</string>
				<string>2ee2e34a0578ace2d69754b7</string>
				<string>356acb18efcb780e2b7eeab9</string>
				<string>3d190ffe8efdc6600fc8ef4d</string>
				<string>31dd60261edede599bfb31f9</string>
				<string>ca9dfaa9874922ceb1a23339</string>
				<string>c37c1f7e6af851012d3c341b</string>
				<string>35fa1cea106b241fc92cfed1</string>
				<string>30659e024ec89ff1d513f457</string>
			</array>
			<key>isa</key>
			<string>PBXSourcesBuildPhase</string>
			<key>runOnlyForDeploymentPostprocessing</key>
			<string>0</string>
		</dict>
		<key>582c11b5e488b8576e473e24</key>
		<dict>
			<key>fileRef</key>
			<string>4C3F8F981A0A79550066F3F7</string>
			<key>isa</key>
			<string>PBXBuildFile</string>
		</dict>
		<key>6400e60a86d6c52f854f965e</key>
		<dict>
			<key>fileRef</key>
			<string>4C3D16311A076EE6001EBDA7</string>
			<key>isa</key>
			<string>PBXBuildFile</string>
		</dict>
		<key>65dfbc3a1737058d531049a3</key>
		<dict>
			<key>fileRef</key>
			<string>4C3F8F9E1A0A79970066F3F7</string>
			<key>isa</key>
			<string>PBXBuildFile</string>
		</dict>
		<key>6b3b0ffb3fe03cf61c776a50</key>
		<dict>
			<key>fileRef</key>
			<string>4CC9A34C1A004B91006DE05C</string>
			<key>isa</key>
			<string>PBXBuildFile</string>
		</dict>
		<key>7333d072aa9fcdbbca2bafd2</key>
		<dict>
			<key>fileRef</key>
			<string>4C9B832B19F6F5A800B68B88</string>
			<key>isa</key>
			<string>PBXBuildFile</string>
		</dict>
		<key>7469c6c85d0ab94028b95409</key>
		<dict>
			<key>fileRef</key>
			<string>4CC9A3491A004B65006DE05C</string>
			<key>isa</key>
			<string>PBXBuildFile</string>
		</dict>
		<key>74c229b73faa4581748c34ae</key>
		<dict>
			<key>fileRef</key>
			<string>4C9B834F19F6F67000B68B88</string>
			<key>isa</key>
			<string>PBXBuildFile</string>
		</dict>
		<key>7f186ac3bf56d1e642cc0944</key>
		<dict>
			<key>fileRef</key>
			<string>4C9B835819F6F67000B68B88</string>
			<key>isa</key>
			<string>PBXBuildFile</string>
		</dict>
		<key>818cacbff345628cddc4db0f</key>
		<dict>
			<key>fileRef</key>
			<string>4C9B835119F6F67000B68B88</string>
			<key>isa</key>
			<string>PBXBuildFile</string>
		</dict>
		<key>8a10e49d1322b444ef43d3a9</key>
		<dict>
			<key>fileRef</key>
			<string>4C52D1531A0AD92A0060E222</string>
			<key>isa</key>
			<string>PBXBuildFile</string>
		</dict>
		<key>8c1304f11b4aa3ffa50d1834</key>
		<dict>
			<key>fileRef</key>
			<string>D459964A1A121050002B1059</string>
			<key>isa</key>
			<string>PBXBuildFile</string>
		</dict>
		<key>9af303a3e7a688c48f03c1fe</key>
		<dict>
			<key>fileRef</key>
			<string>4C3F8F961A0A776C0066F3F7</string>
			<key>isa</key>
			<string>PBXBuildFile</string>
		</dict>
		<key>D422AFC51A1B9B6400A62C32</key>
		<dict>
			<key>isa</key>
			<string>PBXFileReference</string>
			<key>lastKnownFileType</key>
			<string>wrapper.framework</string>
			<key>path</key>
			<string>calabash.framework</string>
			<key>sourceTree</key>
			<string>&lt;group&gt;</string>
		</dict>
		<key>D422AFC61A1B9B6400A62C32</key>
		<dict>
			<key>fileRef</key>
			<string>D422AFC51A1B9B6400A62C32</string>
			<key>isa</key>
			<string>PBXBuildFile</string>
		</dict>
		<key>D422AFC71A1B9C3600A62C32</key>
		<dict>
			<key>children</key>
			<array>
				<string>b544a6d7874871c8461db369</string>
				<string>3ff3e3a8da3424443ee5b246</string>
			</array>
			<key>isa</key>
			<string>PBXGroup</string>
			<key>name</key>
			<string>Frameworks</string>
			<key>path</key>
			<string>wroclaw_2017</string>
			<key>sourceTree</key>
			<string>&lt;group&gt;</string>
		</dict>
		<key>D43E0A841A0A482700121C99</key>
		<dict>
			<key>isa</key>
			<string>PBXFileReference</string>
			<key>lastKnownFileType</key>
			<string>image.png</string>
			<key>path</key>
			<string>ic_action_forward.png</string>
			<key>sourceTree</key>
			<string>&lt;group&gt;</string>
		</dict>
		<key>D43E0A851A0A482700121C99</key>
		<dict>
			<key>fileRef</key>
			<string>D43E0A841A0A482700121C99</string>
			<key>isa</key>
			<string>PBXBuildFile</string>
		</dict>
		<key>D43E0A8A1A0AB0CF00121C99</key>
		<dict>
			<key>isa</key>
			<string>PBXFileReference</string>
			<key>lastKnownFileType</key>
			<string>image.jpeg</string>
			<key>path</key>
			<string>clock.jpg</string>
			<key>sourceTree</key>
			<string>&lt;group&gt;</string>
		</dict>
		<key>D43E0A8B1A0AB0CF00121C99</key>
		<dict>
			<key>fileRef</key>
			<string>D43E0A8A1A0AB0CF00121C99</string>
			<key>isa</key>
			<string>PBXBuildFile</string>
		</dict>
		<key>D43E0A8C1A0AB21F00121C99</key>
		<dict>
			<key>isa</key>
			<string>PBXFileReference</string>
			<key>lastKnownFileType</key>
			<string>image.jpeg</string>
			<key>path</key>
			<string>jujitsu2.jpg</string>
			<key>sourceTree</key>
			<string>&lt;group&gt;</string>
		</dict>
		<key>D43E0A8D1A0AB21F00121C99</key>
		<dict>
			<key>fileRef</key>
			<string>D43E0A8C1A0AB21F00121C99</string>
			<key>isa</key>
			<string>PBXBuildFile</string>
		</dict>
		<key>D43E0A8E1A0AB24500121C99</key>
		<dict>
			<key>isa</key>
			<string>PBXFileReference</string>
			<key>lastKnownFileType</key>
			<string>image.jpeg</string>
			<key>path</key>
			<string>power.jpg</string>
			<key>sourceTree</key>
			<string>&lt;group&gt;</string>
		</dict>
		<key>D43E0A8F1A0AB24500121C99</key>
		<dict>
			<key>fileRef</key>
			<string>D43E0A8E1A0AB24500121C99</string>
			<key>isa</key>
			<string>PBXBuildFile</string>
		</dict>
		<key>D43E0A901A0AB25D00121C99</key>
		<dict>
			<key>isa</key>
			<string>PBXFileReference</string>
			<key>lastKnownFileType</key>
			<string>image.jpeg</string>
			<key>path</key>
			<string>wroclaw2.jpg</string>
			<key>sourceTree</key>
			<string>&lt;group&gt;</string>
		</dict>
		<key>D43E0A911A0AB25D00121C99</key>
		<dict>
			<key>fileRef</key>
			<string>D43E0A901A0AB25D00121C99</string>
			<key>isa</key>
			<string>PBXBuildFile</string>
		</dict>
		<key>D43E0A921A0B66C200121C99</key>
		<dict>
			<key>isa</key>
			<string>PBXFileReference</string>
			<key>lastKnownFileType</key>
			<string>image.png</string>
			<key>path</key>
			<string>ic_action_location_found.png</string>
			<key>sourceTree</key>
			<string>&lt;group&gt;</string>
		</dict>
		<key>D43E0A931A0B66C200121C99</key>
		<dict>
			<key>fileRef</key>
			<string>D43E0A921A0B66C200121C99</string>
			<key>isa</key>
			<string>PBXBuildFile</string>
		</dict>
		<key>D45996391A0E509B002B1059</key>
		<dict>
			<key>isa</key>
			<string>PBXFileReference</string>
			<key>lastKnownFileType</key>
			<string>image.png</string>
			<key>path</key>
			<string>wushu.png</string>
			<key>sourceTree</key>
			<string>&lt;group&gt;</string>
		</dict>
		<key>D459963A1A0E509B002B1059</key>
		<dict>
			<key>fileRef</key>
			<string>D45996391A0E509B002B1059</string>
			<key>isa</key>
			<string>PBXBuildFile</string>
		</dict>
		<key>D459963D1A10F4CA002B1059</key>
		<dict>
			<key>isa</key>
			<string>PBXFileReference</string>
			<key>lastKnownFileType</key>
			<string>image.jpeg</string>
			<key>path</key>
			<string>orbita.jpg</string>
			<key>sourceTree</key>
			<string>&lt;group&gt;</string>
		</dict>
		<key>D459963E1A10F4CA002B1059</key>
		<dict>
			<key>isa</key>
			<string>PBXFileReference</string>
			<key>lastKnownFileType</key>
			<string>image.jpeg</string>
			<key>path</key>
			<string>stadionolimpijski.jpg</string>
			<key>sourceTree</key>
			<string>&lt;group&gt;</string>
		</dict>
		<key>D459963F1A10F4CA002B1059</key>
		<dict>
			<key>fileRef</key>
			<string>D459963D1A10F4CA002B1059</string>
			<key>isa</key>
			<string>PBXBuildFile</string>
		</dict>
		<key>D45996401A10F4CA002B1059</key>
		<dict>
			<key>fileRef</key>
			<string>D459963E1A10F4CA002B1059</string>
			<key>isa</key>
			<string>PBXBuildFile</string>
		</dict>
		<key>D45996411A11046C002B1059</key>
		<dict>
			<key>isa</key>
			<string>PBXFileReference</string>
			<key>lastKnownFileType</key>
			<string>image.jpeg</string>
			<key>path</key>
			<string>lotnisko.jpg</string>
			<key>sourceTree</key>
			<string>&lt;group&gt;</string>
		</dict>
		<key>D45996421A11046C002B1059</key>
		<dict>
			<key>fileRef</key>
			<string>D45996411A11046C002B1059</string>
			<key>isa</key>
			<string>PBXBuildFile</string>
		</dict>
		<key>D45996431A110A28002B1059</key>
		<dict>
			<key>isa</key>
			<string>PBXFileReference</string>
			<key>lastKnownFileType</key>
			<string>image.jpeg</string>
			<key>path</key>
			<string>wakepark_blur.jpg</string>
			<key>sourceTree</key>
			<string>&lt;group&gt;</string>
		</dict>
		<key>D45996441A110A28002B1059</key>
		<dict>
			<key>fileRef</key>
			<string>D45996431A110A28002B1059</string>
			<key>isa</key>
			<string>PBXBuildFile</string>
		</dict>
		<key>D45996451A120372002B1059</key>
		<dict>
			<key>fileEncoding</key>
			<string>4</string>
			<key>isa</key>
			<string>PBXFileReference</string>
			<key>lastKnownFileType</key>
			<string>sourcecode.swift</string>
			<key>path</key>
			<string>DisciplineViewController.swift</string>
			<key>sourceTree</key>
			<string>&lt;group&gt;</string>
		</dict>
		<key>D45996461A120372002B1059</key>
		<dict>
			<key>fileRef</key>
			<string>D45996451A120372002B1059</string>
			<key>isa</key>
			<string>PBXBuildFile</string>
		</dict>
		<key>D45996471A121050002B1059</key>
		<dict>
			<key>isa</key>
			<string>PBXFileReference</string>
			<key>lastKnownFileType</key>
			<string>image.png</string>
			<key>path</key>
			<string>aikido.png</string>
			<key>sourceTree</key>
			<string>&lt;group&gt;</string>
		</dict>
		<key>D45996481A121050002B1059</key>
		<dict>
			<key>isa</key>
			<string>PBXFileReference</string>
			<key>lastKnownFileType</key>
			<string>image.png</string>
			<key>path</key>
			<string>air-sports.png</string>
			<key>sourceTree</key>
			<string>&lt;group&gt;</string>
		</dict>
		<key>D45996491A121050002B1059</key>
		<dict>
			<key>isa</key>
			<string>PBXFileReference</string>
			<key>lastKnownFileType</key>
			<string>image.png</string>
			<key>path</key>
			<string>archery.png</string>
			<key>sourceTree</key>
			<string>&lt;group&gt;</string>
		</dict>
		<key>D459964A1A121050002B1059</key>
		<dict>
			<key>isa</key>
			<string>PBXFileReference</string>
			<key>lastKnownFileType</key>
			<string>image.png</string>
			<key>path</key>
			<string>beach-handball.png</string>
			<key>sourceTree</key>
			<string>&lt;group&gt;</string>
		</dict>
		<key>D459964B1A121050002B1059</key>
		<dict>
			<key>isa</key>
			<string>PBXFileReference</string>
			<key>lastKnownFileType</key>
			<string>image.png</string>
			<key>path</key>
			<string>billiard-sports.png</string>
			<key>sourceTree</key>
			<string>&lt;group&gt;</string>
		</dict>
		<key>D459964C1A121050002B1059</key>
		<dict>
			<key>isa</key>
			<string>PBXFileReference</string>
			<key>lastKnownFileType</key>
			<string>image.png</string>
			<key>path</key>
			<string>bodybuilding.png</string>
			<key>sourceTree</key>
			<string>&lt;group&gt;</string>
		</dict>
		<key>D459964D1A121050002B1059</key>
		<dict>
			<key>fileRef</key>
			<string>D45996471A121050002B1059</string>
			<key>isa</key>
			<string>PBXBuildFile</string>
		</dict>
		<key>D459964E1A121050002B1059</key>
		<dict>
			<key>fileRef</key>
			<string>D45996481A121050002B1059</string>
			<key>isa</key>
			<string>PBXBuildFile</string>
		</dict>
		<key>D459964F1A121050002B1059</key>
		<dict>
			<key>fileRef</key>
			<string>D45996491A121050002B1059</string>
			<key>isa</key>
			<string>PBXBuildFile</string>
		</dict>
		<key>D45996501A121050002B1059</key>
		<dict>
			<key>fileRef</key>
			<string>D459964A1A121050002B1059</string>
			<key>isa</key>
			<string>PBXBuildFile</string>
		</dict>
		<key>D45996511A121050002B1059</key>
		<dict>
			<key>fileRef</key>
			<string>D459964B1A121050002B1059</string>
			<key>isa</key>
			<string>PBXBuildFile</string>
		</dict>
		<key>D45996521A121050002B1059</key>
		<dict>
			<key>fileRef</key>
			<string>D459964C1A121050002B1059</string>
			<key>isa</key>
			<string>PBXBuildFile</string>
		</dict>
		<key>D45996531A1229D9002B1059</key>
		<dict>
			<key>fileEncoding</key>
			<string>4</string>
			<key>isa</key>
			<string>PBXFileReference</string>
			<key>lastKnownFileType</key>
			<string>sourcecode.swift</string>
			<key>path</key>
			<string>DisciplineDetailViewController.swift</string>
			<key>sourceTree</key>
			<string>&lt;group&gt;</string>
		</dict>
		<key>D45996541A1229D9002B1059</key>
		<dict>
			<key>fileRef</key>
			<string>D45996531A1229D9002B1059</string>
			<key>isa</key>
			<string>PBXBuildFile</string>
		</dict>
		<key>D45996551A13993D002B1059</key>
		<dict>
			<key>fileEncoding</key>
			<string>4</string>
			<key>isa</key>
			<string>PBXFileReference</string>
			<key>lastKnownFileType</key>
			<string>sourcecode.swift</string>
			<key>path</key>
			<string>json.swift</string>
			<key>sourceTree</key>
			<string>&lt;group&gt;</string>
		</dict>
		<key>D45996561A13993D002B1059</key>
		<dict>
			<key>fileRef</key>
			<string>D45996551A13993D002B1059</string>
			<key>isa</key>
			<string>PBXBuildFile</string>
		</dict>
		<key>a0e16ab5565f14fc20e0be2f</key>
		<dict>
			<key>fileRef</key>
			<string>b544a6d7874871c8461db369</string>
			<key>isa</key>
			<string>PBXBuildFile</string>
		</dict>
		<key>a9641a47337b046c206d5b7f</key>
		<dict>
			<key>fileRef</key>
			<string>D459963E1A10F4CA002B1059</string>
			<key>isa</key>
			<string>PBXBuildFile</string>
		</dict>
		<key>aa49b90bf8a1c07adf223311</key>
		<dict>
			<key>fileRef</key>
			<string>D45996491A121050002B1059</string>
			<key>isa</key>
			<string>PBXBuildFile</string>
		</dict>
		<key>aac9828d47bc474e5aa101b4</key>
		<dict>
			<key>fileRef</key>
			<string>4C9B835719F6F67000B68B88</string>
			<key>isa</key>
			<string>PBXBuildFile</string>
		</dict>
		<key>b1d5dd5fd33613e4bed8859e</key>
		<dict>
			<key>fileRef</key>
			<string>4C0E6ED31A0922C9006A22D7</string>
			<key>isa</key>
			<string>PBXBuildFile</string>
		</dict>
		<key>b544a6d7874871c8461db369</key>
		<dict>
			<key>fileEncoding</key>
			<string>4</string>
			<key>isa</key>
			<string>PBXFileReference</string>
			<key>lastKnownFileType</key>
			<string>wrapper.framework</string>
			<key>name</key>
			<string>CFNetwork.framework</string>
			<key>path</key>
			<string>System/Library/Frameworks/CFNetwork.framework</string>
			<key>sourceTree</key>
			<string>SDKROOT</string>
		</dict>
		<key>b5a190106f86604b04578d90</key>
		<dict>
			<key>fileRef</key>
			<string>4C9B835019F6F67000B68B88</string>
			<key>isa</key>
			<string>PBXBuildFile</string>
		</dict>
		<key>b79c879f7fe0528c7bb3d2b7</key>
		<dict>
			<key>fileRef</key>
			<string>4C3D162F1A076C85001EBDA7</string>
			<key>isa</key>
			<string>PBXBuildFile</string>
		</dict>
		<key>b9119294493608d9621f8bf8</key>
		<dict>
			<key>buildConfigurations</key>
			<array>
				<string>1b6f9f7777ae101ae68f9652</string>
				<string>e2be801ace642470561dab9f</string>
			</array>
			<key>defaultConfigurationIsVisible</key>
			<string>0</string>
			<key>defaultConfigurationName</key>
			<string>Release</string>
			<key>isa</key>
			<string>XCConfigurationList</string>
		</dict>
		<key>c37c1f7e6af851012d3c341b</key>
		<dict>
			<key>fileRef</key>
			<string>D45996531A1229D9002B1059</string>
			<key>isa</key>
			<string>PBXBuildFile</string>
		</dict>
		<key>c7c43ab8c7ca542a56e43142</key>
		<dict>
			<key>fileRef</key>
			<string>D45996471A121050002B1059</string>
			<key>isa</key>
			<string>PBXBuildFile</string>
		</dict>
		<key>c83a3f7545cc3a7d95fb9b1a</key>
		<dict>
			<key>fileRef</key>
			<string>D43E0A8E1A0AB24500121C99</string>
			<key>isa</key>
			<string>PBXBuildFile</string>
		</dict>
		<key>ca9dfaa9874922ceb1a23339</key>
		<dict>
			<key>fileRef</key>
			<string>4CB5F59D19F71255006F09EC</string>
			<key>isa</key>
			<string>PBXBuildFile</string>
		</dict>
		<key>cbe25312495377ffeb216b64</key>
		<dict>
			<key>fileRef</key>
			<string>4C9B835319F6F67000B68B88</string>
			<key>isa</key>
			<string>PBXBuildFile</string>
		</dict>
		<key>d0e26a1992dff25bcb538016</key>
		<dict>
			<key>fileRef</key>
			<string>4CB5F59F19F71BA8006F09EC</string>
			<key>isa</key>
			<string>PBXBuildFile</string>
		</dict>
		<key>d31ddfe507ecac50ff42e122</key>
		<dict>
			<key>fileRef</key>
			<string>D43E0A841A0A482700121C99</string>
			<key>isa</key>
			<string>PBXBuildFile</string>
		</dict>
		<key>d338488aaacee1970ff3750a</key>
		<dict>
			<key>fileRef</key>
			<string>D459963D1A10F4CA002B1059</string>
			<key>isa</key>
			<string>PBXBuildFile</string>
		</dict>
		<key>d8ec26f300bfa30b6bbb0aaa</key>
		<dict>
			<key>fileRef</key>
			<string>4CC9A3471A004B65006DE05C</string>
			<key>isa</key>
			<string>PBXBuildFile</string>
		</dict>
		<key>db018f437a6f34a3b45a17b3</key>
		<dict>
			<key>fileRef</key>
			<string>4C4B9E031A09FFF000F60266</string>
			<key>isa</key>
			<string>PBXBuildFile</string>
		</dict>
		<key>e2be801ace642470561dab9f</key>
		<dict>
			<key>buildSettings</key>
			<dict>
				<key>ALWAYS_SEARCH_USER_PATHS</key>
				<string>NO</string>
				<key>ASSETCATALOG_COMPILER_APPICON_NAME</key>
				<string>AppIcon</string>
				<key>CLANG_ENABLE_MODULES</key>
				<string>YES</string>
				<key>FRAMEWORK_SEARCH_PATHS</key>
				<array>
					<string>$(inherited)</string>
					<string>$(PROJECT_DIR)</string>
					<string>"$(SRCROOT)"</string>
				</array>
				<key>INFOPLIST_FILE</key>
				<string>wroclaw_2017/Info.plist</string>
				<key>LD_RUNPATH_SEARCH_PATHS</key>
				<string>$(inherited) @executable_path/Frameworks</string>
				<key>LIBRARY_SEARCH_PATHS</key>
				<array>
					<string>$(inherited)</string>
					<string>$(PROJECT_DIR)</string>
				</array>
				<key>OTHER_LDFLAGS</key>
				<array>
					<string>$(inherited)</string>
					<string>-force_load</string>
					<string>"$(SRCROOT)/calabash.framework/calabash"</string>
					<string>-lstdc++</string>
				</array>
				<key>PRODUCT_NAME</key>
				<string>$(TARGET_NAME)</string>
				<key>SWIFT_OBJC_BRIDGING_HEADER</key>
				<string>wroclaw_2017/wroclaw_2017-Bridging-Header.h</string>
			</dict>
			<key>isa</key>
			<string>XCBuildConfiguration</string>
			<key>name</key>
			<string>Release</string>
		</dict>
		<key>e2dccbc61dcaa8ea2070e13b</key>
		<dict>
			<key>fileRef</key>
			<string>4C9B832D19F6F5A800B68B88</string>
			<key>isa</key>
			<string>PBXBuildFile</string>
		</dict>
		<key>e90d843df9b8d32e65ec9e90</key>
		<dict>
			<key>fileRef</key>
			<string>D45996411A11046C002B1059</string>
			<key>isa</key>
			<string>PBXBuildFile</string>
		</dict>
		<key>f0b2889577dda477ad10d9c2</key>
		<dict>
			<key>fileRef</key>
			<string>D43E0A8C1A0AB21F00121C99</string>
			<key>isa</key>
			<string>PBXBuildFile</string>
		</dict>
		<key>f2d0a52f69c25033772143da</key>
		<dict>
			<key>fileRef</key>
			<string>D459964B1A121050002B1059</string>
			<key>isa</key>
			<string>PBXBuildFile</string>
		</dict>
		<key>f537ae231527c67250f14a2e</key>
		<dict>
			<key>explicitFileType</key>
			<string>wrapper.application</string>
			<key>includeInIndex</key>
			<string>0</string>
			<key>isa</key>
			<string>PBXFileReference</string>
			<key>path</key>
			<string>wroclaw_2017-cal.app</string>
			<key>sourceTree</key>
			<string>BUILT_PRODUCTS_DIR</string>
		</dict>
		<key>fd6f0e0d6ba4b4b8e0898d1f</key>
		<dict>
			<key>fileRef</key>
			<string>D45996481A121050002B1059</string>
			<key>isa</key>
			<string>PBXBuildFile</string>
		</dict>
		<key>ff1e5ee9c7147c811fc7fec7</key>
		<dict>
			<key>buildActionMask</key>
			<string>2147483647</string>
			<key>files</key>
			<array>
				<string>16abec9b6132becdf9cfeea2</string>
				<string>8a10e49d1322b444ef43d3a9</string>
				<string>6400e60a86d6c52f854f965e</string>
				<string>a0e16ab5565f14fc20e0be2f</string>
				<string>3a3105a46ff90169da39a01b</string>
			</array>
			<key>isa</key>
			<string>PBXFrameworksBuildPhase</string>
			<key>runOnlyForDeploymentPostprocessing</key>
			<string>0</string>
		</dict>
	</dict>
	<key>rootObject</key>
	<string>4C9B831E19F6F5A800B68B88</string>
</dict>
</plist>
